<?xml version="1.0" encoding="utf-8"?>
<Project ToolsVersion="17.0" xmlns="http://schemas.microsoft.com/developer/msbuild/2003">
  <ItemGroup>
    <CustomBuild Include="C:\Users\Admin\source\repos\!OpenCode\Apotheosis\WebKit\Source\JavaScriptCore\Scripts\UpdateContents.py" />
    <CustomBuild Include="C:\Users\Admin\source\repos\!OpenCode\Apotheosis\WebKit\Source\JavaScriptCore\Scripts\cssmin.py" />
    <CustomBuild Include="C:\Users\Admin\source\repos\!OpenCode\Apotheosis\WebKit\Source\JavaScriptCore\Scripts\generate-combined-inspector-json.py" />
    <CustomBuild Include="C:\Users\Admin\source\repos\!OpenCode\Apotheosis\WebKit\Source\JavaScriptCore\Scripts\inline-and-minify-stylesheets-and-scripts.py" />
    <CustomBuild Include="C:\Users\Admin\source\repos\!OpenCode\Apotheosis\WebKit\Source\JavaScriptCore\Scripts\jsmin.py" />
    <CustomBuild Include="C:\Users\Admin\source\repos\!OpenCode\Apotheosis\WebKit\Source\JavaScriptCore\Scripts\make-js-file-arrays.py" />
    <CustomBuild Include="C:\Users\Admin\source\repos\!OpenCode\Apotheosis\WebKit\Source\JavaScriptCore\Scripts\xxd.pl" />
    <CustomBuild Include="C:\Users\Admin\source\repos\!OpenCode\Apotheosis\build-x64-gpu\CMakeFiles\d81eab6feb6208a9809e18fd988342b2\JavaScriptCoreSharedScripts.rule">
      <Filter>CMake Rules</Filter>
    </CustomBuild>
    <CustomBuild Include="C:\Users\Admin\source\repos\!OpenCode\Apotheosis\WebKit\Source\JavaScriptCore\CMakeLists.txt" />
  </ItemGroup>
  <ItemGroup>
    <None Include="C:\Users\Admin\source\repos\!OpenCode\Apotheosis\build-x64-gpu\Source\JavaScriptCore\CMakeFiles\JavaScriptCoreSharedScripts" />
  </ItemGroup>
  <ItemGroup>
    <Filter Include="CMake Rules">
      <UniqueIdentifier>{2661AD7A-8425-36E0-9A39-9B7D055CBE23}</UniqueIdentifier>
    </Filter>
  </ItemGroup>
</Project>
