<?xml version="1.0" encoding="utf-8"?>
<Project ToolsVersion="17.0" xmlns="http://schemas.microsoft.com/developer/msbuild/2003">
  <ItemGroup>
    <ClCompile Include="C:\Users\Admin\source\repos\!OpenCode\Apotheosis\WebKit\Source\WebCore\PAL\pal\FileSizeFormatter.cpp">
      <Filter>Source Files</Filter>
    </ClCompile>
    <ClCompile Include="C:\Users\Admin\source\repos\!OpenCode\Apotheosis\WebKit\Source\WebCore\PAL\pal\Logging.cpp">
      <Filter>Source Files</Filter>
    </ClCompile>
    <ClCompile Include="C:\Users\Admin\source\repos\!OpenCode\Apotheosis\WebKit\Source\WebCore\PAL\pal\PALTZoneImpls.cpp">
      <Filter>Source Files</Filter>
    </ClCompile>
    <ClCompile Include="C:\Users\Admin\source\repos\!OpenCode\Apotheosis\WebKit\Source\WebCore\PAL\pal\SessionID.cpp">
      <Filter>Source Files</Filter>
    </ClCompile>
    <ClCompile Include="C:\Users\Admin\source\repos\!OpenCode\Apotheosis\WebKit\Source\WebCore\PAL\pal\ThreadGlobalData.cpp">
      <Filter>Source Files</Filter>
    </ClCompile>
    <ClCompile Include="C:\Users\Admin\source\repos\!OpenCode\Apotheosis\WebKit\Source\WebCore\PAL\pal\system\SleepDisabler.cpp">
      <Filter>Source Files</Filter>
    </ClCompile>
    <ClCompile Include="C:\Users\Admin\source\repos\!OpenCode\Apotheosis\WebKit\Source\WebCore\PAL\pal\system\SystemSleepListener.cpp">
      <Filter>Source Files</Filter>
    </ClCompile>
    <ClCompile Include="C:\Users\Admin\source\repos\!OpenCode\Apotheosis\WebKit\Source\WebCore\PAL\pal\text\EncodingTables.cpp">
      <Filter>Source Files</Filter>
    </ClCompile>
    <ClCompile Include="C:\Users\Admin\source\repos\!OpenCode\Apotheosis\WebKit\Source\WebCore\PAL\pal\text\TextCodec.cpp">
      <Filter>Source Files</Filter>
    </ClCompile>
    <ClCompile Include="C:\Users\Admin\source\repos\!OpenCode\Apotheosis\WebKit\Source\WebCore\PAL\pal\text\TextCodecCJK.cpp">
      <Filter>Source Files</Filter>
    </ClCompile>
    <ClCompile Include="C:\Users\Admin\source\repos\!OpenCode\Apotheosis\WebKit\Source\WebCore\PAL\pal\text\TextCodecICU.cpp">
      <Filter>Source Files</Filter>
    </ClCompile>
    <ClCompile Include="C:\Users\Admin\source\repos\!OpenCode\Apotheosis\WebKit\Source\WebCore\PAL\pal\text\TextCodecLatin1.cpp">
      <Filter>Source Files</Filter>
    </ClCompile>
    <ClCompile Include="C:\Users\Admin\source\repos\!OpenCode\Apotheosis\WebKit\Source\WebCore\PAL\pal\text\TextCodecReplacement.cpp">
      <Filter>Source Files</Filter>
    </ClCompile>
    <ClCompile Include="C:\Users\Admin\source\repos\!OpenCode\Apotheosis\WebKit\Source\WebCore\PAL\pal\text\TextCodecSingleByte.cpp">
      <Filter>Source Files</Filter>
    </ClCompile>
    <ClCompile Include="C:\Users\Admin\source\repos\!OpenCode\Apotheosis\WebKit\Source\WebCore\PAL\pal\text\TextCodecUTF16.cpp">
      <Filter>Source Files</Filter>
    </ClCompile>
    <ClCompile Include="C:\Users\Admin\source\repos\!OpenCode\Apotheosis\WebKit\Source\WebCore\PAL\pal\text\TextCodecUTF8.cpp">
      <Filter>Source Files</Filter>
    </ClCompile>
    <ClCompile Include="C:\Users\Admin\source\repos\!OpenCode\Apotheosis\WebKit\Source\WebCore\PAL\pal\text\TextCodecUserDefined.cpp">
      <Filter>Source Files</Filter>
    </ClCompile>
    <ClCompile Include="C:\Users\Admin\source\repos\!OpenCode\Apotheosis\WebKit\Source\WebCore\PAL\pal\text\TextEncoding.cpp">
      <Filter>Source Files</Filter>
    </ClCompile>
    <ClCompile Include="C:\Users\Admin\source\repos\!OpenCode\Apotheosis\WebKit\Source\WebCore\PAL\pal\text\TextEncodingDetectorICU.cpp">
      <Filter>Source Files</Filter>
    </ClCompile>
    <ClCompile Include="C:\Users\Admin\source\repos\!OpenCode\Apotheosis\WebKit\Source\WebCore\PAL\pal\text\TextEncodingRegistry.cpp">
      <Filter>Source Files</Filter>
    </ClCompile>
  </ItemGroup>
  <ItemGroup>
    <ClInclude Include="C:\Users\Admin\source\repos\!OpenCode\Apotheosis\build-x64-gpu\cmakeconfig.h">
      <Filter>Header Files</Filter>
    </ClInclude>
  </ItemGroup>
  <ItemGroup>
    <CustomBuild Include="C:\Users\Admin\source\repos\!OpenCode\Apotheosis\WebKit\Source\WebCore\PAL\pal\CMakeLists.txt" />
  </ItemGroup>
  <ItemGroup>
    <Filter Include="Header Files">
      <UniqueIdentifier>{BF66F9E0-6FF8-3040-8768-4A92287CF160}</UniqueIdentifier>
    </Filter>
    <Filter Include="Source Files">
      <UniqueIdentifier>{98865446-B9C7-371B-AEAA-AFE46AD8BC02}</UniqueIdentifier>
    </Filter>
  </ItemGroup>
</Project>
