<?xml version="1.0" encoding="utf-8"?>
<Project ToolsVersion="17.0" xmlns="http://schemas.microsoft.com/developer/msbuild/2003">
  <ItemGroup>
    <ClCompile Include="C:\Users\Admin\source\repos\!OpenCode\Apotheosis\WebKit\Source\WTF\wtf\ASCIICType.cpp">
      <Filter>Source Files</Filter>
    </ClCompile>
    <ClCompile Include="C:\Users\Admin\source\repos\!OpenCode\Apotheosis\WebKit\Source\WTF\wtf\ApproximateTime.cpp">
      <Filter>Source Files</Filter>
    </ClCompile>
    <ClCompile Include="C:\Users\Admin\source\repos\!OpenCode\Apotheosis\WebKit\Source\WTF\wtf\Assertions.cpp">
      <Filter>Source Files</Filter>
    </ClCompile>
    <ClCompile Include="C:\Users\Admin\source\repos\!OpenCode\Apotheosis\WebKit\Source\WTF\wtf\AutomaticThread.cpp">
      <Filter>Source Files</Filter>
    </ClCompile>
    <ClCompile Include="C:\Users\Admin\source\repos\!OpenCode\Apotheosis\WebKit\Source\WTF\wtf\BitVector.cpp">
      <Filter>Source Files</Filter>
    </ClCompile>
    <ClCompile Include="C:\Users\Admin\source\repos\!OpenCode\Apotheosis\WebKit\Source\WTF\wtf\BloomFilter.cpp">
      <Filter>Source Files</Filter>
    </ClCompile>
    <ClCompile Include="C:\Users\Admin\source\repos\!OpenCode\Apotheosis\WebKit\Source\WTF\wtf\CPUTime.cpp">
      <Filter>Source Files</Filter>
    </ClCompile>
    <ClCompile Include="C:\Users\Admin\source\repos\!OpenCode\Apotheosis\WebKit\Source\WTF\wtf\ClockType.cpp">
      <Filter>Source Files</Filter>
    </ClCompile>
    <ClCompile Include="C:\Users\Admin\source\repos\!OpenCode\Apotheosis\WebKit\Source\WTF\wtf\CodePtr.cpp">
      <Filter>Source Files</Filter>
    </ClCompile>
    <ClCompile Include="C:\Users\Admin\source\repos\!OpenCode\Apotheosis\WebKit\Source\WTF\wtf\CompactPtr.cpp">
      <Filter>Source Files</Filter>
    </ClCompile>
    <ClCompile Include="C:\Users\Admin\source\repos\!OpenCode\Apotheosis\WebKit\Source\WTF\wtf\CompilationThread.cpp">
      <Filter>Source Files</Filter>
    </ClCompile>
    <ClCompile Include="C:\Users\Admin\source\repos\!OpenCode\Apotheosis\WebKit\Source\WTF\wtf\ConcurrentBuffer.cpp">
      <Filter>Source Files</Filter>
    </ClCompile>
    <ClCompile Include="C:\Users\Admin\source\repos\!OpenCode\Apotheosis\WebKit\Source\WTF\wtf\ConcurrentPtrHashSet.cpp">
      <Filter>Source Files</Filter>
    </ClCompile>
    <ClCompile Include="C:\Users\Admin\source\repos\!OpenCode\Apotheosis\WebKit\Source\WTF\wtf\ContinuousApproximateTime.cpp">
      <Filter>Source Files</Filter>
    </ClCompile>
    <ClCompile Include="C:\Users\Admin\source\repos\!OpenCode\Apotheosis\WebKit\Source\WTF\wtf\ContinuousTime.cpp">
      <Filter>Source Files</Filter>
    </ClCompile>
    <ClCompile Include="C:\Users\Admin\source\repos\!OpenCode\Apotheosis\WebKit\Source\WTF\wtf\CountingLock.cpp">
      <Filter>Source Files</Filter>
    </ClCompile>
    <ClCompile Include="C:\Users\Admin\source\repos\!OpenCode\Apotheosis\WebKit\Source\WTF\wtf\CrossThreadCopier.cpp">
      <Filter>Source Files</Filter>
    </ClCompile>
    <ClCompile Include="C:\Users\Admin\source\repos\!OpenCode\Apotheosis\WebKit\Source\WTF\wtf\CrossThreadTaskHandler.cpp">
      <Filter>Source Files</Filter>
    </ClCompile>
    <ClCompile Include="C:\Users\Admin\source\repos\!OpenCode\Apotheosis\WebKit\Source\WTF\wtf\CryptographicUtilities.cpp">
      <Filter>Source Files</Filter>
    </ClCompile>
    <ClCompile Include="C:\Users\Admin\source\repos\!OpenCode\Apotheosis\WebKit\Source\WTF\wtf\CryptographicallyRandomNumber.cpp">
      <Filter>Source Files</Filter>
    </ClCompile>
    <ClCompile Include="C:\Users\Admin\source\repos\!OpenCode\Apotheosis\WebKit\Source\WTF\wtf\CurrentTime.cpp">
      <Filter>Source Files</Filter>
    </ClCompile>
    <ClCompile Include="C:\Users\Admin\source\repos\!OpenCode\Apotheosis\WebKit\Source\WTF\wtf\DataLog.cpp">
      <Filter>Source Files</Filter>
    </ClCompile>
    <ClCompile Include="C:\Users\Admin\source\repos\!OpenCode\Apotheosis\WebKit\Source\WTF\wtf\DateMath.cpp">
      <Filter>Source Files</Filter>
    </ClCompile>
    <ClCompile Include="C:\Users\Admin\source\repos\!OpenCode\Apotheosis\WebKit\Source\WTF\wtf\DebugHeap.cpp">
      <Filter>Source Files</Filter>
    </ClCompile>
    <ClCompile Include="C:\Users\Admin\source\repos\!OpenCode\Apotheosis\WebKit\Source\WTF\wtf\EmbeddedFixedVector.cpp">
      <Filter>Source Files</Filter>
    </ClCompile>
    <ClCompile Include="C:\Users\Admin\source\repos\!OpenCode\Apotheosis\WebKit\Source\WTF\wtf\FastBitVector.cpp">
      <Filter>Source Files</Filter>
    </ClCompile>
    <ClCompile Include="C:\Users\Admin\source\repos\!OpenCode\Apotheosis\WebKit\Source\WTF\wtf\FastFloat.cpp">
      <Filter>Source Files</Filter>
    </ClCompile>
    <ClCompile Include="C:\Users\Admin\source\repos\!OpenCode\Apotheosis\WebKit\Source\WTF\wtf\FastMalloc.cpp">
      <Filter>Source Files</Filter>
    </ClCompile>
    <ClCompile Include="C:\Users\Admin\source\repos\!OpenCode\Apotheosis\WebKit\Source\WTF\wtf\FileHandle.cpp">
      <Filter>Source Files</Filter>
    </ClCompile>
    <ClCompile Include="C:\Users\Admin\source\repos\!OpenCode\Apotheosis\WebKit\Source\WTF\wtf\FilePrintStream.cpp">
      <Filter>Source Files</Filter>
    </ClCompile>
    <ClCompile Include="C:\Users\Admin\source\repos\!OpenCode\Apotheosis\WebKit\Source\WTF\wtf\FileSystem.cpp">
      <Filter>Source Files</Filter>
    </ClCompile>
    <ClCompile Include="C:\Users\Admin\source\repos\!OpenCode\Apotheosis\WebKit\Source\WTF\wtf\FunctionDispatcher.cpp">
      <Filter>Source Files</Filter>
    </ClCompile>
    <ClCompile Include="C:\Users\Admin\source\repos\!OpenCode\Apotheosis\WebKit\Source\WTF\wtf\Gigacage.cpp">
      <Filter>Source Files</Filter>
    </ClCompile>
    <ClCompile Include="C:\Users\Admin\source\repos\!OpenCode\Apotheosis\WebKit\Source\WTF\wtf\GlobalVersion.cpp">
      <Filter>Source Files</Filter>
    </ClCompile>
    <ClCompile Include="C:\Users\Admin\source\repos\!OpenCode\Apotheosis\WebKit\Source\WTF\wtf\GregorianDateTime.cpp">
      <Filter>Source Files</Filter>
    </ClCompile>
    <ClCompile Include="C:\Users\Admin\source\repos\!OpenCode\Apotheosis\WebKit\Source\WTF\wtf\HashTable.cpp">
      <Filter>Source Files</Filter>
    </ClCompile>
    <ClCompile Include="C:\Users\Admin\source\repos\!OpenCode\Apotheosis\WebKit\Source\WTF\wtf\HexNumber.cpp">
      <Filter>Source Files</Filter>
    </ClCompile>
    <ClCompile Include="C:\Users\Admin\source\repos\!OpenCode\Apotheosis\WebKit\Source\WTF\wtf\Int128.cpp">
      <Filter>Source Files</Filter>
    </ClCompile>
    <ClCompile Include="C:\Users\Admin\source\repos\!OpenCode\Apotheosis\WebKit\Source\WTF\wtf\JSONValues.cpp">
      <Filter>Source Files</Filter>
    </ClCompile>
    <ClCompile Include="C:\Users\Admin\source\repos\!OpenCode\Apotheosis\WebKit\Source\WTF\wtf\Language.cpp">
      <Filter>Source Files</Filter>
    </ClCompile>
    <ClCompile Include="C:\Users\Admin\source\repos\!OpenCode\Apotheosis\WebKit\Source\WTF\wtf\LikelyDenseUnsignedIntegerSet.cpp">
      <Filter>Source Files</Filter>
    </ClCompile>
    <ClCompile Include="C:\Users\Admin\source\repos\!OpenCode\Apotheosis\WebKit\Source\WTF\wtf\Lock.cpp">
      <Filter>Source Files</Filter>
    </ClCompile>
    <ClCompile Include="C:\Users\Admin\source\repos\!OpenCode\Apotheosis\WebKit\Source\WTF\wtf\LockedPrintStream.cpp">
      <Filter>Source Files</Filter>
    </ClCompile>
    <ClCompile Include="C:\Users\Admin\source\repos\!OpenCode\Apotheosis\WebKit\Source\WTF\wtf\LogChannels.cpp">
      <Filter>Source Files</Filter>
    </ClCompile>
    <ClCompile Include="C:\Users\Admin\source\repos\!OpenCode\Apotheosis\WebKit\Source\WTF\wtf\LogInitialization.cpp">
      <Filter>Source Files</Filter>
    </ClCompile>
    <ClCompile Include="C:\Users\Admin\source\repos\!OpenCode\Apotheosis\WebKit\Source\WTF\wtf\Logger.cpp">
      <Filter>Source Files</Filter>
    </ClCompile>
    <ClCompile Include="C:\Users\Admin\source\repos\!OpenCode\Apotheosis\WebKit\Source\WTF\wtf\Logging.cpp">
      <Filter>Source Files</Filter>
    </ClCompile>
    <ClCompile Include="C:\Users\Admin\source\repos\!OpenCode\Apotheosis\WebKit\Source\WTF\wtf\MainThread.cpp">
      <Filter>Source Files</Filter>
    </ClCompile>
    <ClCompile Include="C:\Users\Admin\source\repos\!OpenCode\Apotheosis\WebKit\Source\WTF\wtf\MainThreadDispatcher.cpp">
      <Filter>Source Files</Filter>
    </ClCompile>
    <ClCompile Include="C:\Users\Admin\source\repos\!OpenCode\Apotheosis\WebKit\Source\WTF\wtf\MallocCommon.cpp">
      <Filter>Source Files</Filter>
    </ClCompile>
    <ClCompile Include="C:\Users\Admin\source\repos\!OpenCode\Apotheosis\WebKit\Source\WTF\wtf\MediaTime.cpp">
      <Filter>Source Files</Filter>
    </ClCompile>
    <ClCompile Include="C:\Users\Admin\source\repos\!OpenCode\Apotheosis\WebKit\Source\WTF\wtf\MemoryPressureHandler.cpp">
      <Filter>Source Files</Filter>
    </ClCompile>
    <ClCompile Include="C:\Users\Admin\source\repos\!OpenCode\Apotheosis\WebKit\Source\WTF\wtf\MetaAllocator.cpp">
      <Filter>Source Files</Filter>
    </ClCompile>
    <ClCompile Include="C:\Users\Admin\source\repos\!OpenCode\Apotheosis\WebKit\Source\WTF\wtf\MonotonicTime.cpp">
      <Filter>Source Files</Filter>
    </ClCompile>
    <ClCompile Include="C:\Users\Admin\source\repos\!OpenCode\Apotheosis\WebKit\Source\WTF\wtf\NativePromise.cpp">
      <Filter>Source Files</Filter>
    </ClCompile>
    <ClCompile Include="C:\Users\Admin\source\repos\!OpenCode\Apotheosis\WebKit\Source\WTF\wtf\NumberOfCores.cpp">
      <Filter>Source Files</Filter>
    </ClCompile>
    <ClCompile Include="C:\Users\Admin\source\repos\!OpenCode\Apotheosis\WebKit\Source\WTF\wtf\OSRandomSource.cpp">
      <Filter>Source Files</Filter>
    </ClCompile>
    <ClCompile Include="C:\Users\Admin\source\repos\!OpenCode\Apotheosis\WebKit\Source\WTF\wtf\ObjectIdentifier.cpp">
      <Filter>Source Files</Filter>
    </ClCompile>
    <ClCompile Include="C:\Users\Admin\source\repos\!OpenCode\Apotheosis\WebKit\Source\WTF\wtf\PageBlock.cpp">
      <Filter>Source Files</Filter>
    </ClCompile>
    <ClCompile Include="C:\Users\Admin\source\repos\!OpenCode\Apotheosis\WebKit\Source\WTF\wtf\ParallelHelperPool.cpp">
      <Filter>Source Files</Filter>
    </ClCompile>
    <ClCompile Include="C:\Users\Admin\source\repos\!OpenCode\Apotheosis\WebKit\Source\WTF\wtf\ParallelJobsGeneric.cpp">
      <Filter>Source Files</Filter>
    </ClCompile>
    <ClCompile Include="C:\Users\Admin\source\repos\!OpenCode\Apotheosis\WebKit\Source\WTF\wtf\ParkingLot.cpp">
      <Filter>Source Files</Filter>
    </ClCompile>
    <ClCompile Include="C:\Users\Admin\source\repos\!OpenCode\Apotheosis\WebKit\Source\WTF\wtf\PreciseSum.cpp">
      <Filter>Source Files</Filter>
    </ClCompile>
    <ClCompile Include="C:\Users\Admin\source\repos\!OpenCode\Apotheosis\WebKit\Source\WTF\wtf\PrintStream.cpp">
      <Filter>Source Files</Filter>
    </ClCompile>
    <ClCompile Include="C:\Users\Admin\source\repos\!OpenCode\Apotheosis\WebKit\Source\WTF\wtf\ProcessPrivilege.cpp">
      <Filter>Source Files</Filter>
    </ClCompile>
    <ClCompile Include="C:\Users\Admin\source\repos\!OpenCode\Apotheosis\WebKit\Source\WTF\wtf\RAMSize.cpp">
      <Filter>Source Files</Filter>
    </ClCompile>
    <ClCompile Include="C:\Users\Admin\source\repos\!OpenCode\Apotheosis\WebKit\Source\WTF\wtf\RandomDevice.cpp">
      <Filter>Source Files</Filter>
    </ClCompile>
    <ClCompile Include="C:\Users\Admin\source\repos\!OpenCode\Apotheosis\WebKit\Source\WTF\wtf\ReadWriteLock.cpp">
      <Filter>Source Files</Filter>
    </ClCompile>
    <ClCompile Include="C:\Users\Admin\source\repos\!OpenCode\Apotheosis\WebKit\Source\WTF\wtf\RefCountDebugger.cpp">
      <Filter>Source Files</Filter>
    </ClCompile>
    <ClCompile Include="C:\Users\Admin\source\repos\!OpenCode\Apotheosis\WebKit\Source\WTF\wtf\RefTrackerMixin.cpp">
      <Filter>Source Files</Filter>
    </ClCompile>
    <ClCompile Include="C:\Users\Admin\source\repos\!OpenCode\Apotheosis\WebKit\Source\WTF\wtf\RunLoop.cpp">
      <Filter>Source Files</Filter>
    </ClCompile>
    <ClCompile Include="C:\Users\Admin\source\repos\!OpenCode\Apotheosis\WebKit\Source\WTF\wtf\RuntimeApplicationChecks.cpp">
      <Filter>Source Files</Filter>
    </ClCompile>
    <ClCompile Include="C:\Users\Admin\source\repos\!OpenCode\Apotheosis\WebKit\Source\WTF\wtf\SHA1.cpp">
      <Filter>Source Files</Filter>
    </ClCompile>
    <ClCompile Include="C:\Users\Admin\source\repos\!OpenCode\Apotheosis\WebKit\Source\WTF\wtf\SIMDUTF.cpp">
      <Filter>Source Files</Filter>
    </ClCompile>
    <ClCompile Include="C:\Users\Admin\source\repos\!OpenCode\Apotheosis\WebKit\Source\WTF\wtf\SafeStrerror.cpp">
      <Filter>Source Files</Filter>
    </ClCompile>
    <ClCompile Include="C:\Users\Admin\source\repos\!OpenCode\Apotheosis\WebKit\Source\WTF\wtf\Seconds.cpp">
      <Filter>Source Files</Filter>
    </ClCompile>
    <ClCompile Include="C:\Users\Admin\source\repos\!OpenCode\Apotheosis\WebKit\Source\WTF\wtf\SegmentedVector.cpp">
      <Filter>Source Files</Filter>
    </ClCompile>
    <ClCompile Include="C:\Users\Admin\source\repos\!OpenCode\Apotheosis\WebKit\Source\WTF\wtf\SequesteredAllocator.cpp">
      <Filter>Source Files</Filter>
    </ClCompile>
    <ClCompile Include="C:\Users\Admin\source\repos\!OpenCode\Apotheosis\WebKit\Source\WTF\wtf\SequesteredImmortalHeap.cpp">
      <Filter>Source Files</Filter>
    </ClCompile>
    <ClCompile Include="C:\Users\Admin\source\repos\!OpenCode\Apotheosis\WebKit\Source\WTF\wtf\SequesteredMalloc.cpp">
      <Filter>Source Files</Filter>
    </ClCompile>
    <ClCompile Include="C:\Users\Admin\source\repos\!OpenCode\Apotheosis\WebKit\Source\WTF\wtf\SixCharacterHash.cpp">
      <Filter>Source Files</Filter>
    </ClCompile>
    <ClCompile Include="C:\Users\Admin\source\repos\!OpenCode\Apotheosis\WebKit\Source\WTF\wtf\SmallSet.cpp">
      <Filter>Source Files</Filter>
    </ClCompile>
    <ClCompile Include="C:\Users\Admin\source\repos\!OpenCode\Apotheosis\WebKit\Source\WTF\wtf\StackBounds.cpp">
      <Filter>Source Files</Filter>
    </ClCompile>
    <ClCompile Include="C:\Users\Admin\source\repos\!OpenCode\Apotheosis\WebKit\Source\WTF\wtf\StackCheck.cpp">
      <Filter>Source Files</Filter>
    </ClCompile>
    <ClCompile Include="C:\Users\Admin\source\repos\!OpenCode\Apotheosis\WebKit\Source\WTF\wtf\StackPointer.cpp">
      <Filter>Source Files</Filter>
    </ClCompile>
    <ClCompile Include="C:\Users\Admin\source\repos\!OpenCode\Apotheosis\WebKit\Source\WTF\wtf\StackStats.cpp">
      <Filter>Source Files</Filter>
    </ClCompile>
    <ClCompile Include="C:\Users\Admin\source\repos\!OpenCode\Apotheosis\WebKit\Source\WTF\wtf\StackTrace.cpp">
      <Filter>Source Files</Filter>
    </ClCompile>
    <ClCompile Include="C:\Users\Admin\source\repos\!OpenCode\Apotheosis\WebKit\Source\WTF\wtf\StatisticsManager.cpp">
      <Filter>Source Files</Filter>
    </ClCompile>
    <ClCompile Include="C:\Users\Admin\source\repos\!OpenCode\Apotheosis\WebKit\Source\WTF\wtf\StringPrintStream.cpp">
      <Filter>Source Files</Filter>
    </ClCompile>
    <ClCompile Include="C:\Users\Admin\source\repos\!OpenCode\Apotheosis\WebKit\Source\WTF\wtf\SuspendableWorkQueue.cpp">
      <Filter>Source Files</Filter>
    </ClCompile>
    <ClCompile Include="C:\Users\Admin\source\repos\!OpenCode\Apotheosis\WebKit\Source\WTF\wtf\ThreadGroup.cpp">
      <Filter>Source Files</Filter>
    </ClCompile>
    <ClCompile Include="C:\Users\Admin\source\repos\!OpenCode\Apotheosis\WebKit\Source\WTF\wtf\ThreadMessage.cpp">
      <Filter>Source Files</Filter>
    </ClCompile>
    <ClCompile Include="C:\Users\Admin\source\repos\!OpenCode\Apotheosis\WebKit\Source\WTF\wtf\Threading.cpp">
      <Filter>Source Files</Filter>
    </ClCompile>
    <ClCompile Include="C:\Users\Admin\source\repos\!OpenCode\Apotheosis\WebKit\Source\WTF\wtf\TimeWithDynamicClockType.cpp">
      <Filter>Source Files</Filter>
    </ClCompile>
    <ClCompile Include="C:\Users\Admin\source\repos\!OpenCode\Apotheosis\WebKit\Source\WTF\wtf\TimingScope.cpp">
      <Filter>Source Files</Filter>
    </ClCompile>
    <ClCompile Include="C:\Users\Admin\source\repos\!OpenCode\Apotheosis\WebKit\Source\WTF\wtf\URL.cpp">
      <Filter>Source Files</Filter>
    </ClCompile>
    <ClCompile Include="C:\Users\Admin\source\repos\!OpenCode\Apotheosis\WebKit\Source\WTF\wtf\URLHelpers.cpp">
      <Filter>Source Files</Filter>
    </ClCompile>
    <ClCompile Include="C:\Users\Admin\source\repos\!OpenCode\Apotheosis\WebKit\Source\WTF\wtf\URLParser.cpp">
      <Filter>Source Files</Filter>
    </ClCompile>
    <ClCompile Include="C:\Users\Admin\source\repos\!OpenCode\Apotheosis\WebKit\Source\WTF\wtf\UUID.cpp">
      <Filter>Source Files</Filter>
    </ClCompile>
    <ClCompile Include="C:\Users\Admin\source\repos\!OpenCode\Apotheosis\WebKit\Source\WTF\wtf\UniqueArray.cpp">
      <Filter>Source Files</Filter>
    </ClCompile>
    <ClCompile Include="C:\Users\Admin\source\repos\!OpenCode\Apotheosis\WebKit\Source\WTF\wtf\Vector.cpp">
      <Filter>Source Files</Filter>
    </ClCompile>
    <ClCompile Include="C:\Users\Admin\source\repos\!OpenCode\Apotheosis\WebKit\Source\WTF\wtf\WTFAssertions.cpp">
      <Filter>Source Files</Filter>
    </ClCompile>
    <ClCompile Include="C:\Users\Admin\source\repos\!OpenCode\Apotheosis\WebKit\Source\WTF\wtf\WTFConfig.cpp">
      <Filter>Source Files</Filter>
    </ClCompile>
    <ClCompile Include="C:\Users\Admin\source\repos\!OpenCode\Apotheosis\WebKit\Source\WTF\wtf\WTFProcess.cpp">
      <Filter>Source Files</Filter>
    </ClCompile>
    <ClCompile Include="C:\Users\Admin\source\repos\!OpenCode\Apotheosis\WebKit\Source\WTF\wtf\WallTime.cpp">
      <Filter>Source Files</Filter>
    </ClCompile>
    <ClCompile Include="C:\Users\Admin\source\repos\!OpenCode\Apotheosis\WebKit\Source\WTF\wtf\WeakPtr.cpp">
      <Filter>Source Files</Filter>
    </ClCompile>
    <ClCompile Include="C:\Users\Admin\source\repos\!OpenCode\Apotheosis\WebKit\Source\WTF\wtf\WeakRandomNumber.cpp">
      <Filter>Source Files</Filter>
    </ClCompile>
    <ClCompile Include="C:\Users\Admin\source\repos\!OpenCode\Apotheosis\WebKit\Source\WTF\wtf\WordLock.cpp">
      <Filter>Source Files</Filter>
    </ClCompile>
    <ClCompile Include="C:\Users\Admin\source\repos\!OpenCode\Apotheosis\WebKit\Source\WTF\wtf\WorkQueue.cpp">
      <Filter>Source Files</Filter>
    </ClCompile>
    <ClCompile Include="C:\Users\Admin\source\repos\!OpenCode\Apotheosis\WebKit\Source\WTF\wtf\WorkerPool.cpp">
      <Filter>Source Files</Filter>
    </ClCompile>
    <ClCompile Include="C:\Users\Admin\source\repos\!OpenCode\Apotheosis\WebKit\Source\WTF\wtf\dtoa.cpp">
      <Filter>Source Files</Filter>
    </ClCompile>
    <ClCompile Include="C:\Users\Admin\source\repos\!OpenCode\Apotheosis\WebKit\Source\WTF\wtf\dragonbox\dragonbox_to_chars.cpp">
      <Filter>Source Files</Filter>
    </ClCompile>
    <ClCompile Include="C:\Users\Admin\source\repos\!OpenCode\Apotheosis\WebKit\Source\WTF\wtf\dtoa\bignum-dtoa.cc">
      <Filter>Source Files</Filter>
    </ClCompile>
    <ClCompile Include="C:\Users\Admin\source\repos\!OpenCode\Apotheosis\WebKit\Source\WTF\wtf\dtoa\bignum.cc">
      <Filter>Source Files</Filter>
    </ClCompile>
    <ClCompile Include="C:\Users\Admin\source\repos\!OpenCode\Apotheosis\WebKit\Source\WTF\wtf\dtoa\cached-powers.cc">
      <Filter>Source Files</Filter>
    </ClCompile>
    <ClCompile Include="C:\Users\Admin\source\repos\!OpenCode\Apotheosis\WebKit\Source\WTF\wtf\dtoa\diy-fp.cc">
      <Filter>Source Files</Filter>
    </ClCompile>
    <ClCompile Include="C:\Users\Admin\source\repos\!OpenCode\Apotheosis\WebKit\Source\WTF\wtf\dtoa\double-conversion.cc">
      <Filter>Source Files</Filter>
    </ClCompile>
    <ClCompile Include="C:\Users\Admin\source\repos\!OpenCode\Apotheosis\WebKit\Source\WTF\wtf\dtoa\fast-dtoa.cc">
      <Filter>Source Files</Filter>
    </ClCompile>
    <ClCompile Include="C:\Users\Admin\source\repos\!OpenCode\Apotheosis\WebKit\Source\WTF\wtf\dtoa\fixed-dtoa.cc">
      <Filter>Source Files</Filter>
    </ClCompile>
    <ClCompile Include="C:\Users\Admin\source\repos\!OpenCode\Apotheosis\WebKit\Source\WTF\wtf\dtoa\strtod.cc">
      <Filter>Source Files</Filter>
    </ClCompile>
    <ClCompile Include="C:\Users\Admin\source\repos\!OpenCode\Apotheosis\WebKit\Source\WTF\wtf\persistence\PersistentCoders.cpp">
      <Filter>Source Files</Filter>
    </ClCompile>
    <ClCompile Include="C:\Users\Admin\source\repos\!OpenCode\Apotheosis\WebKit\Source\WTF\wtf\persistence\PersistentDecoder.cpp">
      <Filter>Source Files</Filter>
    </ClCompile>
    <ClCompile Include="C:\Users\Admin\source\repos\!OpenCode\Apotheosis\WebKit\Source\WTF\wtf\persistence\PersistentEncoder.cpp">
      <Filter>Source Files</Filter>
    </ClCompile>
    <ClCompile Include="C:\Users\Admin\source\repos\!OpenCode\Apotheosis\WebKit\Source\WTF\wtf\text\ASCIILiteral.cpp">
      <Filter>Source Files</Filter>
    </ClCompile>
    <ClCompile Include="C:\Users\Admin\source\repos\!OpenCode\Apotheosis\WebKit\Source\WTF\wtf\text\AtomString.cpp">
      <Filter>Source Files</Filter>
    </ClCompile>
    <ClCompile Include="C:\Users\Admin\source\repos\!OpenCode\Apotheosis\WebKit\Source\WTF\wtf\text\AtomStringImpl.cpp">
      <Filter>Source Files</Filter>
    </ClCompile>
    <ClCompile Include="C:\Users\Admin\source\repos\!OpenCode\Apotheosis\WebKit\Source\WTF\wtf\text\AtomStringTable.cpp">
      <Filter>Source Files</Filter>
    </ClCompile>
    <ClCompile Include="C:\Users\Admin\source\repos\!OpenCode\Apotheosis\WebKit\Source\WTF\wtf\text\Base64.cpp">
      <Filter>Source Files</Filter>
    </ClCompile>
    <ClCompile Include="C:\Users\Admin\source\repos\!OpenCode\Apotheosis\WebKit\Source\WTF\wtf\text\CString.cpp">
      <Filter>Source Files</Filter>
    </ClCompile>
    <ClCompile Include="C:\Users\Admin\source\repos\!OpenCode\Apotheosis\WebKit\Source\WTF\wtf\text\CStringView.cpp">
      <Filter>Source Files</Filter>
    </ClCompile>
    <ClCompile Include="C:\Users\Admin\source\repos\!OpenCode\Apotheosis\WebKit\Source\WTF\wtf\text\ExternalStringImpl.cpp">
      <Filter>Source Files</Filter>
    </ClCompile>
    <ClCompile Include="C:\Users\Admin\source\repos\!OpenCode\Apotheosis\WebKit\Source\WTF\wtf\text\LineEnding.cpp">
      <Filter>Source Files</Filter>
    </ClCompile>
    <ClCompile Include="C:\Users\Admin\source\repos\!OpenCode\Apotheosis\WebKit\Source\WTF\wtf\text\StringBuffer.cpp">
      <Filter>Source Files</Filter>
    </ClCompile>
    <ClCompile Include="C:\Users\Admin\source\repos\!OpenCode\Apotheosis\WebKit\Source\WTF\wtf\text\StringBuilder.cpp">
      <Filter>Source Files</Filter>
    </ClCompile>
    <ClCompile Include="C:\Users\Admin\source\repos\!OpenCode\Apotheosis\WebKit\Source\WTF\wtf\text\StringBuilderJSON.cpp">
      <Filter>Source Files</Filter>
    </ClCompile>
    <ClCompile Include="C:\Users\Admin\source\repos\!OpenCode\Apotheosis\WebKit\Source\WTF\wtf\text\StringCommon.cpp">
      <Filter>Source Files</Filter>
    </ClCompile>
    <ClCompile Include="C:\Users\Admin\source\repos\!OpenCode\Apotheosis\WebKit\Source\WTF\wtf\text\StringImpl.cpp">
      <Filter>Source Files</Filter>
    </ClCompile>
    <ClCompile Include="C:\Users\Admin\source\repos\!OpenCode\Apotheosis\WebKit\Source\WTF\wtf\text\StringView.cpp">
      <Filter>Source Files</Filter>
    </ClCompile>
    <ClCompile Include="C:\Users\Admin\source\repos\!OpenCode\Apotheosis\WebKit\Source\WTF\wtf\text\SymbolImpl.cpp">
      <Filter>Source Files</Filter>
    </ClCompile>
    <ClCompile Include="C:\Users\Admin\source\repos\!OpenCode\Apotheosis\WebKit\Source\WTF\wtf\text\SymbolRegistry.cpp">
      <Filter>Source Files</Filter>
    </ClCompile>
    <ClCompile Include="C:\Users\Admin\source\repos\!OpenCode\Apotheosis\WebKit\Source\WTF\wtf\text\TextBreakIterator.cpp">
      <Filter>Source Files</Filter>
    </ClCompile>
    <ClCompile Include="C:\Users\Admin\source\repos\!OpenCode\Apotheosis\WebKit\Source\WTF\wtf\text\TextStream.cpp">
      <Filter>Source Files</Filter>
    </ClCompile>
    <ClCompile Include="C:\Users\Admin\source\repos\!OpenCode\Apotheosis\WebKit\Source\WTF\wtf\text\WTFString.cpp">
      <Filter>Source Files</Filter>
    </ClCompile>
    <ClCompile Include="C:\Users\Admin\source\repos\!OpenCode\Apotheosis\WebKit\Source\WTF\wtf\text\icu\UnicodeExtras.cpp">
      <Filter>Source Files</Filter>
    </ClCompile>
    <ClCompile Include="C:\Users\Admin\source\repos\!OpenCode\Apotheosis\WebKit\Source\WTF\wtf\text\icu\UTextProvider.cpp">
      <Filter>Source Files</Filter>
    </ClCompile>
    <ClCompile Include="C:\Users\Admin\source\repos\!OpenCode\Apotheosis\WebKit\Source\WTF\wtf\text\icu\UTextProviderLatin1.cpp">
      <Filter>Source Files</Filter>
    </ClCompile>
    <ClCompile Include="C:\Users\Admin\source\repos\!OpenCode\Apotheosis\WebKit\Source\WTF\wtf\text\icu\UTextProviderUTF16.cpp">
      <Filter>Source Files</Filter>
    </ClCompile>
    <ClCompile Include="C:\Users\Admin\source\repos\!OpenCode\Apotheosis\WebKit\Source\WTF\wtf\threads\BinarySemaphore.cpp">
      <Filter>Source Files</Filter>
    </ClCompile>
    <ClCompile Include="C:\Users\Admin\source\repos\!OpenCode\Apotheosis\WebKit\Source\WTF\wtf\threads\Signals.cpp">
      <Filter>Source Files</Filter>
    </ClCompile>
    <ClCompile Include="C:\Users\Admin\source\repos\!OpenCode\Apotheosis\WebKit\Source\WTF\wtf\unicode\CollatorDefault.cpp">
      <Filter>Source Files</Filter>
    </ClCompile>
    <ClCompile Include="C:\Users\Admin\source\repos\!OpenCode\Apotheosis\WebKit\Source\WTF\wtf\unicode\UTF8Conversion.cpp">
      <Filter>Source Files</Filter>
    </ClCompile>
    <ClCompile Include="C:\Users\Admin\source\repos\!OpenCode\Apotheosis\WebKit\Source\WTF\wtf\unicode\icu\CollatorICU.cpp">
      <Filter>Source Files</Filter>
    </ClCompile>
    <ClCompile Include="C:\Users\Admin\source\repos\!OpenCode\Apotheosis\WebKit\Source\WTF\wtf\unicode\icu\ICUHelpers.cpp">
      <Filter>Source Files</Filter>
    </ClCompile>
    <ClCompile Include="C:\Users\Admin\source\repos\!OpenCode\Apotheosis\WebKit\Source\WTF\wtf\generic\WorkQueueGeneric.cpp">
      <Filter>Source Files</Filter>
    </ClCompile>
    <ClCompile Include="C:\Users\Admin\source\repos\!OpenCode\Apotheosis\WebKit\Source\WTF\wtf\text\win\StringWin.cpp">
      <Filter>Source Files</Filter>
    </ClCompile>
    <ClCompile Include="C:\Users\Admin\source\repos\!OpenCode\Apotheosis\WebKit\Source\WTF\wtf\text\win\TextBreakIteratorInternalICUWin.cpp">
      <Filter>Source Files</Filter>
    </ClCompile>
    <ClCompile Include="C:\Users\Admin\source\repos\!OpenCode\Apotheosis\WebKit\Source\WTF\wtf\win\CPUTimeWin.cpp">
      <Filter>Source Files</Filter>
    </ClCompile>
    <ClCompile Include="C:\Users\Admin\source\repos\!OpenCode\Apotheosis\WebKit\Source\WTF\wtf\win\DbgHelperWin.cpp">
      <Filter>Source Files</Filter>
    </ClCompile>
    <ClCompile Include="C:\Users\Admin\source\repos\!OpenCode\Apotheosis\WebKit\Source\WTF\wtf\win\FileHandleWin.cpp">
      <Filter>Source Files</Filter>
    </ClCompile>
    <ClCompile Include="C:\Users\Admin\source\repos\!OpenCode\Apotheosis\WebKit\Source\WTF\wtf\win\FileSystemWin.cpp">
      <Filter>Source Files</Filter>
    </ClCompile>
    <ClCompile Include="C:\Users\Admin\source\repos\!OpenCode\Apotheosis\WebKit\Source\WTF\wtf\win\LanguageWin.cpp">
      <Filter>Source Files</Filter>
    </ClCompile>
    <ClCompile Include="C:\Users\Admin\source\repos\!OpenCode\Apotheosis\WebKit\Source\WTF\wtf\win\LoggingWin.cpp">
      <Filter>Source Files</Filter>
    </ClCompile>
    <ClCompile Include="C:\Users\Admin\source\repos\!OpenCode\Apotheosis\WebKit\Source\WTF\wtf\win\MainThreadWin.cpp">
      <Filter>Source Files</Filter>
    </ClCompile>
    <ClCompile Include="C:\Users\Admin\source\repos\!OpenCode\Apotheosis\WebKit\Source\WTF\wtf\win\MappedFileDataWin.cpp">
      <Filter>Source Files</Filter>
    </ClCompile>
    <ClCompile Include="C:\Users\Admin\source\repos\!OpenCode\Apotheosis\WebKit\Source\WTF\wtf\win\MemoryFootprintWin.cpp">
      <Filter>Source Files</Filter>
    </ClCompile>
    <ClCompile Include="C:\Users\Admin\source\repos\!OpenCode\Apotheosis\WebKit\Source\WTF\wtf\win\MemoryPressureHandlerWin.cpp">
      <Filter>Source Files</Filter>
    </ClCompile>
    <ClCompile Include="C:\Users\Admin\source\repos\!OpenCode\Apotheosis\WebKit\Source\WTF\wtf\win\OSAllocatorWin.cpp">
      <Filter>Source Files</Filter>
    </ClCompile>
    <ClCompile Include="C:\Users\Admin\source\repos\!OpenCode\Apotheosis\WebKit\Source\WTF\wtf\win\PathWalker.cpp">
      <Filter>Source Files</Filter>
    </ClCompile>
    <ClCompile Include="C:\Users\Admin\source\repos\!OpenCode\Apotheosis\WebKit\Source\WTF\wtf\win\RunLoopWin.cpp">
      <Filter>Source Files</Filter>
    </ClCompile>
    <ClCompile Include="C:\Users\Admin\source\repos\!OpenCode\Apotheosis\WebKit\Source\WTF\wtf\win\SignalsWin.cpp">
      <Filter>Source Files</Filter>
    </ClCompile>
    <ClCompile Include="C:\Users\Admin\source\repos\!OpenCode\Apotheosis\WebKit\Source\WTF\wtf\win\ThreadingWin.cpp">
      <Filter>Source Files</Filter>
    </ClCompile>
    <ClCompile Include="C:\Users\Admin\source\repos\!OpenCode\Apotheosis\WebKit\Source\WTF\wtf\win\WTFCRTDebug.cpp">
      <Filter>Source Files</Filter>
    </ClCompile>
    <ClCompile Include="C:\Users\Admin\source\repos\!OpenCode\Apotheosis\WebKit\Source\WTF\wtf\win\Win32Handle.cpp">
      <Filter>Source Files</Filter>
    </ClCompile>
  </ItemGroup>
  <ItemGroup>
    <ClInclude Include="C:\Users\Admin\source\repos\!OpenCode\Apotheosis\build-x64-gpu\cmakeconfig.h">
      <Filter>Header Files</Filter>
    </ClInclude>
  </ItemGroup>
  <ItemGroup>
    <CustomBuild Include="C:\Users\Admin\source\repos\!OpenCode\Apotheosis\WebKit\Source\WTF\wtf\CMakeLists.txt" />
  </ItemGroup>
  <ItemGroup>
    <Filter Include="Header Files">
      <UniqueIdentifier>{BF66F9E0-6FF8-3040-8768-4A92287CF160}</UniqueIdentifier>
    </Filter>
    <Filter Include="Source Files">
      <UniqueIdentifier>{98865446-B9C7-371B-AEAA-AFE46AD8BC02}</UniqueIdentifier>
    </Filter>
  </ItemGroup>
</Project>
