<?xml version="1.0" encoding="utf-8"?>
<Project ToolsVersion="17.0" xmlns="http://schemas.microsoft.com/developer/msbuild/2003">
  <ItemGroup>
    <CustomBuild Include="C:\Users\Admin\source\repos\!OpenCode\Apotheosis\WebKit\Source\bmalloc\bmalloc\Algorithm.h">
      <Filter>Header Files</Filter>
    </CustomBuild>
    <CustomBuild Include="C:\Users\Admin\source\repos\!OpenCode\Apotheosis\WebKit\Source\bmalloc\bmalloc\AllIsoHeaps.h">
      <Filter>Header Files</Filter>
    </CustomBuild>
    <CustomBuild Include="C:\Users\Admin\source\repos\!OpenCode\Apotheosis\WebKit\Source\bmalloc\bmalloc\AllIsoHeapsInlines.h">
      <Filter>Header Files</Filter>
    </CustomBuild>
    <CustomBuild Include="C:\Users\Admin\source\repos\!OpenCode\Apotheosis\WebKit\Source\bmalloc\bmalloc\AllocationCounts.h">
      <Filter>Header Files</Filter>
    </CustomBuild>
    <CustomBuild Include="C:\Users\Admin\source\repos\!OpenCode\Apotheosis\WebKit\Source\bmalloc\bmalloc\Allocator.h">
      <Filter>Header Files</Filter>
    </CustomBuild>
    <CustomBuild Include="C:\Users\Admin\source\repos\!OpenCode\Apotheosis\WebKit\Source\bmalloc\bmalloc\AvailableMemory.h">
      <Filter>Header Files</Filter>
    </CustomBuild>
    <CustomBuild Include="C:\Users\Admin\source\repos\!OpenCode\Apotheosis\WebKit\Source\bmalloc\bmalloc\BAssert.h">
      <Filter>Header Files</Filter>
    </CustomBuild>
    <CustomBuild Include="C:\Users\Admin\source\repos\!OpenCode\Apotheosis\WebKit\Source\bmalloc\bmalloc\BCompiler.h">
      <Filter>Header Files</Filter>
    </CustomBuild>
    <CustomBuild Include="C:\Users\Admin\source\repos\!OpenCode\Apotheosis\WebKit\Source\bmalloc\bmalloc\BExport.h">
      <Filter>Header Files</Filter>
    </CustomBuild>
    <CustomBuild Include="C:\Users\Admin\source\repos\!OpenCode\Apotheosis\WebKit\Source\bmalloc\bmalloc\BInline.h">
      <Filter>Header Files</Filter>
    </CustomBuild>
    <CustomBuild Include="C:\Users\Admin\source\repos\!OpenCode\Apotheosis\WebKit\Source\bmalloc\bmalloc\BMalloced.h">
      <Filter>Header Files</Filter>
    </CustomBuild>
    <CustomBuild Include="C:\Users\Admin\source\repos\!OpenCode\Apotheosis\WebKit\Source\bmalloc\bmalloc\BPlatform.h">
      <Filter>Header Files</Filter>
    </CustomBuild>
    <CustomBuild Include="C:\Users\Admin\source\repos\!OpenCode\Apotheosis\WebKit\Source\bmalloc\bmalloc\BSyscall.h">
      <Filter>Header Files</Filter>
    </CustomBuild>
    <CustomBuild Include="C:\Users\Admin\source\repos\!OpenCode\Apotheosis\WebKit\Source\bmalloc\bmalloc\BVMTags.h">
      <Filter>Header Files</Filter>
    </CustomBuild>
    <CustomBuild Include="C:\Users\Admin\source\repos\!OpenCode\Apotheosis\WebKit\Source\bmalloc\bmalloc\Bits.h">
      <Filter>Header Files</Filter>
    </CustomBuild>
    <CustomBuild Include="C:\Users\Admin\source\repos\!OpenCode\Apotheosis\WebKit\Source\bmalloc\bmalloc\BulkDecommit.h">
      <Filter>Header Files</Filter>
    </CustomBuild>
    <CustomBuild Include="C:\Users\Admin\source\repos\!OpenCode\Apotheosis\WebKit\Source\bmalloc\bmalloc\BumpAllocator.h">
      <Filter>Header Files</Filter>
    </CustomBuild>
    <CustomBuild Include="C:\Users\Admin\source\repos\!OpenCode\Apotheosis\WebKit\Source\bmalloc\bmalloc\BumpRange.h">
      <Filter>Header Files</Filter>
    </CustomBuild>
    <CustomBuild Include="C:\Users\Admin\source\repos\!OpenCode\Apotheosis\WebKit\Source\bmalloc\bmalloc\Cache.h">
      <Filter>Header Files</Filter>
    </CustomBuild>
    <CustomBuild Include="C:\Users\Admin\source\repos\!OpenCode\Apotheosis\WebKit\Source\bmalloc\bmalloc\Chunk.h">
      <Filter>Header Files</Filter>
    </CustomBuild>
    <CustomBuild Include="C:\Users\Admin\source\repos\!OpenCode\Apotheosis\WebKit\Source\bmalloc\bmalloc\CompactAllocationMode.h">
      <Filter>Header Files</Filter>
    </CustomBuild>
    <CustomBuild Include="C:\Users\Admin\source\repos\!OpenCode\Apotheosis\WebKit\Source\bmalloc\bmalloc\CryptoRandom.h">
      <Filter>Header Files</Filter>
    </CustomBuild>
    <CustomBuild Include="C:\Users\Admin\source\repos\!OpenCode\Apotheosis\WebKit\Source\bmalloc\bmalloc\Deallocator.h">
      <Filter>Header Files</Filter>
    </CustomBuild>
    <CustomBuild Include="C:\Users\Admin\source\repos\!OpenCode\Apotheosis\WebKit\Source\bmalloc\bmalloc\DeferredDecommit.h">
      <Filter>Header Files</Filter>
    </CustomBuild>
    <CustomBuild Include="C:\Users\Admin\source\repos\!OpenCode\Apotheosis\WebKit\Source\bmalloc\bmalloc\DeferredDecommitInlines.h">
      <Filter>Header Files</Filter>
    </CustomBuild>
    <CustomBuild Include="C:\Users\Admin\source\repos\!OpenCode\Apotheosis\WebKit\Source\bmalloc\bmalloc\DeferredTrigger.h">
      <Filter>Header Files</Filter>
    </CustomBuild>
    <CustomBuild Include="C:\Users\Admin\source\repos\!OpenCode\Apotheosis\WebKit\Source\bmalloc\bmalloc\DeferredTriggerInlines.h">
      <Filter>Header Files</Filter>
    </CustomBuild>
    <CustomBuild Include="C:\Users\Admin\source\repos\!OpenCode\Apotheosis\WebKit\Source\bmalloc\bmalloc\EligibilityResult.h">
      <Filter>Header Files</Filter>
    </CustomBuild>
    <CustomBuild Include="C:\Users\Admin\source\repos\!OpenCode\Apotheosis\WebKit\Source\bmalloc\bmalloc\EligibilityResultInlines.h">
      <Filter>Header Files</Filter>
    </CustomBuild>
    <CustomBuild Include="C:\Users\Admin\source\repos\!OpenCode\Apotheosis\WebKit\Source\bmalloc\bmalloc\Environment.h">
      <Filter>Header Files</Filter>
    </CustomBuild>
    <CustomBuild Include="C:\Users\Admin\source\repos\!OpenCode\Apotheosis\WebKit\Source\bmalloc\bmalloc\FailureAction.h">
      <Filter>Header Files</Filter>
    </CustomBuild>
    <CustomBuild Include="C:\Users\Admin\source\repos\!OpenCode\Apotheosis\WebKit\Source\bmalloc\bmalloc\FixedVector.h">
      <Filter>Header Files</Filter>
    </CustomBuild>
    <CustomBuild Include="C:\Users\Admin\source\repos\!OpenCode\Apotheosis\WebKit\Source\bmalloc\bmalloc\FreeList.h">
      <Filter>Header Files</Filter>
    </CustomBuild>
    <CustomBuild Include="C:\Users\Admin\source\repos\!OpenCode\Apotheosis\WebKit\Source\bmalloc\bmalloc\FreeListInlines.h">
      <Filter>Header Files</Filter>
    </CustomBuild>
    <CustomBuild Include="C:\Users\Admin\source\repos\!OpenCode\Apotheosis\WebKit\Source\bmalloc\bmalloc\Gigacage.h">
      <Filter>Header Files</Filter>
    </CustomBuild>
    <CustomBuild Include="C:\Users\Admin\source\repos\!OpenCode\Apotheosis\WebKit\Source\bmalloc\bmalloc\GigacageConfig.h">
      <Filter>Header Files</Filter>
    </CustomBuild>
    <CustomBuild Include="C:\Users\Admin\source\repos\!OpenCode\Apotheosis\WebKit\Source\bmalloc\bmalloc\GigacageKind.h">
      <Filter>Header Files</Filter>
    </CustomBuild>
    <CustomBuild Include="C:\Users\Admin\source\repos\!OpenCode\Apotheosis\WebKit\Source\bmalloc\bmalloc\Heap.h">
      <Filter>Header Files</Filter>
    </CustomBuild>
    <CustomBuild Include="C:\Users\Admin\source\repos\!OpenCode\Apotheosis\WebKit\Source\bmalloc\bmalloc\HeapConstants.h">
      <Filter>Header Files</Filter>
    </CustomBuild>
    <CustomBuild Include="C:\Users\Admin\source\repos\!OpenCode\Apotheosis\WebKit\Source\bmalloc\bmalloc\HeapKind.h">
      <Filter>Header Files</Filter>
    </CustomBuild>
    <CustomBuild Include="C:\Users\Admin\source\repos\!OpenCode\Apotheosis\WebKit\Source\bmalloc\bmalloc\IsoAllocator.h">
      <Filter>Header Files</Filter>
    </CustomBuild>
    <CustomBuild Include="C:\Users\Admin\source\repos\!OpenCode\Apotheosis\WebKit\Source\bmalloc\bmalloc\IsoAllocatorInlines.h">
      <Filter>Header Files</Filter>
    </CustomBuild>
    <CustomBuild Include="C:\Users\Admin\source\repos\!OpenCode\Apotheosis\WebKit\Source\bmalloc\bmalloc\IsoConfig.h">
      <Filter>Header Files</Filter>
    </CustomBuild>
    <CustomBuild Include="C:\Users\Admin\source\repos\!OpenCode\Apotheosis\WebKit\Source\bmalloc\bmalloc\IsoDeallocator.h">
      <Filter>Header Files</Filter>
    </CustomBuild>
    <CustomBuild Include="C:\Users\Admin\source\repos\!OpenCode\Apotheosis\WebKit\Source\bmalloc\bmalloc\IsoDeallocatorInlines.h">
      <Filter>Header Files</Filter>
    </CustomBuild>
    <CustomBuild Include="C:\Users\Admin\source\repos\!OpenCode\Apotheosis\WebKit\Source\bmalloc\bmalloc\IsoDirectory.h">
      <Filter>Header Files</Filter>
    </CustomBuild>
    <CustomBuild Include="C:\Users\Admin\source\repos\!OpenCode\Apotheosis\WebKit\Source\bmalloc\bmalloc\IsoDirectoryInlines.h">
      <Filter>Header Files</Filter>
    </CustomBuild>
    <CustomBuild Include="C:\Users\Admin\source\repos\!OpenCode\Apotheosis\WebKit\Source\bmalloc\bmalloc\IsoDirectoryPage.h">
      <Filter>Header Files</Filter>
    </CustomBuild>
    <CustomBuild Include="C:\Users\Admin\source\repos\!OpenCode\Apotheosis\WebKit\Source\bmalloc\bmalloc\IsoDirectoryPageInlines.h">
      <Filter>Header Files</Filter>
    </CustomBuild>
    <CustomBuild Include="C:\Users\Admin\source\repos\!OpenCode\Apotheosis\WebKit\Source\bmalloc\bmalloc\IsoHeap.h">
      <Filter>Header Files</Filter>
    </CustomBuild>
    <CustomBuild Include="C:\Users\Admin\source\repos\!OpenCode\Apotheosis\WebKit\Source\bmalloc\bmalloc\IsoHeapImpl.h">
      <Filter>Header Files</Filter>
    </CustomBuild>
    <CustomBuild Include="C:\Users\Admin\source\repos\!OpenCode\Apotheosis\WebKit\Source\bmalloc\bmalloc\IsoHeapImplInlines.h">
      <Filter>Header Files</Filter>
    </CustomBuild>
    <CustomBuild Include="C:\Users\Admin\source\repos\!OpenCode\Apotheosis\WebKit\Source\bmalloc\bmalloc\IsoHeapInlines.h">
      <Filter>Header Files</Filter>
    </CustomBuild>
    <CustomBuild Include="C:\Users\Admin\source\repos\!OpenCode\Apotheosis\WebKit\Source\bmalloc\bmalloc\IsoMallocFallback.h">
      <Filter>Header Files</Filter>
    </CustomBuild>
    <CustomBuild Include="C:\Users\Admin\source\repos\!OpenCode\Apotheosis\WebKit\Source\bmalloc\bmalloc\IsoPage.h">
      <Filter>Header Files</Filter>
    </CustomBuild>
    <CustomBuild Include="C:\Users\Admin\source\repos\!OpenCode\Apotheosis\WebKit\Source\bmalloc\bmalloc\IsoPageInlines.h">
      <Filter>Header Files</Filter>
    </CustomBuild>
    <CustomBuild Include="C:\Users\Admin\source\repos\!OpenCode\Apotheosis\WebKit\Source\bmalloc\bmalloc\IsoPageTrigger.h">
      <Filter>Header Files</Filter>
    </CustomBuild>
    <CustomBuild Include="C:\Users\Admin\source\repos\!OpenCode\Apotheosis\WebKit\Source\bmalloc\bmalloc\IsoSharedConfig.h">
      <Filter>Header Files</Filter>
    </CustomBuild>
    <CustomBuild Include="C:\Users\Admin\source\repos\!OpenCode\Apotheosis\WebKit\Source\bmalloc\bmalloc\IsoSharedHeap.h">
      <Filter>Header Files</Filter>
    </CustomBuild>
    <CustomBuild Include="C:\Users\Admin\source\repos\!OpenCode\Apotheosis\WebKit\Source\bmalloc\bmalloc\IsoSharedHeapInlines.h">
      <Filter>Header Files</Filter>
    </CustomBuild>
    <CustomBuild Include="C:\Users\Admin\source\repos\!OpenCode\Apotheosis\WebKit\Source\bmalloc\bmalloc\IsoSharedPage.h">
      <Filter>Header Files</Filter>
    </CustomBuild>
    <CustomBuild Include="C:\Users\Admin\source\repos\!OpenCode\Apotheosis\WebKit\Source\bmalloc\bmalloc\IsoSharedPageInlines.h">
      <Filter>Header Files</Filter>
    </CustomBuild>
    <CustomBuild Include="C:\Users\Admin\source\repos\!OpenCode\Apotheosis\WebKit\Source\bmalloc\bmalloc\IsoTLS.h">
      <Filter>Header Files</Filter>
    </CustomBuild>
    <CustomBuild Include="C:\Users\Admin\source\repos\!OpenCode\Apotheosis\WebKit\Source\bmalloc\bmalloc\IsoTLSAllocatorEntry.h">
      <Filter>Header Files</Filter>
    </CustomBuild>
    <CustomBuild Include="C:\Users\Admin\source\repos\!OpenCode\Apotheosis\WebKit\Source\bmalloc\bmalloc\IsoTLSAllocatorEntryInlines.h">
      <Filter>Header Files</Filter>
    </CustomBuild>
    <CustomBuild Include="C:\Users\Admin\source\repos\!OpenCode\Apotheosis\WebKit\Source\bmalloc\bmalloc\IsoTLSDeallocatorEntry.h">
      <Filter>Header Files</Filter>
    </CustomBuild>
    <CustomBuild Include="C:\Users\Admin\source\repos\!OpenCode\Apotheosis\WebKit\Source\bmalloc\bmalloc\IsoTLSDeallocatorEntryInlines.h">
      <Filter>Header Files</Filter>
    </CustomBuild>
    <CustomBuild Include="C:\Users\Admin\source\repos\!OpenCode\Apotheosis\WebKit\Source\bmalloc\bmalloc\IsoTLSEntry.h">
      <Filter>Header Files</Filter>
    </CustomBuild>
    <CustomBuild Include="C:\Users\Admin\source\repos\!OpenCode\Apotheosis\WebKit\Source\bmalloc\bmalloc\IsoTLSEntryInlines.h">
      <Filter>Header Files</Filter>
    </CustomBuild>
    <CustomBuild Include="C:\Users\Admin\source\repos\!OpenCode\Apotheosis\WebKit\Source\bmalloc\bmalloc\IsoTLSInlines.h">
      <Filter>Header Files</Filter>
    </CustomBuild>
    <CustomBuild Include="C:\Users\Admin\source\repos\!OpenCode\Apotheosis\WebKit\Source\bmalloc\bmalloc\IsoTLSLayout.h">
      <Filter>Header Files</Filter>
    </CustomBuild>
    <CustomBuild Include="C:\Users\Admin\source\repos\!OpenCode\Apotheosis\WebKit\Source\bmalloc\bmalloc\LargeMap.h">
      <Filter>Header Files</Filter>
    </CustomBuild>
    <CustomBuild Include="C:\Users\Admin\source\repos\!OpenCode\Apotheosis\WebKit\Source\bmalloc\bmalloc\LargeRange.h">
      <Filter>Header Files</Filter>
    </CustomBuild>
    <CustomBuild Include="C:\Users\Admin\source\repos\!OpenCode\Apotheosis\WebKit\Source\bmalloc\bmalloc\LineMetadata.h">
      <Filter>Header Files</Filter>
    </CustomBuild>
    <CustomBuild Include="C:\Users\Admin\source\repos\!OpenCode\Apotheosis\WebKit\Source\bmalloc\bmalloc\List.h">
      <Filter>Header Files</Filter>
    </CustomBuild>
    <CustomBuild Include="C:\Users\Admin\source\repos\!OpenCode\Apotheosis\WebKit\Source\bmalloc\bmalloc\Logging.h">
      <Filter>Header Files</Filter>
    </CustomBuild>
    <CustomBuild Include="C:\Users\Admin\source\repos\!OpenCode\Apotheosis\WebKit\Source\bmalloc\bmalloc\Map.h">
      <Filter>Header Files</Filter>
    </CustomBuild>
    <CustomBuild Include="C:\Users\Admin\source\repos\!OpenCode\Apotheosis\WebKit\Source\bmalloc\bmalloc\Mutex.h">
      <Filter>Header Files</Filter>
    </CustomBuild>
    <CustomBuild Include="C:\Users\Admin\source\repos\!OpenCode\Apotheosis\WebKit\Source\bmalloc\bmalloc\Object.h">
      <Filter>Header Files</Filter>
    </CustomBuild>
    <CustomBuild Include="C:\Users\Admin\source\repos\!OpenCode\Apotheosis\WebKit\Source\bmalloc\bmalloc\ObjectType.h">
      <Filter>Header Files</Filter>
    </CustomBuild>
    <CustomBuild Include="C:\Users\Admin\source\repos\!OpenCode\Apotheosis\WebKit\Source\bmalloc\bmalloc\ObjectTypeTable.h">
      <Filter>Header Files</Filter>
    </CustomBuild>
    <CustomBuild Include="C:\Users\Admin\source\repos\!OpenCode\Apotheosis\WebKit\Source\bmalloc\bmalloc\Packed.h">
      <Filter>Header Files</Filter>
    </CustomBuild>
    <CustomBuild Include="C:\Users\Admin\source\repos\!OpenCode\Apotheosis\WebKit\Source\bmalloc\bmalloc\PerHeapKind.h">
      <Filter>Header Files</Filter>
    </CustomBuild>
    <CustomBuild Include="C:\Users\Admin\source\repos\!OpenCode\Apotheosis\WebKit\Source\bmalloc\bmalloc\PerProcess.h">
      <Filter>Header Files</Filter>
    </CustomBuild>
    <CustomBuild Include="C:\Users\Admin\source\repos\!OpenCode\Apotheosis\WebKit\Source\bmalloc\bmalloc\PerThread.h">
      <Filter>Header Files</Filter>
    </CustomBuild>
    <CustomBuild Include="C:\Users\Admin\source\repos\!OpenCode\Apotheosis\WebKit\Source\bmalloc\bmalloc\PhysicalPageMap.h">
      <Filter>Header Files</Filter>
    </CustomBuild>
    <CustomBuild Include="C:\Users\Admin\source\repos\!OpenCode\Apotheosis\WebKit\Source\bmalloc\bmalloc\ProcessCheck.h">
      <Filter>Header Files</Filter>
    </CustomBuild>
    <CustomBuild Include="C:\Users\Admin\source\repos\!OpenCode\Apotheosis\WebKit\Source\bmalloc\bmalloc\Range.h">
      <Filter>Header Files</Filter>
    </CustomBuild>
    <CustomBuild Include="C:\Users\Admin\source\repos\!OpenCode\Apotheosis\WebKit\Source\bmalloc\bmalloc\Scavenger.h">
      <Filter>Header Files</Filter>
    </CustomBuild>
    <CustomBuild Include="C:\Users\Admin\source\repos\!OpenCode\Apotheosis\WebKit\Source\bmalloc\bmalloc\ScopeExit.h">
      <Filter>Header Files</Filter>
    </CustomBuild>
    <CustomBuild Include="C:\Users\Admin\source\repos\!OpenCode\Apotheosis\WebKit\Source\bmalloc\bmalloc\SegmentedVector.h">
      <Filter>Header Files</Filter>
    </CustomBuild>
    <CustomBuild Include="C:\Users\Admin\source\repos\!OpenCode\Apotheosis\WebKit\Source\bmalloc\bmalloc\Sizes.h">
      <Filter>Header Files</Filter>
    </CustomBuild>
    <CustomBuild Include="C:\Users\Admin\source\repos\!OpenCode\Apotheosis\WebKit\Source\bmalloc\bmalloc\SmallLine.h">
      <Filter>Header Files</Filter>
    </CustomBuild>
    <CustomBuild Include="C:\Users\Admin\source\repos\!OpenCode\Apotheosis\WebKit\Source\bmalloc\bmalloc\SmallPage.h">
      <Filter>Header Files</Filter>
    </CustomBuild>
    <CustomBuild Include="C:\Users\Admin\source\repos\!OpenCode\Apotheosis\WebKit\Source\bmalloc\bmalloc\StaticPerProcess.h">
      <Filter>Header Files</Filter>
    </CustomBuild>
    <CustomBuild Include="C:\Users\Admin\source\repos\!OpenCode\Apotheosis\WebKit\Source\bmalloc\bmalloc\SystemHeap.h">
      <Filter>Header Files</Filter>
    </CustomBuild>
    <CustomBuild Include="C:\Users\Admin\source\repos\!OpenCode\Apotheosis\WebKit\Source\bmalloc\bmalloc\TZoneHeap.h">
      <Filter>Header Files</Filter>
    </CustomBuild>
    <CustomBuild Include="C:\Users\Admin\source\repos\!OpenCode\Apotheosis\WebKit\Source\bmalloc\bmalloc\TZoneHeapInlines.h">
      <Filter>Header Files</Filter>
    </CustomBuild>
    <CustomBuild Include="C:\Users\Admin\source\repos\!OpenCode\Apotheosis\WebKit\Source\bmalloc\bmalloc\TZoneHeapManager.h">
      <Filter>Header Files</Filter>
    </CustomBuild>
    <CustomBuild Include="C:\Users\Admin\source\repos\!OpenCode\Apotheosis\WebKit\Source\bmalloc\bmalloc\VMAllocate.h">
      <Filter>Header Files</Filter>
    </CustomBuild>
    <CustomBuild Include="C:\Users\Admin\source\repos\!OpenCode\Apotheosis\WebKit\Source\bmalloc\bmalloc\Vector.h">
      <Filter>Header Files</Filter>
    </CustomBuild>
    <CustomBuild Include="C:\Users\Admin\source\repos\!OpenCode\Apotheosis\WebKit\Source\bmalloc\bmalloc\Zone.h">
      <Filter>Header Files</Filter>
    </CustomBuild>
    <CustomBuild Include="C:\Users\Admin\source\repos\!OpenCode\Apotheosis\WebKit\Source\bmalloc\bmalloc\bmalloc.h">
      <Filter>Header Files</Filter>
    </CustomBuild>
    <CustomBuild Include="C:\Users\Admin\source\repos\!OpenCode\Apotheosis\WebKit\Source\bmalloc\libpas\src\libpas\bmalloc_heap.h">
      <Filter>Header Files</Filter>
    </CustomBuild>
    <CustomBuild Include="C:\Users\Admin\source\repos\!OpenCode\Apotheosis\WebKit\Source\bmalloc\libpas\src\libpas\bmalloc_heap_config.h">
      <Filter>Header Files</Filter>
    </CustomBuild>
    <CustomBuild Include="C:\Users\Admin\source\repos\!OpenCode\Apotheosis\WebKit\Source\bmalloc\libpas\src\libpas\bmalloc_heap_inlines.h">
      <Filter>Header Files</Filter>
    </CustomBuild>
    <CustomBuild Include="C:\Users\Admin\source\repos\!OpenCode\Apotheosis\WebKit\Source\bmalloc\libpas\src\libpas\bmalloc_heap_innards.h">
      <Filter>Header Files</Filter>
    </CustomBuild>
    <CustomBuild Include="C:\Users\Admin\source\repos\!OpenCode\Apotheosis\WebKit\Source\bmalloc\libpas\src\libpas\bmalloc_heap_ref.h">
      <Filter>Header Files</Filter>
    </CustomBuild>
    <CustomBuild Include="C:\Users\Admin\source\repos\!OpenCode\Apotheosis\WebKit\Source\bmalloc\libpas\src\libpas\bmalloc_type.h">
      <Filter>Header Files</Filter>
    </CustomBuild>
    <CustomBuild Include="C:\Users\Admin\source\repos\!OpenCode\Apotheosis\WebKit\Source\bmalloc\libpas\src\libpas\hotbit_heap.h">
      <Filter>Header Files</Filter>
    </CustomBuild>
    <CustomBuild Include="C:\Users\Admin\source\repos\!OpenCode\Apotheosis\WebKit\Source\bmalloc\libpas\src\libpas\hotbit_heap_config.h">
      <Filter>Header Files</Filter>
    </CustomBuild>
    <CustomBuild Include="C:\Users\Admin\source\repos\!OpenCode\Apotheosis\WebKit\Source\bmalloc\libpas\src\libpas\hotbit_heap_inlines.h">
      <Filter>Header Files</Filter>
    </CustomBuild>
    <CustomBuild Include="C:\Users\Admin\source\repos\!OpenCode\Apotheosis\WebKit\Source\bmalloc\libpas\src\libpas\hotbit_heap_innards.h">
      <Filter>Header Files</Filter>
    </CustomBuild>
    <CustomBuild Include="C:\Users\Admin\source\repos\!OpenCode\Apotheosis\WebKit\Source\bmalloc\libpas\src\libpas\iso_heap.h">
      <Filter>Header Files</Filter>
    </CustomBuild>
    <CustomBuild Include="C:\Users\Admin\source\repos\!OpenCode\Apotheosis\WebKit\Source\bmalloc\libpas\src\libpas\iso_heap_config.h">
      <Filter>Header Files</Filter>
    </CustomBuild>
    <CustomBuild Include="C:\Users\Admin\source\repos\!OpenCode\Apotheosis\WebKit\Source\bmalloc\libpas\src\libpas\iso_heap_inlines.h">
      <Filter>Header Files</Filter>
    </CustomBuild>
    <CustomBuild Include="C:\Users\Admin\source\repos\!OpenCode\Apotheosis\WebKit\Source\bmalloc\libpas\src\libpas\iso_heap_innards.h">
      <Filter>Header Files</Filter>
    </CustomBuild>
    <CustomBuild Include="C:\Users\Admin\source\repos\!OpenCode\Apotheosis\WebKit\Source\bmalloc\libpas\src\libpas\iso_heap_ref.h">
      <Filter>Header Files</Filter>
    </CustomBuild>
    <CustomBuild Include="C:\Users\Admin\source\repos\!OpenCode\Apotheosis\WebKit\Source\bmalloc\libpas\src\libpas\iso_test_heap.h">
      <Filter>Header Files</Filter>
    </CustomBuild>
    <CustomBuild Include="C:\Users\Admin\source\repos\!OpenCode\Apotheosis\WebKit\Source\bmalloc\libpas\src\libpas\iso_test_heap_config.h">
      <Filter>Header Files</Filter>
    </CustomBuild>
    <CustomBuild Include="C:\Users\Admin\source\repos\!OpenCode\Apotheosis\WebKit\Source\bmalloc\libpas\src\libpas\jit_heap.h">
      <Filter>Header Files</Filter>
    </CustomBuild>
    <CustomBuild Include="C:\Users\Admin\source\repos\!OpenCode\Apotheosis\WebKit\Source\bmalloc\libpas\src\libpas\jit_heap_config.h">
      <Filter>Header Files</Filter>
    </CustomBuild>
    <CustomBuild Include="C:\Users\Admin\source\repos\!OpenCode\Apotheosis\WebKit\Source\bmalloc\libpas\src\libpas\jit_heap_config_root_data.h">
      <Filter>Header Files</Filter>
    </CustomBuild>
    <CustomBuild Include="C:\Users\Admin\source\repos\!OpenCode\Apotheosis\WebKit\Source\bmalloc\libpas\src\libpas\minalign32_heap.h">
      <Filter>Header Files</Filter>
    </CustomBuild>
    <CustomBuild Include="C:\Users\Admin\source\repos\!OpenCode\Apotheosis\WebKit\Source\bmalloc\libpas\src\libpas\minalign32_heap_config.h">
      <Filter>Header Files</Filter>
    </CustomBuild>
    <CustomBuild Include="C:\Users\Admin\source\repos\!OpenCode\Apotheosis\WebKit\Source\bmalloc\libpas\src\libpas\pagesize64k_heap.h">
      <Filter>Header Files</Filter>
    </CustomBuild>
    <CustomBuild Include="C:\Users\Admin\source\repos\!OpenCode\Apotheosis\WebKit\Source\bmalloc\libpas\src\libpas\pagesize64k_heap_config.h">
      <Filter>Header Files</Filter>
    </CustomBuild>
    <CustomBuild Include="C:\Users\Admin\source\repos\!OpenCode\Apotheosis\WebKit\Source\bmalloc\libpas\src\libpas\pas_aligned_allocation_result.h">
      <Filter>Header Files</Filter>
    </CustomBuild>
    <CustomBuild Include="C:\Users\Admin\source\repos\!OpenCode\Apotheosis\WebKit\Source\bmalloc\libpas\src\libpas\pas_aligned_allocator.h">
      <Filter>Header Files</Filter>
    </CustomBuild>
    <CustomBuild Include="C:\Users\Admin\source\repos\!OpenCode\Apotheosis\WebKit\Source\bmalloc\libpas\src\libpas\pas_alignment.h">
      <Filter>Header Files</Filter>
    </CustomBuild>
    <CustomBuild Include="C:\Users\Admin\source\repos\!OpenCode\Apotheosis\WebKit\Source\bmalloc\libpas\src\libpas\pas_all_heap_configs.h">
      <Filter>Header Files</Filter>
    </CustomBuild>
    <CustomBuild Include="C:\Users\Admin\source\repos\!OpenCode\Apotheosis\WebKit\Source\bmalloc\libpas\src\libpas\pas_all_heaps.h">
      <Filter>Header Files</Filter>
    </CustomBuild>
    <CustomBuild Include="C:\Users\Admin\source\repos\!OpenCode\Apotheosis\WebKit\Source\bmalloc\libpas\src\libpas\pas_all_shared_page_directories.h">
      <Filter>Header Files</Filter>
    </CustomBuild>
    <CustomBuild Include="C:\Users\Admin\source\repos\!OpenCode\Apotheosis\WebKit\Source\bmalloc\libpas\src\libpas\pas_allocation_callbacks.h">
      <Filter>Header Files</Filter>
    </CustomBuild>
    <CustomBuild Include="C:\Users\Admin\source\repos\!OpenCode\Apotheosis\WebKit\Source\bmalloc\libpas\src\libpas\pas_allocation_config.h">
      <Filter>Header Files</Filter>
    </CustomBuild>
    <CustomBuild Include="C:\Users\Admin\source\repos\!OpenCode\Apotheosis\WebKit\Source\bmalloc\libpas\src\libpas\pas_allocation_kind.h">
      <Filter>Header Files</Filter>
    </CustomBuild>
    <CustomBuild Include="C:\Users\Admin\source\repos\!OpenCode\Apotheosis\WebKit\Source\bmalloc\libpas\src\libpas\pas_allocation_mode.h">
      <Filter>Header Files</Filter>
    </CustomBuild>
    <CustomBuild Include="C:\Users\Admin\source\repos\!OpenCode\Apotheosis\WebKit\Source\bmalloc\libpas\src\libpas\pas_allocation_result.h">
      <Filter>Header Files</Filter>
    </CustomBuild>
    <CustomBuild Include="C:\Users\Admin\source\repos\!OpenCode\Apotheosis\WebKit\Source\bmalloc\libpas\src\libpas\pas_allocator_counts.h">
      <Filter>Header Files</Filter>
    </CustomBuild>
    <CustomBuild Include="C:\Users\Admin\source\repos\!OpenCode\Apotheosis\WebKit\Source\bmalloc\libpas\src\libpas\pas_allocator_index.h">
      <Filter>Header Files</Filter>
    </CustomBuild>
    <CustomBuild Include="C:\Users\Admin\source\repos\!OpenCode\Apotheosis\WebKit\Source\bmalloc\libpas\src\libpas\pas_allocator_scavenge_action.h">
      <Filter>Header Files</Filter>
    </CustomBuild>
    <CustomBuild Include="C:\Users\Admin\source\repos\!OpenCode\Apotheosis\WebKit\Source\bmalloc\libpas\src\libpas\pas_baseline_allocator.h">
      <Filter>Header Files</Filter>
    </CustomBuild>
    <CustomBuild Include="C:\Users\Admin\source\repos\!OpenCode\Apotheosis\WebKit\Source\bmalloc\libpas\src\libpas\pas_baseline_allocator_result.h">
      <Filter>Header Files</Filter>
    </CustomBuild>
    <CustomBuild Include="C:\Users\Admin\source\repos\!OpenCode\Apotheosis\WebKit\Source\bmalloc\libpas\src\libpas\pas_baseline_allocator_table.h">
      <Filter>Header Files</Filter>
    </CustomBuild>
    <CustomBuild Include="C:\Users\Admin\source\repos\!OpenCode\Apotheosis\WebKit\Source\bmalloc\libpas\src\libpas\pas_basic_heap_config_enumerator_data.h">
      <Filter>Header Files</Filter>
    </CustomBuild>
    <CustomBuild Include="C:\Users\Admin\source\repos\!OpenCode\Apotheosis\WebKit\Source\bmalloc\libpas\src\libpas\pas_basic_heap_config_root_data.h">
      <Filter>Header Files</Filter>
    </CustomBuild>
    <CustomBuild Include="C:\Users\Admin\source\repos\!OpenCode\Apotheosis\WebKit\Source\bmalloc\libpas\src\libpas\pas_basic_heap_page_caches.h">
      <Filter>Header Files</Filter>
    </CustomBuild>
    <CustomBuild Include="C:\Users\Admin\source\repos\!OpenCode\Apotheosis\WebKit\Source\bmalloc\libpas\src\libpas\pas_basic_heap_runtime_config.h">
      <Filter>Header Files</Filter>
    </CustomBuild>
    <CustomBuild Include="C:\Users\Admin\source\repos\!OpenCode\Apotheosis\WebKit\Source\bmalloc\libpas\src\libpas\pas_biasing_directory_kind.h">
      <Filter>Header Files</Filter>
    </CustomBuild>
    <CustomBuild Include="C:\Users\Admin\source\repos\!OpenCode\Apotheosis\WebKit\Source\bmalloc\libpas\src\libpas\pas_bitfield_vector.h">
      <Filter>Header Files</Filter>
    </CustomBuild>
    <CustomBuild Include="C:\Users\Admin\source\repos\!OpenCode\Apotheosis\WebKit\Source\bmalloc\libpas\src\libpas\pas_bitfit_allocation_result.h">
      <Filter>Header Files</Filter>
    </CustomBuild>
    <CustomBuild Include="C:\Users\Admin\source\repos\!OpenCode\Apotheosis\WebKit\Source\bmalloc\libpas\src\libpas\pas_bitfit_allocator.h">
      <Filter>Header Files</Filter>
    </CustomBuild>
    <CustomBuild Include="C:\Users\Admin\source\repos\!OpenCode\Apotheosis\WebKit\Source\bmalloc\libpas\src\libpas\pas_bitfit_allocator_inlines.h">
      <Filter>Header Files</Filter>
    </CustomBuild>
    <CustomBuild Include="C:\Users\Admin\source\repos\!OpenCode\Apotheosis\WebKit\Source\bmalloc\libpas\src\libpas\pas_bitfit_directory.h">
      <Filter>Header Files</Filter>
    </CustomBuild>
    <CustomBuild Include="C:\Users\Admin\source\repos\!OpenCode\Apotheosis\WebKit\Source\bmalloc\libpas\src\libpas\pas_bitfit_directory_inlines.h">
      <Filter>Header Files</Filter>
    </CustomBuild>
    <CustomBuild Include="C:\Users\Admin\source\repos\!OpenCode\Apotheosis\WebKit\Source\bmalloc\libpas\src\libpas\pas_bitfit_heap.h">
      <Filter>Header Files</Filter>
    </CustomBuild>
    <CustomBuild Include="C:\Users\Admin\source\repos\!OpenCode\Apotheosis\WebKit\Source\bmalloc\libpas\src\libpas\pas_bitfit_max_free.h">
      <Filter>Header Files</Filter>
    </CustomBuild>
    <CustomBuild Include="C:\Users\Admin\source\repos\!OpenCode\Apotheosis\WebKit\Source\bmalloc\libpas\src\libpas\pas_bitfit_page.h">
      <Filter>Header Files</Filter>
    </CustomBuild>
    <CustomBuild Include="C:\Users\Admin\source\repos\!OpenCode\Apotheosis\WebKit\Source\bmalloc\libpas\src\libpas\pas_bitfit_page_config.h">
      <Filter>Header Files</Filter>
    </CustomBuild>
    <CustomBuild Include="C:\Users\Admin\source\repos\!OpenCode\Apotheosis\WebKit\Source\bmalloc\libpas\src\libpas\pas_bitfit_page_config_inlines.h">
      <Filter>Header Files</Filter>
    </CustomBuild>
    <CustomBuild Include="C:\Users\Admin\source\repos\!OpenCode\Apotheosis\WebKit\Source\bmalloc\libpas\src\libpas\pas_bitfit_page_config_kind.def">
      <Filter>Source Files</Filter>
    </CustomBuild>
    <CustomBuild Include="C:\Users\Admin\source\repos\!OpenCode\Apotheosis\WebKit\Source\bmalloc\libpas\src\libpas\pas_bitfit_page_config_kind.h">
      <Filter>Header Files</Filter>
    </CustomBuild>
    <CustomBuild Include="C:\Users\Admin\source\repos\!OpenCode\Apotheosis\WebKit\Source\bmalloc\libpas\src\libpas\pas_bitfit_page_config_utils.h">
      <Filter>Header Files</Filter>
    </CustomBuild>
    <CustomBuild Include="C:\Users\Admin\source\repos\!OpenCode\Apotheosis\WebKit\Source\bmalloc\libpas\src\libpas\pas_bitfit_page_config_utils_inlines.h">
      <Filter>Header Files</Filter>
    </CustomBuild>
    <CustomBuild Include="C:\Users\Admin\source\repos\!OpenCode\Apotheosis\WebKit\Source\bmalloc\libpas\src\libpas\pas_bitfit_page_config_variant.h">
      <Filter>Header Files</Filter>
    </CustomBuild>
    <CustomBuild Include="C:\Users\Admin\source\repos\!OpenCode\Apotheosis\WebKit\Source\bmalloc\libpas\src\libpas\pas_bitfit_page_inlines.h">
      <Filter>Header Files</Filter>
    </CustomBuild>
    <CustomBuild Include="C:\Users\Admin\source\repos\!OpenCode\Apotheosis\WebKit\Source\bmalloc\libpas\src\libpas\pas_bitfit_size_class.h">
      <Filter>Header Files</Filter>
    </CustomBuild>
    <CustomBuild Include="C:\Users\Admin\source\repos\!OpenCode\Apotheosis\WebKit\Source\bmalloc\libpas\src\libpas\pas_bitfit_view.h">
      <Filter>Header Files</Filter>
    </CustomBuild>
    <CustomBuild Include="C:\Users\Admin\source\repos\!OpenCode\Apotheosis\WebKit\Source\bmalloc\libpas\src\libpas\pas_bitfit_view_and_index.h">
      <Filter>Header Files</Filter>
    </CustomBuild>
    <CustomBuild Include="C:\Users\Admin\source\repos\!OpenCode\Apotheosis\WebKit\Source\bmalloc\libpas\src\libpas\pas_bitfit_view_inlines.h">
      <Filter>Header Files</Filter>
    </CustomBuild>
    <CustomBuild Include="C:\Users\Admin\source\repos\!OpenCode\Apotheosis\WebKit\Source\bmalloc\libpas\src\libpas\pas_bitvector.h">
      <Filter>Header Files</Filter>
    </CustomBuild>
    <CustomBuild Include="C:\Users\Admin\source\repos\!OpenCode\Apotheosis\WebKit\Source\bmalloc\libpas\src\libpas\pas_bootstrap_free_heap.h">
      <Filter>Header Files</Filter>
    </CustomBuild>
    <CustomBuild Include="C:\Users\Admin\source\repos\!OpenCode\Apotheosis\WebKit\Source\bmalloc\libpas\src\libpas\pas_bootstrap_heap_page_provider.h">
      <Filter>Header Files</Filter>
    </CustomBuild>
    <CustomBuild Include="C:\Users\Admin\source\repos\!OpenCode\Apotheosis\WebKit\Source\bmalloc\libpas\src\libpas\pas_cares_about_size_mode.h">
      <Filter>Header Files</Filter>
    </CustomBuild>
    <CustomBuild Include="C:\Users\Admin\source\repos\!OpenCode\Apotheosis\WebKit\Source\bmalloc\libpas\src\libpas\pas_cartesian_tree.h">
      <Filter>Header Files</Filter>
    </CustomBuild>
    <CustomBuild Include="C:\Users\Admin\source\repos\!OpenCode\Apotheosis\WebKit\Source\bmalloc\libpas\src\libpas\pas_coalign.h">
      <Filter>Header Files</Filter>
    </CustomBuild>
    <CustomBuild Include="C:\Users\Admin\source\repos\!OpenCode\Apotheosis\WebKit\Source\bmalloc\libpas\src\libpas\pas_commit_mode.h">
      <Filter>Header Files</Filter>
    </CustomBuild>
    <CustomBuild Include="C:\Users\Admin\source\repos\!OpenCode\Apotheosis\WebKit\Source\bmalloc\libpas\src\libpas\pas_commit_span.h">
      <Filter>Header Files</Filter>
    </CustomBuild>
    <CustomBuild Include="C:\Users\Admin\source\repos\!OpenCode\Apotheosis\WebKit\Source\bmalloc\libpas\src\libpas\pas_committed_pages_vector.h">
      <Filter>Header Files</Filter>
    </CustomBuild>
    <CustomBuild Include="C:\Users\Admin\source\repos\!OpenCode\Apotheosis\WebKit\Source\bmalloc\libpas\src\libpas\pas_compact_atomic_allocator_index_ptr.h">
      <Filter>Header Files</Filter>
    </CustomBuild>
    <CustomBuild Include="C:\Users\Admin\source\repos\!OpenCode\Apotheosis\WebKit\Source\bmalloc\libpas\src\libpas\pas_compact_atomic_biasing_directory_ptr.h">
      <Filter>Header Files</Filter>
    </CustomBuild>
    <CustomBuild Include="C:\Users\Admin\source\repos\!OpenCode\Apotheosis\WebKit\Source\bmalloc\libpas\src\libpas\pas_compact_atomic_bitfit_biasing_directory_ptr.h">
      <Filter>Header Files</Filter>
    </CustomBuild>
    <CustomBuild Include="C:\Users\Admin\source\repos\!OpenCode\Apotheosis\WebKit\Source\bmalloc\libpas\src\libpas\pas_compact_atomic_bitfit_global_size_class_ptr.h">
      <Filter>Header Files</Filter>
    </CustomBuild>
    <CustomBuild Include="C:\Users\Admin\source\repos\!OpenCode\Apotheosis\WebKit\Source\bmalloc\libpas\src\libpas\pas_compact_atomic_bitfit_heap_ptr.h">
      <Filter>Header Files</Filter>
    </CustomBuild>
    <CustomBuild Include="C:\Users\Admin\source\repos\!OpenCode\Apotheosis\WebKit\Source\bmalloc\libpas\src\libpas\pas_compact_atomic_bitfit_size_class_ptr.h">
      <Filter>Header Files</Filter>
    </CustomBuild>
    <CustomBuild Include="C:\Users\Admin\source\repos\!OpenCode\Apotheosis\WebKit\Source\bmalloc\libpas\src\libpas\pas_compact_atomic_bitfit_view_ptr.h">
      <Filter>Header Files</Filter>
    </CustomBuild>
    <CustomBuild Include="C:\Users\Admin\source\repos\!OpenCode\Apotheosis\WebKit\Source\bmalloc\libpas\src\libpas\pas_compact_atomic_enumerable_range_list_chunk_ptr.h">
      <Filter>Header Files</Filter>
    </CustomBuild>
    <CustomBuild Include="C:\Users\Admin\source\repos\!OpenCode\Apotheosis\WebKit\Source\bmalloc\libpas\src\libpas\pas_compact_atomic_page_sharing_pool_ptr.h">
      <Filter>Header Files</Filter>
    </CustomBuild>
    <CustomBuild Include="C:\Users\Admin\source\repos\!OpenCode\Apotheosis\WebKit\Source\bmalloc\libpas\src\libpas\pas_compact_atomic_ptr.h">
      <Filter>Header Files</Filter>
    </CustomBuild>
    <CustomBuild Include="C:\Users\Admin\source\repos\!OpenCode\Apotheosis\WebKit\Source\bmalloc\libpas\src\libpas\pas_compact_atomic_segregated_exclusive_view_ptr.h">
      <Filter>Header Files</Filter>
    </CustomBuild>
    <CustomBuild Include="C:\Users\Admin\source\repos\!OpenCode\Apotheosis\WebKit\Source\bmalloc\libpas\src\libpas\pas_compact_atomic_segregated_heap_page_sharing_pools_ptr.h">
      <Filter>Header Files</Filter>
    </CustomBuild>
    <CustomBuild Include="C:\Users\Admin\source\repos\!OpenCode\Apotheosis\WebKit\Source\bmalloc\libpas\src\libpas\pas_compact_atomic_segregated_partial_view_ptr.h">
      <Filter>Header Files</Filter>
    </CustomBuild>
    <CustomBuild Include="C:\Users\Admin\source\repos\!OpenCode\Apotheosis\WebKit\Source\bmalloc\libpas\src\libpas\pas_compact_atomic_segregated_size_directory_ptr.h">
      <Filter>Header Files</Filter>
    </CustomBuild>
    <CustomBuild Include="C:\Users\Admin\source\repos\!OpenCode\Apotheosis\WebKit\Source\bmalloc\libpas\src\libpas\pas_compact_atomic_segregated_view.h">
      <Filter>Header Files</Filter>
    </CustomBuild>
    <CustomBuild Include="C:\Users\Admin\source\repos\!OpenCode\Apotheosis\WebKit\Source\bmalloc\libpas\src\libpas\pas_compact_atomic_thread_local_cache_layout_node.h">
      <Filter>Header Files</Filter>
    </CustomBuild>
    <CustomBuild Include="C:\Users\Admin\source\repos\!OpenCode\Apotheosis\WebKit\Source\bmalloc\libpas\src\libpas\pas_compact_atomic_unsigned_ptr.h">
      <Filter>Header Files</Filter>
    </CustomBuild>
    <CustomBuild Include="C:\Users\Admin\source\repos\!OpenCode\Apotheosis\WebKit\Source\bmalloc\libpas\src\libpas\pas_compact_biasing_directory_ptr.h">
      <Filter>Header Files</Filter>
    </CustomBuild>
    <CustomBuild Include="C:\Users\Admin\source\repos\!OpenCode\Apotheosis\WebKit\Source\bmalloc\libpas\src\libpas\pas_compact_bitfit_directory_ptr.h">
      <Filter>Header Files</Filter>
    </CustomBuild>
    <CustomBuild Include="C:\Users\Admin\source\repos\!OpenCode\Apotheosis\WebKit\Source\bmalloc\libpas\src\libpas\pas_compact_bitfit_global_directory_ptr.h">
      <Filter>Header Files</Filter>
    </CustomBuild>
    <CustomBuild Include="C:\Users\Admin\source\repos\!OpenCode\Apotheosis\WebKit\Source\bmalloc\libpas\src\libpas\pas_compact_bitfit_view_ptr.h">
      <Filter>Header Files</Filter>
    </CustomBuild>
    <CustomBuild Include="C:\Users\Admin\source\repos\!OpenCode\Apotheosis\WebKit\Source\bmalloc\libpas\src\libpas\pas_compact_bootstrap_free_heap.h">
      <Filter>Header Files</Filter>
    </CustomBuild>
    <CustomBuild Include="C:\Users\Admin\source\repos\!OpenCode\Apotheosis\WebKit\Source\bmalloc\libpas\src\libpas\pas_compact_cartesian_tree_node_ptr.h">
      <Filter>Header Files</Filter>
    </CustomBuild>
    <CustomBuild Include="C:\Users\Admin\source\repos\!OpenCode\Apotheosis\WebKit\Source\bmalloc\libpas\src\libpas\pas_compact_expendable_memory.h">
      <Filter>Header Files</Filter>
    </CustomBuild>
    <CustomBuild Include="C:\Users\Admin\source\repos\!OpenCode\Apotheosis\WebKit\Source\bmalloc\libpas\src\libpas\pas_compact_heap_ptr.h">
      <Filter>Header Files</Filter>
    </CustomBuild>
    <CustomBuild Include="C:\Users\Admin\source\repos\!OpenCode\Apotheosis\WebKit\Source\bmalloc\libpas\src\libpas\pas_compact_heap_reservation.h">
      <Filter>Header Files</Filter>
    </CustomBuild>
    <CustomBuild Include="C:\Users\Admin\source\repos\!OpenCode\Apotheosis\WebKit\Source\bmalloc\libpas\src\libpas\pas_compact_large_utility_free_heap.h">
      <Filter>Header Files</Filter>
    </CustomBuild>
    <CustomBuild Include="C:\Users\Admin\source\repos\!OpenCode\Apotheosis\WebKit\Source\bmalloc\libpas\src\libpas\pas_compact_page_granule_use_count_ptr.h">
      <Filter>Header Files</Filter>
    </CustomBuild>
    <CustomBuild Include="C:\Users\Admin\source\repos\!OpenCode\Apotheosis\WebKit\Source\bmalloc\libpas\src\libpas\pas_compact_ptr.h">
      <Filter>Header Files</Filter>
    </CustomBuild>
    <CustomBuild Include="C:\Users\Admin\source\repos\!OpenCode\Apotheosis\WebKit\Source\bmalloc\libpas\src\libpas\pas_compact_segregated_biasing_directory_ptr.h">
      <Filter>Header Files</Filter>
    </CustomBuild>
    <CustomBuild Include="C:\Users\Admin\source\repos\!OpenCode\Apotheosis\WebKit\Source\bmalloc\libpas\src\libpas\pas_compact_segregated_exclusive_view_ptr.h">
      <Filter>Header Files</Filter>
    </CustomBuild>
    <CustomBuild Include="C:\Users\Admin\source\repos\!OpenCode\Apotheosis\WebKit\Source\bmalloc\libpas\src\libpas\pas_compact_segregated_heap_ptr.h">
      <Filter>Header Files</Filter>
    </CustomBuild>
    <CustomBuild Include="C:\Users\Admin\source\repos\!OpenCode\Apotheosis\WebKit\Source\bmalloc\libpas\src\libpas\pas_compact_segregated_shared_page_directory_ptr.h">
      <Filter>Header Files</Filter>
    </CustomBuild>
    <CustomBuild Include="C:\Users\Admin\source\repos\!OpenCode\Apotheosis\WebKit\Source\bmalloc\libpas\src\libpas\pas_compact_segregated_shared_view_ptr.h">
      <Filter>Header Files</Filter>
    </CustomBuild>
    <CustomBuild Include="C:\Users\Admin\source\repos\!OpenCode\Apotheosis\WebKit\Source\bmalloc\libpas\src\libpas\pas_compact_segregated_size_directory_ptr.h">
      <Filter>Header Files</Filter>
    </CustomBuild>
    <CustomBuild Include="C:\Users\Admin\source\repos\!OpenCode\Apotheosis\WebKit\Source\bmalloc\libpas\src\libpas\pas_compact_segregated_view.h">
      <Filter>Header Files</Filter>
    </CustomBuild>
    <CustomBuild Include="C:\Users\Admin\source\repos\!OpenCode\Apotheosis\WebKit\Source\bmalloc\libpas\src\libpas\pas_compact_tagged_atomic_ptr.h">
      <Filter>Header Files</Filter>
    </CustomBuild>
    <CustomBuild Include="C:\Users\Admin\source\repos\!OpenCode\Apotheosis\WebKit\Source\bmalloc\libpas\src\libpas\pas_compact_tagged_page_granule_use_count_ptr.h">
      <Filter>Header Files</Filter>
    </CustomBuild>
    <CustomBuild Include="C:\Users\Admin\source\repos\!OpenCode\Apotheosis\WebKit\Source\bmalloc\libpas\src\libpas\pas_compact_tagged_ptr.h">
      <Filter>Header Files</Filter>
    </CustomBuild>
    <CustomBuild Include="C:\Users\Admin\source\repos\!OpenCode\Apotheosis\WebKit\Source\bmalloc\libpas\src\libpas\pas_compact_tagged_unsigned_ptr.h">
      <Filter>Header Files</Filter>
    </CustomBuild>
    <CustomBuild Include="C:\Users\Admin\source\repos\!OpenCode\Apotheosis\WebKit\Source\bmalloc\libpas\src\libpas\pas_compact_thread_local_cache_layout_node.h">
      <Filter>Header Files</Filter>
    </CustomBuild>
    <CustomBuild Include="C:\Users\Admin\source\repos\!OpenCode\Apotheosis\WebKit\Source\bmalloc\libpas\src\libpas\pas_compact_unsigned_ptr.h">
      <Filter>Header Files</Filter>
    </CustomBuild>
    <CustomBuild Include="C:\Users\Admin\source\repos\!OpenCode\Apotheosis\WebKit\Source\bmalloc\libpas\src\libpas\pas_compute_summary_object_callbacks.h">
      <Filter>Header Files</Filter>
    </CustomBuild>
    <CustomBuild Include="C:\Users\Admin\source\repos\!OpenCode\Apotheosis\WebKit\Source\bmalloc\libpas\src\libpas\pas_config.h">
      <Filter>Header Files</Filter>
    </CustomBuild>
    <CustomBuild Include="C:\Users\Admin\source\repos\!OpenCode\Apotheosis\WebKit\Source\bmalloc\libpas\src\libpas\pas_config_prefix.h">
      <Filter>Header Files</Filter>
    </CustomBuild>
    <CustomBuild Include="C:\Users\Admin\source\repos\!OpenCode\Apotheosis\WebKit\Source\bmalloc\libpas\src\libpas\pas_create_basic_heap_page_caches_with_reserved_memory.h">
      <Filter>Header Files</Filter>
    </CustomBuild>
    <CustomBuild Include="C:\Users\Admin\source\repos\!OpenCode\Apotheosis\WebKit\Source\bmalloc\libpas\src\libpas\pas_darwin_spi.h">
      <Filter>Header Files</Filter>
    </CustomBuild>
    <CustomBuild Include="C:\Users\Admin\source\repos\!OpenCode\Apotheosis\WebKit\Source\bmalloc\libpas\src\libpas\pas_deallocate.h">
      <Filter>Header Files</Filter>
    </CustomBuild>
    <CustomBuild Include="C:\Users\Admin\source\repos\!OpenCode\Apotheosis\WebKit\Source\bmalloc\libpas\src\libpas\pas_deallocation_mode.h">
      <Filter>Header Files</Filter>
    </CustomBuild>
    <CustomBuild Include="C:\Users\Admin\source\repos\!OpenCode\Apotheosis\WebKit\Source\bmalloc\libpas\src\libpas\pas_deallocator.h">
      <Filter>Header Files</Filter>
    </CustomBuild>
    <CustomBuild Include="C:\Users\Admin\source\repos\!OpenCode\Apotheosis\WebKit\Source\bmalloc\libpas\src\libpas\pas_deallocator_scavenge_action.h">
      <Filter>Header Files</Filter>
    </CustomBuild>
    <CustomBuild Include="C:\Users\Admin\source\repos\!OpenCode\Apotheosis\WebKit\Source\bmalloc\libpas\src\libpas\pas_debug_spectrum.h">
      <Filter>Header Files</Filter>
    </CustomBuild>
    <CustomBuild Include="C:\Users\Admin\source\repos\!OpenCode\Apotheosis\WebKit\Source\bmalloc\libpas\src\libpas\pas_decommit_exclusion_range.h">
      <Filter>Header Files</Filter>
    </CustomBuild>
    <CustomBuild Include="C:\Users\Admin\source\repos\!OpenCode\Apotheosis\WebKit\Source\bmalloc\libpas\src\libpas\pas_deferred_decommit_log.h">
      <Filter>Header Files</Filter>
    </CustomBuild>
    <CustomBuild Include="C:\Users\Admin\source\repos\!OpenCode\Apotheosis\WebKit\Source\bmalloc\libpas\src\libpas\pas_designated_intrinsic_heap.h">
      <Filter>Header Files</Filter>
    </CustomBuild>
    <CustomBuild Include="C:\Users\Admin\source\repos\!OpenCode\Apotheosis\WebKit\Source\bmalloc\libpas\src\libpas\pas_designated_intrinsic_heap_inlines.h">
      <Filter>Header Files</Filter>
    </CustomBuild>
    <CustomBuild Include="C:\Users\Admin\source\repos\!OpenCode\Apotheosis\WebKit\Source\bmalloc\libpas\src\libpas\pas_dyld_state.h">
      <Filter>Header Files</Filter>
    </CustomBuild>
    <CustomBuild Include="C:\Users\Admin\source\repos\!OpenCode\Apotheosis\WebKit\Source\bmalloc\libpas\src\libpas\pas_dynamic_primitive_heap_map.h">
      <Filter>Header Files</Filter>
    </CustomBuild>
    <CustomBuild Include="C:\Users\Admin\source\repos\!OpenCode\Apotheosis\WebKit\Source\bmalloc\libpas\src\libpas\pas_ensure_heap_forced_into_reserved_memory.h">
      <Filter>Header Files</Filter>
    </CustomBuild>
    <CustomBuild Include="C:\Users\Admin\source\repos\!OpenCode\Apotheosis\WebKit\Source\bmalloc\libpas\src\libpas\pas_ensure_heap_with_page_caches.h">
      <Filter>Header Files</Filter>
    </CustomBuild>
    <CustomBuild Include="C:\Users\Admin\source\repos\!OpenCode\Apotheosis\WebKit\Source\bmalloc\libpas\src\libpas\pas_enumerable_page_malloc.h">
      <Filter>Header Files</Filter>
    </CustomBuild>
    <CustomBuild Include="C:\Users\Admin\source\repos\!OpenCode\Apotheosis\WebKit\Source\bmalloc\libpas\src\libpas\pas_enumerable_range_list.h">
      <Filter>Header Files</Filter>
    </CustomBuild>
    <CustomBuild Include="C:\Users\Admin\source\repos\!OpenCode\Apotheosis\WebKit\Source\bmalloc\libpas\src\libpas\pas_enumerate_bitfit_heaps.h">
      <Filter>Header Files</Filter>
    </CustomBuild>
    <CustomBuild Include="C:\Users\Admin\source\repos\!OpenCode\Apotheosis\WebKit\Source\bmalloc\libpas\src\libpas\pas_enumerate_initially_unaccounted_pages.h">
      <Filter>Header Files</Filter>
    </CustomBuild>
    <CustomBuild Include="C:\Users\Admin\source\repos\!OpenCode\Apotheosis\WebKit\Source\bmalloc\libpas\src\libpas\pas_enumerate_large_heaps.h">
      <Filter>Header Files</Filter>
    </CustomBuild>
    <CustomBuild Include="C:\Users\Admin\source\repos\!OpenCode\Apotheosis\WebKit\Source\bmalloc\libpas\src\libpas\pas_enumerate_segregated_heaps.h">
      <Filter>Header Files</Filter>
    </CustomBuild>
    <CustomBuild Include="C:\Users\Admin\source\repos\!OpenCode\Apotheosis\WebKit\Source\bmalloc\libpas\src\libpas\pas_enumerate_unaccounted_pages_as_meta.h">
      <Filter>Header Files</Filter>
    </CustomBuild>
    <CustomBuild Include="C:\Users\Admin\source\repos\!OpenCode\Apotheosis\WebKit\Source\bmalloc\libpas\src\libpas\pas_enumerator.h">
      <Filter>Header Files</Filter>
    </CustomBuild>
    <CustomBuild Include="C:\Users\Admin\source\repos\!OpenCode\Apotheosis\WebKit\Source\bmalloc\libpas\src\libpas\pas_enumerator_internal.h">
      <Filter>Header Files</Filter>
    </CustomBuild>
    <CustomBuild Include="C:\Users\Admin\source\repos\!OpenCode\Apotheosis\WebKit\Source\bmalloc\libpas\src\libpas\pas_enumerator_region.h">
      <Filter>Header Files</Filter>
    </CustomBuild>
    <CustomBuild Include="C:\Users\Admin\source\repos\!OpenCode\Apotheosis\WebKit\Source\bmalloc\libpas\src\libpas\pas_epoch.h">
      <Filter>Header Files</Filter>
    </CustomBuild>
    <CustomBuild Include="C:\Users\Admin\source\repos\!OpenCode\Apotheosis\WebKit\Source\bmalloc\libpas\src\libpas\pas_exclusive_view_template_memo_table.h">
      <Filter>Header Files</Filter>
    </CustomBuild>
    <CustomBuild Include="C:\Users\Admin\source\repos\!OpenCode\Apotheosis\WebKit\Source\bmalloc\libpas\src\libpas\pas_expendable_memory.h">
      <Filter>Header Files</Filter>
    </CustomBuild>
    <CustomBuild Include="C:\Users\Admin\source\repos\!OpenCode\Apotheosis\WebKit\Source\bmalloc\libpas\src\libpas\pas_extended_gcd.h">
      <Filter>Header Files</Filter>
    </CustomBuild>
    <CustomBuild Include="C:\Users\Admin\source\repos\!OpenCode\Apotheosis\WebKit\Source\bmalloc\libpas\src\libpas\pas_fast_large_free_heap.h">
      <Filter>Header Files</Filter>
    </CustomBuild>
    <CustomBuild Include="C:\Users\Admin\source\repos\!OpenCode\Apotheosis\WebKit\Source\bmalloc\libpas\src\libpas\pas_fast_megapage_cache.h">
      <Filter>Header Files</Filter>
    </CustomBuild>
    <CustomBuild Include="C:\Users\Admin\source\repos\!OpenCode\Apotheosis\WebKit\Source\bmalloc\libpas\src\libpas\pas_fast_megapage_kind.h">
      <Filter>Header Files</Filter>
    </CustomBuild>
    <CustomBuild Include="C:\Users\Admin\source\repos\!OpenCode\Apotheosis\WebKit\Source\bmalloc\libpas\src\libpas\pas_fast_megapage_table.h">
      <Filter>Header Files</Filter>
    </CustomBuild>
    <CustomBuild Include="C:\Users\Admin\source\repos\!OpenCode\Apotheosis\WebKit\Source\bmalloc\libpas\src\libpas\pas_fast_path_allocation_result.h">
      <Filter>Header Files</Filter>
    </CustomBuild>
    <CustomBuild Include="C:\Users\Admin\source\repos\!OpenCode\Apotheosis\WebKit\Source\bmalloc\libpas\src\libpas\pas_fast_path_allocation_result_kind.h">
      <Filter>Header Files</Filter>
    </CustomBuild>
    <CustomBuild Include="C:\Users\Admin\source\repos\!OpenCode\Apotheosis\WebKit\Source\bmalloc\libpas\src\libpas\pas_fast_tls.h">
      <Filter>Header Files</Filter>
    </CustomBuild>
    <CustomBuild Include="C:\Users\Admin\source\repos\!OpenCode\Apotheosis\WebKit\Source\bmalloc\libpas\src\libpas\pas_fd_stream.h">
      <Filter>Header Files</Filter>
    </CustomBuild>
    <CustomBuild Include="C:\Users\Admin\source\repos\!OpenCode\Apotheosis\WebKit\Source\bmalloc\libpas\src\libpas\pas_first_level_tiny_large_map_entry.h">
      <Filter>Header Files</Filter>
    </CustomBuild>
    <CustomBuild Include="C:\Users\Admin\source\repos\!OpenCode\Apotheosis\WebKit\Source\bmalloc\libpas\src\libpas\pas_found_bit_index.h">
      <Filter>Header Files</Filter>
    </CustomBuild>
    <CustomBuild Include="C:\Users\Admin\source\repos\!OpenCode\Apotheosis\WebKit\Source\bmalloc\libpas\src\libpas\pas_found_index.h">
      <Filter>Header Files</Filter>
    </CustomBuild>
    <CustomBuild Include="C:\Users\Admin\source\repos\!OpenCode\Apotheosis\WebKit\Source\bmalloc\libpas\src\libpas\pas_free_granules.h">
      <Filter>Header Files</Filter>
    </CustomBuild>
    <CustomBuild Include="C:\Users\Admin\source\repos\!OpenCode\Apotheosis\WebKit\Source\bmalloc\libpas\src\libpas\pas_free_mode.h">
      <Filter>Header Files</Filter>
    </CustomBuild>
    <CustomBuild Include="C:\Users\Admin\source\repos\!OpenCode\Apotheosis\WebKit\Source\bmalloc\libpas\src\libpas\pas_free_range_kind.h">
      <Filter>Header Files</Filter>
    </CustomBuild>
    <CustomBuild Include="C:\Users\Admin\source\repos\!OpenCode\Apotheosis\WebKit\Source\bmalloc\libpas\src\libpas\pas_full_alloc_bits.h">
      <Filter>Header Files</Filter>
    </CustomBuild>
    <CustomBuild Include="C:\Users\Admin\source\repos\!OpenCode\Apotheosis\WebKit\Source\bmalloc\libpas\src\libpas\pas_full_alloc_bits_inlines.h">
      <Filter>Header Files</Filter>
    </CustomBuild>
    <CustomBuild Include="C:\Users\Admin\source\repos\!OpenCode\Apotheosis\WebKit\Source\bmalloc\libpas\src\libpas\pas_generic_large_free_heap.h">
      <Filter>Header Files</Filter>
    </CustomBuild>
    <CustomBuild Include="C:\Users\Admin\source\repos\!OpenCode\Apotheosis\WebKit\Source\bmalloc\libpas\src\libpas\pas_get_allocation_size.h">
      <Filter>Header Files</Filter>
    </CustomBuild>
    <CustomBuild Include="C:\Users\Admin\source\repos\!OpenCode\Apotheosis\WebKit\Source\bmalloc\libpas\src\libpas\pas_get_heap.h">
      <Filter>Header Files</Filter>
    </CustomBuild>
    <CustomBuild Include="C:\Users\Admin\source\repos\!OpenCode\Apotheosis\WebKit\Source\bmalloc\libpas\src\libpas\pas_get_object_kind.h">
      <Filter>Header Files</Filter>
    </CustomBuild>
    <CustomBuild Include="C:\Users\Admin\source\repos\!OpenCode\Apotheosis\WebKit\Source\bmalloc\libpas\src\libpas\pas_get_page_base.h">
      <Filter>Header Files</Filter>
    </CustomBuild>
    <CustomBuild Include="C:\Users\Admin\source\repos\!OpenCode\Apotheosis\WebKit\Source\bmalloc\libpas\src\libpas\pas_get_page_base_and_kind_for_small_other_in_fast_megapage.h">
      <Filter>Header Files</Filter>
    </CustomBuild>
    <CustomBuild Include="C:\Users\Admin\source\repos\!OpenCode\Apotheosis\WebKit\Source\bmalloc\libpas\src\libpas\pas_has_object.h">
      <Filter>Header Files</Filter>
    </CustomBuild>
    <CustomBuild Include="C:\Users\Admin\source\repos\!OpenCode\Apotheosis\WebKit\Source\bmalloc\libpas\src\libpas\pas_hashtable.h">
      <Filter>Header Files</Filter>
    </CustomBuild>
    <CustomBuild Include="C:\Users\Admin\source\repos\!OpenCode\Apotheosis\WebKit\Source\bmalloc\libpas\src\libpas\pas_heap.h">
      <Filter>Header Files</Filter>
    </CustomBuild>
    <CustomBuild Include="C:\Users\Admin\source\repos\!OpenCode\Apotheosis\WebKit\Source\bmalloc\libpas\src\libpas\pas_heap_config.h">
      <Filter>Header Files</Filter>
    </CustomBuild>
    <CustomBuild Include="C:\Users\Admin\source\repos\!OpenCode\Apotheosis\WebKit\Source\bmalloc\libpas\src\libpas\pas_heap_config_inlines.h">
      <Filter>Header Files</Filter>
    </CustomBuild>
    <CustomBuild Include="C:\Users\Admin\source\repos\!OpenCode\Apotheosis\WebKit\Source\bmalloc\libpas\src\libpas\pas_heap_config_kind.def">
      <Filter>Source Files</Filter>
    </CustomBuild>
    <CustomBuild Include="C:\Users\Admin\source\repos\!OpenCode\Apotheosis\WebKit\Source\bmalloc\libpas\src\libpas\pas_heap_config_kind.h">
      <Filter>Header Files</Filter>
    </CustomBuild>
    <CustomBuild Include="C:\Users\Admin\source\repos\!OpenCode\Apotheosis\WebKit\Source\bmalloc\libpas\src\libpas\pas_heap_config_utils.h">
      <Filter>Header Files</Filter>
    </CustomBuild>
    <CustomBuild Include="C:\Users\Admin\source\repos\!OpenCode\Apotheosis\WebKit\Source\bmalloc\libpas\src\libpas\pas_heap_config_utils_inlines.h">
      <Filter>Header Files</Filter>
    </CustomBuild>
    <CustomBuild Include="C:\Users\Admin\source\repos\!OpenCode\Apotheosis\WebKit\Source\bmalloc\libpas\src\libpas\pas_heap_for_config.h">
      <Filter>Header Files</Filter>
    </CustomBuild>
    <CustomBuild Include="C:\Users\Admin\source\repos\!OpenCode\Apotheosis\WebKit\Source\bmalloc\libpas\src\libpas\pas_heap_inlines.h">
      <Filter>Header Files</Filter>
    </CustomBuild>
    <CustomBuild Include="C:\Users\Admin\source\repos\!OpenCode\Apotheosis\WebKit\Source\bmalloc\libpas\src\libpas\pas_heap_kind.h">
      <Filter>Header Files</Filter>
    </CustomBuild>
    <CustomBuild Include="C:\Users\Admin\source\repos\!OpenCode\Apotheosis\WebKit\Source\bmalloc\libpas\src\libpas\pas_heap_lock.h">
      <Filter>Header Files</Filter>
    </CustomBuild>
    <CustomBuild Include="C:\Users\Admin\source\repos\!OpenCode\Apotheosis\WebKit\Source\bmalloc\libpas\src\libpas\pas_heap_page_provider.h">
      <Filter>Header Files</Filter>
    </CustomBuild>
    <CustomBuild Include="C:\Users\Admin\source\repos\!OpenCode\Apotheosis\WebKit\Source\bmalloc\libpas\src\libpas\pas_heap_ref.h">
      <Filter>Header Files</Filter>
    </CustomBuild>
    <CustomBuild Include="C:\Users\Admin\source\repos\!OpenCode\Apotheosis\WebKit\Source\bmalloc\libpas\src\libpas\pas_heap_ref_kind.h">
      <Filter>Header Files</Filter>
    </CustomBuild>
    <CustomBuild Include="C:\Users\Admin\source\repos\!OpenCode\Apotheosis\WebKit\Source\bmalloc\libpas\src\libpas\pas_heap_ref_prefix.h">
      <Filter>Header Files</Filter>
    </CustomBuild>
    <CustomBuild Include="C:\Users\Admin\source\repos\!OpenCode\Apotheosis\WebKit\Source\bmalloc\libpas\src\libpas\pas_heap_runtime_config.h">
      <Filter>Header Files</Filter>
    </CustomBuild>
    <CustomBuild Include="C:\Users\Admin\source\repos\!OpenCode\Apotheosis\WebKit\Source\bmalloc\libpas\src\libpas\pas_heap_summary.h">
      <Filter>Header Files</Filter>
    </CustomBuild>
    <CustomBuild Include="C:\Users\Admin\source\repos\!OpenCode\Apotheosis\WebKit\Source\bmalloc\libpas\src\libpas\pas_heap_table.h">
      <Filter>Header Files</Filter>
    </CustomBuild>
    <CustomBuild Include="C:\Users\Admin\source\repos\!OpenCode\Apotheosis\WebKit\Source\bmalloc\libpas\src\libpas\pas_heap_table_state.h">
      <Filter>Header Files</Filter>
    </CustomBuild>
    <CustomBuild Include="C:\Users\Admin\source\repos\!OpenCode\Apotheosis\WebKit\Source\bmalloc\libpas\src\libpas\pas_immortal_heap.h">
      <Filter>Header Files</Filter>
    </CustomBuild>
    <CustomBuild Include="C:\Users\Admin\source\repos\!OpenCode\Apotheosis\WebKit\Source\bmalloc\libpas\src\libpas\pas_immutable_vector.h">
      <Filter>Header Files</Filter>
    </CustomBuild>
    <CustomBuild Include="C:\Users\Admin\source\repos\!OpenCode\Apotheosis\WebKit\Source\bmalloc\libpas\src\libpas\pas_internal_config.h">
      <Filter>Header Files</Filter>
    </CustomBuild>
    <CustomBuild Include="C:\Users\Admin\source\repos\!OpenCode\Apotheosis\WebKit\Source\bmalloc\libpas\src\libpas\pas_intrinsic_heap_support.h">
      <Filter>Header Files</Filter>
    </CustomBuild>
    <CustomBuild Include="C:\Users\Admin\source\repos\!OpenCode\Apotheosis\WebKit\Source\bmalloc\libpas\src\libpas\pas_large_expendable_memory.h">
      <Filter>Header Files</Filter>
    </CustomBuild>
    <CustomBuild Include="C:\Users\Admin\source\repos\!OpenCode\Apotheosis\WebKit\Source\bmalloc\libpas\src\libpas\pas_large_free.h">
      <Filter>Header Files</Filter>
    </CustomBuild>
    <CustomBuild Include="C:\Users\Admin\source\repos\!OpenCode\Apotheosis\WebKit\Source\bmalloc\libpas\src\libpas\pas_large_free_heap_config.h">
      <Filter>Header Files</Filter>
    </CustomBuild>
    <CustomBuild Include="C:\Users\Admin\source\repos\!OpenCode\Apotheosis\WebKit\Source\bmalloc\libpas\src\libpas\pas_large_free_heap_declarations.def">
      <Filter>Source Files</Filter>
    </CustomBuild>
    <CustomBuild Include="C:\Users\Admin\source\repos\!OpenCode\Apotheosis\WebKit\Source\bmalloc\libpas\src\libpas\pas_large_free_heap_deferred_commit_log.h">
      <Filter>Header Files</Filter>
    </CustomBuild>
    <CustomBuild Include="C:\Users\Admin\source\repos\!OpenCode\Apotheosis\WebKit\Source\bmalloc\libpas\src\libpas\pas_large_free_heap_definitions.def">
      <Filter>Source Files</Filter>
    </CustomBuild>
    <CustomBuild Include="C:\Users\Admin\source\repos\!OpenCode\Apotheosis\WebKit\Source\bmalloc\libpas\src\libpas\pas_large_free_heap_helpers.h">
      <Filter>Header Files</Filter>
    </CustomBuild>
    <CustomBuild Include="C:\Users\Admin\source\repos\!OpenCode\Apotheosis\WebKit\Source\bmalloc\libpas\src\libpas\pas_large_free_inlines.h">
      <Filter>Header Files</Filter>
    </CustomBuild>
    <CustomBuild Include="C:\Users\Admin\source\repos\!OpenCode\Apotheosis\WebKit\Source\bmalloc\libpas\src\libpas\pas_large_free_visitor.h">
      <Filter>Header Files</Filter>
    </CustomBuild>
    <CustomBuild Include="C:\Users\Admin\source\repos\!OpenCode\Apotheosis\WebKit\Source\bmalloc\libpas\src\libpas\pas_large_heap.h">
      <Filter>Header Files</Filter>
    </CustomBuild>
    <CustomBuild Include="C:\Users\Admin\source\repos\!OpenCode\Apotheosis\WebKit\Source\bmalloc\libpas\src\libpas\pas_large_heap_physical_page_sharing_cache.h">
      <Filter>Header Files</Filter>
    </CustomBuild>
    <CustomBuild Include="C:\Users\Admin\source\repos\!OpenCode\Apotheosis\WebKit\Source\bmalloc\libpas\src\libpas\pas_large_map.h">
      <Filter>Header Files</Filter>
    </CustomBuild>
    <CustomBuild Include="C:\Users\Admin\source\repos\!OpenCode\Apotheosis\WebKit\Source\bmalloc\libpas\src\libpas\pas_large_map_entry.h">
      <Filter>Header Files</Filter>
    </CustomBuild>
    <CustomBuild Include="C:\Users\Admin\source\repos\!OpenCode\Apotheosis\WebKit\Source\bmalloc\libpas\src\libpas\pas_large_sharing_pool.h">
      <Filter>Header Files</Filter>
    </CustomBuild>
    <CustomBuild Include="C:\Users\Admin\source\repos\!OpenCode\Apotheosis\WebKit\Source\bmalloc\libpas\src\libpas\pas_large_sharing_pool_epoch_update_mode.h">
      <Filter>Header Files</Filter>
    </CustomBuild>
    <CustomBuild Include="C:\Users\Admin\source\repos\!OpenCode\Apotheosis\WebKit\Source\bmalloc\libpas\src\libpas\pas_large_utility_free_heap.h">
      <Filter>Header Files</Filter>
    </CustomBuild>
    <CustomBuild Include="C:\Users\Admin\source\repos\!OpenCode\Apotheosis\WebKit\Source\bmalloc\libpas\src\libpas\pas_large_virtual_range.h">
      <Filter>Header Files</Filter>
    </CustomBuild>
    <CustomBuild Include="C:\Users\Admin\source\repos\!OpenCode\Apotheosis\WebKit\Source\bmalloc\libpas\src\libpas\pas_large_virtual_range_min_heap.h">
      <Filter>Header Files</Filter>
    </CustomBuild>
    <CustomBuild Include="C:\Users\Admin\source\repos\!OpenCode\Apotheosis\WebKit\Source\bmalloc\libpas\src\libpas\pas_lenient_compact_ptr.h">
      <Filter>Header Files</Filter>
    </CustomBuild>
    <CustomBuild Include="C:\Users\Admin\source\repos\!OpenCode\Apotheosis\WebKit\Source\bmalloc\libpas\src\libpas\pas_lenient_compact_ptr_inlines.h">
      <Filter>Header Files</Filter>
    </CustomBuild>
    <CustomBuild Include="C:\Users\Admin\source\repos\!OpenCode\Apotheosis\WebKit\Source\bmalloc\libpas\src\libpas\pas_lenient_compact_unsigned_ptr.h">
      <Filter>Header Files</Filter>
    </CustomBuild>
    <CustomBuild Include="C:\Users\Admin\source\repos\!OpenCode\Apotheosis\WebKit\Source\bmalloc\libpas\src\libpas\pas_line_word_config.h">
      <Filter>Header Files</Filter>
    </CustomBuild>
    <CustomBuild Include="C:\Users\Admin\source\repos\!OpenCode\Apotheosis\WebKit\Source\bmalloc\libpas\src\libpas\pas_list_direction.h">
      <Filter>Header Files</Filter>
    </CustomBuild>
    <CustomBuild Include="C:\Users\Admin\source\repos\!OpenCode\Apotheosis\WebKit\Source\bmalloc\libpas\src\libpas\pas_local_allocator.h">
      <Filter>Header Files</Filter>
    </CustomBuild>
    <CustomBuild Include="C:\Users\Admin\source\repos\!OpenCode\Apotheosis\WebKit\Source\bmalloc\libpas\src\libpas\pas_local_allocator_config_kind.h">
      <Filter>Header Files</Filter>
    </CustomBuild>
    <CustomBuild Include="C:\Users\Admin\source\repos\!OpenCode\Apotheosis\WebKit\Source\bmalloc\libpas\src\libpas\pas_local_allocator_inlines.h">
      <Filter>Header Files</Filter>
    </CustomBuild>
    <CustomBuild Include="C:\Users\Admin\source\repos\!OpenCode\Apotheosis\WebKit\Source\bmalloc\libpas\src\libpas\pas_local_allocator_kind.h">
      <Filter>Header Files</Filter>
    </CustomBuild>
    <CustomBuild Include="C:\Users\Admin\source\repos\!OpenCode\Apotheosis\WebKit\Source\bmalloc\libpas\src\libpas\pas_local_allocator_refill_mode.h">
      <Filter>Header Files</Filter>
    </CustomBuild>
    <CustomBuild Include="C:\Users\Admin\source\repos\!OpenCode\Apotheosis\WebKit\Source\bmalloc\libpas\src\libpas\pas_local_allocator_result.h">
      <Filter>Header Files</Filter>
    </CustomBuild>
    <CustomBuild Include="C:\Users\Admin\source\repos\!OpenCode\Apotheosis\WebKit\Source\bmalloc\libpas\src\libpas\pas_local_allocator_scavenger_data.h">
      <Filter>Header Files</Filter>
    </CustomBuild>
    <CustomBuild Include="C:\Users\Admin\source\repos\!OpenCode\Apotheosis\WebKit\Source\bmalloc\libpas\src\libpas\pas_local_view_cache.h">
      <Filter>Header Files</Filter>
    </CustomBuild>
    <CustomBuild Include="C:\Users\Admin\source\repos\!OpenCode\Apotheosis\WebKit\Source\bmalloc\libpas\src\libpas\pas_lock.h">
      <Filter>Header Files</Filter>
    </CustomBuild>
    <CustomBuild Include="C:\Users\Admin\source\repos\!OpenCode\Apotheosis\WebKit\Source\bmalloc\libpas\src\libpas\pas_lock_free_read_ptr_ptr_hashtable.h">
      <Filter>Header Files</Filter>
    </CustomBuild>
    <CustomBuild Include="C:\Users\Admin\source\repos\!OpenCode\Apotheosis\WebKit\Source\bmalloc\libpas\src\libpas\pas_log.h">
      <Filter>Header Files</Filter>
    </CustomBuild>
    <CustomBuild Include="C:\Users\Admin\source\repos\!OpenCode\Apotheosis\WebKit\Source\bmalloc\libpas\src\libpas\pas_malloc_stack_logging.h">
      <Filter>Header Files</Filter>
    </CustomBuild>
    <CustomBuild Include="C:\Users\Admin\source\repos\!OpenCode\Apotheosis\WebKit\Source\bmalloc\libpas\src\libpas\pas_mar_crash_reporter_report.h">
      <Filter>Header Files</Filter>
    </CustomBuild>
    <CustomBuild Include="C:\Users\Admin\source\repos\!OpenCode\Apotheosis\WebKit\Source\bmalloc\libpas\src\libpas\pas_mar_registry.h">
      <Filter>Header Files</Filter>
    </CustomBuild>
    <CustomBuild Include="C:\Users\Admin\source\repos\!OpenCode\Apotheosis\WebKit\Source\bmalloc\libpas\src\libpas\pas_mar_report_crash.h">
      <Filter>Header Files</Filter>
    </CustomBuild>
    <CustomBuild Include="C:\Users\Admin\source\repos\!OpenCode\Apotheosis\WebKit\Source\bmalloc\libpas\src\libpas\pas_medium_megapage_cache.h">
      <Filter>Header Files</Filter>
    </CustomBuild>
    <CustomBuild Include="C:\Users\Admin\source\repos\!OpenCode\Apotheosis\WebKit\Source\bmalloc\libpas\src\libpas\pas_megapage_cache.h">
      <Filter>Header Files</Filter>
    </CustomBuild>
    <CustomBuild Include="C:\Users\Admin\source\repos\!OpenCode\Apotheosis\WebKit\Source\bmalloc\libpas\src\libpas\pas_min_heap.h">
      <Filter>Header Files</Filter>
    </CustomBuild>
    <CustomBuild Include="C:\Users\Admin\source\repos\!OpenCode\Apotheosis\WebKit\Source\bmalloc\libpas\src\libpas\pas_mmap_capability.h">
      <Filter>Header Files</Filter>
    </CustomBuild>
    <CustomBuild Include="C:\Users\Admin\source\repos\!OpenCode\Apotheosis\WebKit\Source\bmalloc\libpas\src\libpas\pas_monotonic_time.h">
      <Filter>Header Files</Filter>
    </CustomBuild>
    <CustomBuild Include="C:\Users\Admin\source\repos\!OpenCode\Apotheosis\WebKit\Source\bmalloc\libpas\src\libpas\pas_mte.h">
      <Filter>Header Files</Filter>
    </CustomBuild>
    <CustomBuild Include="C:\Users\Admin\source\repos\!OpenCode\Apotheosis\WebKit\Source\bmalloc\libpas\src\libpas\pas_mte_config.h">
      <Filter>Header Files</Filter>
    </CustomBuild>
    <CustomBuild Include="C:\Users\Admin\source\repos\!OpenCode\Apotheosis\WebKit\Source\bmalloc\libpas\src\libpas\pas_mutation_count.h">
      <Filter>Header Files</Filter>
    </CustomBuild>
    <CustomBuild Include="C:\Users\Admin\source\repos\!OpenCode\Apotheosis\WebKit\Source\bmalloc\libpas\src\libpas\pas_object_kind.h">
      <Filter>Header Files</Filter>
    </CustomBuild>
    <CustomBuild Include="C:\Users\Admin\source\repos\!OpenCode\Apotheosis\WebKit\Source\bmalloc\libpas\src\libpas\pas_page_base.h">
      <Filter>Header Files</Filter>
    </CustomBuild>
    <CustomBuild Include="C:\Users\Admin\source\repos\!OpenCode\Apotheosis\WebKit\Source\bmalloc\libpas\src\libpas\pas_page_base_and_kind.h">
      <Filter>Header Files</Filter>
    </CustomBuild>
    <CustomBuild Include="C:\Users\Admin\source\repos\!OpenCode\Apotheosis\WebKit\Source\bmalloc\libpas\src\libpas\pas_page_base_config.h">
      <Filter>Header Files</Filter>
    </CustomBuild>
    <CustomBuild Include="C:\Users\Admin\source\repos\!OpenCode\Apotheosis\WebKit\Source\bmalloc\libpas\src\libpas\pas_page_base_config_inlines.h">
      <Filter>Header Files</Filter>
    </CustomBuild>
    <CustomBuild Include="C:\Users\Admin\source\repos\!OpenCode\Apotheosis\WebKit\Source\bmalloc\libpas\src\libpas\pas_page_base_config_utils.h">
      <Filter>Header Files</Filter>
    </CustomBuild>
    <CustomBuild Include="C:\Users\Admin\source\repos\!OpenCode\Apotheosis\WebKit\Source\bmalloc\libpas\src\libpas\pas_page_base_config_utils_inlines.h">
      <Filter>Header Files</Filter>
    </CustomBuild>
    <CustomBuild Include="C:\Users\Admin\source\repos\!OpenCode\Apotheosis\WebKit\Source\bmalloc\libpas\src\libpas\pas_page_base_inlines.h">
      <Filter>Header Files</Filter>
    </CustomBuild>
    <CustomBuild Include="C:\Users\Admin\source\repos\!OpenCode\Apotheosis\WebKit\Source\bmalloc\libpas\src\libpas\pas_page_config_kind.h">
      <Filter>Header Files</Filter>
    </CustomBuild>
    <CustomBuild Include="C:\Users\Admin\source\repos\!OpenCode\Apotheosis\WebKit\Source\bmalloc\libpas\src\libpas\pas_page_config_size_category.h">
      <Filter>Header Files</Filter>
    </CustomBuild>
    <CustomBuild Include="C:\Users\Admin\source\repos\!OpenCode\Apotheosis\WebKit\Source\bmalloc\libpas\src\libpas\pas_page_granule_use_count.h">
      <Filter>Header Files</Filter>
    </CustomBuild>
    <CustomBuild Include="C:\Users\Admin\source\repos\!OpenCode\Apotheosis\WebKit\Source\bmalloc\libpas\src\libpas\pas_page_header_placement_mode.h">
      <Filter>Header Files</Filter>
    </CustomBuild>
    <CustomBuild Include="C:\Users\Admin\source\repos\!OpenCode\Apotheosis\WebKit\Source\bmalloc\libpas\src\libpas\pas_page_header_table.h">
      <Filter>Header Files</Filter>
    </CustomBuild>
    <CustomBuild Include="C:\Users\Admin\source\repos\!OpenCode\Apotheosis\WebKit\Source\bmalloc\libpas\src\libpas\pas_page_kind.h">
      <Filter>Header Files</Filter>
    </CustomBuild>
    <CustomBuild Include="C:\Users\Admin\source\repos\!OpenCode\Apotheosis\WebKit\Source\bmalloc\libpas\src\libpas\pas_page_malloc.h">
      <Filter>Header Files</Filter>
    </CustomBuild>
    <CustomBuild Include="C:\Users\Admin\source\repos\!OpenCode\Apotheosis\WebKit\Source\bmalloc\libpas\src\libpas\pas_page_sharing_mode.h">
      <Filter>Header Files</Filter>
    </CustomBuild>
    <CustomBuild Include="C:\Users\Admin\source\repos\!OpenCode\Apotheosis\WebKit\Source\bmalloc\libpas\src\libpas\pas_page_sharing_participant.h">
      <Filter>Header Files</Filter>
    </CustomBuild>
    <CustomBuild Include="C:\Users\Admin\source\repos\!OpenCode\Apotheosis\WebKit\Source\bmalloc\libpas\src\libpas\pas_page_sharing_participant_kind.h">
      <Filter>Header Files</Filter>
    </CustomBuild>
    <CustomBuild Include="C:\Users\Admin\source\repos\!OpenCode\Apotheosis\WebKit\Source\bmalloc\libpas\src\libpas\pas_page_sharing_pool.h">
      <Filter>Header Files</Filter>
    </CustomBuild>
    <CustomBuild Include="C:\Users\Admin\source\repos\!OpenCode\Apotheosis\WebKit\Source\bmalloc\libpas\src\libpas\pas_page_sharing_pool_scavenge_result.h">
      <Filter>Header Files</Filter>
    </CustomBuild>
    <CustomBuild Include="C:\Users\Admin\source\repos\!OpenCode\Apotheosis\WebKit\Source\bmalloc\libpas\src\libpas\pas_page_sharing_pool_take_result.h">
      <Filter>Header Files</Filter>
    </CustomBuild>
    <CustomBuild Include="C:\Users\Admin\source\repos\!OpenCode\Apotheosis\WebKit\Source\bmalloc\libpas\src\libpas\pas_payload_reservation_page_list.h">
      <Filter>Header Files</Filter>
    </CustomBuild>
    <CustomBuild Include="C:\Users\Admin\source\repos\!OpenCode\Apotheosis\WebKit\Source\bmalloc\libpas\src\libpas\pas_physical_memory_synchronization_style.h">
      <Filter>Header Files</Filter>
    </CustomBuild>
    <CustomBuild Include="C:\Users\Admin\source\repos\!OpenCode\Apotheosis\WebKit\Source\bmalloc\libpas\src\libpas\pas_physical_memory_transaction.h">
      <Filter>Header Files</Filter>
    </CustomBuild>
    <CustomBuild Include="C:\Users\Admin\source\repos\!OpenCode\Apotheosis\WebKit\Source\bmalloc\libpas\src\libpas\pas_platform.h">
      <Filter>Header Files</Filter>
    </CustomBuild>
    <CustomBuild Include="C:\Users\Admin\source\repos\!OpenCode\Apotheosis\WebKit\Source\bmalloc\libpas\src\libpas\pas_primitive_heap_ref.h">
      <Filter>Header Files</Filter>
    </CustomBuild>
    <CustomBuild Include="C:\Users\Admin\source\repos\!OpenCode\Apotheosis\WebKit\Source\bmalloc\libpas\src\libpas\pas_probabilistic_guard_malloc_allocator.h">
      <Filter>Header Files</Filter>
    </CustomBuild>
    <CustomBuild Include="C:\Users\Admin\source\repos\!OpenCode\Apotheosis\WebKit\Source\bmalloc\libpas\src\libpas\pas_promote_intrinsic_heap.h">
      <Filter>Header Files</Filter>
    </CustomBuild>
    <CustomBuild Include="C:\Users\Admin\source\repos\!OpenCode\Apotheosis\WebKit\Source\bmalloc\libpas\src\libpas\pas_ptr_hash_map.h">
      <Filter>Header Files</Filter>
    </CustomBuild>
    <CustomBuild Include="C:\Users\Admin\source\repos\!OpenCode\Apotheosis\WebKit\Source\bmalloc\libpas\src\libpas\pas_ptr_hash_set.h">
      <Filter>Header Files</Filter>
    </CustomBuild>
    <CustomBuild Include="C:\Users\Admin\source\repos\!OpenCode\Apotheosis\WebKit\Source\bmalloc\libpas\src\libpas\pas_ptr_min_heap.h">
      <Filter>Header Files</Filter>
    </CustomBuild>
    <CustomBuild Include="C:\Users\Admin\source\repos\!OpenCode\Apotheosis\WebKit\Source\bmalloc\libpas\src\libpas\pas_ptr_worklist.h">
      <Filter>Header Files</Filter>
    </CustomBuild>
    <CustomBuild Include="C:\Users\Admin\source\repos\!OpenCode\Apotheosis\WebKit\Source\bmalloc\libpas\src\libpas\pas_race_test_hooks.h">
      <Filter>Header Files</Filter>
    </CustomBuild>
    <CustomBuild Include="C:\Users\Admin\source\repos\!OpenCode\Apotheosis\WebKit\Source\bmalloc\libpas\src\libpas\pas_random.h">
      <Filter>Header Files</Filter>
    </CustomBuild>
    <CustomBuild Include="C:\Users\Admin\source\repos\!OpenCode\Apotheosis\WebKit\Source\bmalloc\libpas\src\libpas\pas_range.h">
      <Filter>Header Files</Filter>
    </CustomBuild>
    <CustomBuild Include="C:\Users\Admin\source\repos\!OpenCode\Apotheosis\WebKit\Source\bmalloc\libpas\src\libpas\pas_range16.h">
      <Filter>Header Files</Filter>
    </CustomBuild>
    <CustomBuild Include="C:\Users\Admin\source\repos\!OpenCode\Apotheosis\WebKit\Source\bmalloc\libpas\src\libpas\pas_range_begin_min_heap.h">
      <Filter>Header Files</Filter>
    </CustomBuild>
    <CustomBuild Include="C:\Users\Admin\source\repos\!OpenCode\Apotheosis\WebKit\Source\bmalloc\libpas\src\libpas\pas_range_locked_mode.h">
      <Filter>Header Files</Filter>
    </CustomBuild>
    <CustomBuild Include="C:\Users\Admin\source\repos\!OpenCode\Apotheosis\WebKit\Source\bmalloc\libpas\src\libpas\pas_range_min_heap.h">
      <Filter>Header Files</Filter>
    </CustomBuild>
    <CustomBuild Include="C:\Users\Admin\source\repos\!OpenCode\Apotheosis\WebKit\Source\bmalloc\libpas\src\libpas\pas_reallocate_free_mode.h">
      <Filter>Header Files</Filter>
    </CustomBuild>
    <CustomBuild Include="C:\Users\Admin\source\repos\!OpenCode\Apotheosis\WebKit\Source\bmalloc\libpas\src\libpas\pas_reallocate_heap_teleport_rule.h">
      <Filter>Header Files</Filter>
    </CustomBuild>
    <CustomBuild Include="C:\Users\Admin\source\repos\!OpenCode\Apotheosis\WebKit\Source\bmalloc\libpas\src\libpas\pas_red_black_tree.h">
      <Filter>Header Files</Filter>
    </CustomBuild>
    <CustomBuild Include="C:\Users\Admin\source\repos\!OpenCode\Apotheosis\WebKit\Source\bmalloc\libpas\src\libpas\pas_redundant_local_allocator_node.h">
      <Filter>Header Files</Filter>
    </CustomBuild>
    <CustomBuild Include="C:\Users\Admin\source\repos\!OpenCode\Apotheosis\WebKit\Source\bmalloc\libpas\src\libpas\pas_report_crash.h">
      <Filter>Header Files</Filter>
    </CustomBuild>
    <CustomBuild Include="C:\Users\Admin\source\repos\!OpenCode\Apotheosis\WebKit\Source\bmalloc\libpas\src\libpas\pas_report_crash_pgm_report.h">
      <Filter>Header Files</Filter>
    </CustomBuild>
    <CustomBuild Include="C:\Users\Admin\source\repos\!OpenCode\Apotheosis\WebKit\Source\bmalloc\libpas\src\libpas\pas_reserved_memory_provider.h">
      <Filter>Header Files</Filter>
    </CustomBuild>
    <CustomBuild Include="C:\Users\Admin\source\repos\!OpenCode\Apotheosis\WebKit\Source\bmalloc\libpas\src\libpas\pas_root.h">
      <Filter>Header Files</Filter>
    </CustomBuild>
    <CustomBuild Include="C:\Users\Admin\source\repos\!OpenCode\Apotheosis\WebKit\Source\bmalloc\libpas\src\libpas\pas_scavenger.h">
      <Filter>Header Files</Filter>
    </CustomBuild>
    <CustomBuild Include="C:\Users\Admin\source\repos\!OpenCode\Apotheosis\WebKit\Source\bmalloc\libpas\src\libpas\pas_segmented_vector.h">
      <Filter>Header Files</Filter>
    </CustomBuild>
    <CustomBuild Include="C:\Users\Admin\source\repos\!OpenCode\Apotheosis\WebKit\Source\bmalloc\libpas\src\libpas\pas_segregated_deallocation_logging_mode.h">
      <Filter>Header Files</Filter>
    </CustomBuild>
    <CustomBuild Include="C:\Users\Admin\source\repos\!OpenCode\Apotheosis\WebKit\Source\bmalloc\libpas\src\libpas\pas_segregated_deallocation_mode.h">
      <Filter>Header Files</Filter>
    </CustomBuild>
    <CustomBuild Include="C:\Users\Admin\source\repos\!OpenCode\Apotheosis\WebKit\Source\bmalloc\libpas\src\libpas\pas_segregated_directory.h">
      <Filter>Header Files</Filter>
    </CustomBuild>
    <CustomBuild Include="C:\Users\Admin\source\repos\!OpenCode\Apotheosis\WebKit\Source\bmalloc\libpas\src\libpas\pas_segregated_directory_bit_reference.h">
      <Filter>Header Files</Filter>
    </CustomBuild>
    <CustomBuild Include="C:\Users\Admin\source\repos\!OpenCode\Apotheosis\WebKit\Source\bmalloc\libpas\src\libpas\pas_segregated_directory_first_eligible_kind.h">
      <Filter>Header Files</Filter>
    </CustomBuild>
    <CustomBuild Include="C:\Users\Admin\source\repos\!OpenCode\Apotheosis\WebKit\Source\bmalloc\libpas\src\libpas\pas_segregated_directory_inlines.h">
      <Filter>Header Files</Filter>
    </CustomBuild>
    <CustomBuild Include="C:\Users\Admin\source\repos\!OpenCode\Apotheosis\WebKit\Source\bmalloc\libpas\src\libpas\pas_segregated_directory_kind.h">
      <Filter>Header Files</Filter>
    </CustomBuild>
    <CustomBuild Include="C:\Users\Admin\source\repos\!OpenCode\Apotheosis\WebKit\Source\bmalloc\libpas\src\libpas\pas_segregated_exclusive_view.h">
      <Filter>Header Files</Filter>
    </CustomBuild>
    <CustomBuild Include="C:\Users\Admin\source\repos\!OpenCode\Apotheosis\WebKit\Source\bmalloc\libpas\src\libpas\pas_segregated_exclusive_view_inlines.h">
      <Filter>Header Files</Filter>
    </CustomBuild>
    <CustomBuild Include="C:\Users\Admin\source\repos\!OpenCode\Apotheosis\WebKit\Source\bmalloc\libpas\src\libpas\pas_segregated_heap.h">
      <Filter>Header Files</Filter>
    </CustomBuild>
    <CustomBuild Include="C:\Users\Admin\source\repos\!OpenCode\Apotheosis\WebKit\Source\bmalloc\libpas\src\libpas\pas_segregated_heap_inlines.h">
      <Filter>Header Files</Filter>
    </CustomBuild>
    <CustomBuild Include="C:\Users\Admin\source\repos\!OpenCode\Apotheosis\WebKit\Source\bmalloc\libpas\src\libpas\pas_segregated_heap_lookup_kind.h">
      <Filter>Header Files</Filter>
    </CustomBuild>
    <CustomBuild Include="C:\Users\Admin\source\repos\!OpenCode\Apotheosis\WebKit\Source\bmalloc\libpas\src\libpas\pas_segregated_page.h">
      <Filter>Header Files</Filter>
    </CustomBuild>
    <CustomBuild Include="C:\Users\Admin\source\repos\!OpenCode\Apotheosis\WebKit\Source\bmalloc\libpas\src\libpas\pas_segregated_page_and_config.h">
      <Filter>Header Files</Filter>
    </CustomBuild>
    <CustomBuild Include="C:\Users\Admin\source\repos\!OpenCode\Apotheosis\WebKit\Source\bmalloc\libpas\src\libpas\pas_segregated_page_config.h">
      <Filter>Header Files</Filter>
    </CustomBuild>
    <CustomBuild Include="C:\Users\Admin\source\repos\!OpenCode\Apotheosis\WebKit\Source\bmalloc\libpas\src\libpas\pas_segregated_page_config_inlines.h">
      <Filter>Header Files</Filter>
    </CustomBuild>
    <CustomBuild Include="C:\Users\Admin\source\repos\!OpenCode\Apotheosis\WebKit\Source\bmalloc\libpas\src\libpas\pas_segregated_page_config_kind.def">
      <Filter>Source Files</Filter>
    </CustomBuild>
    <CustomBuild Include="C:\Users\Admin\source\repos\!OpenCode\Apotheosis\WebKit\Source\bmalloc\libpas\src\libpas\pas_segregated_page_config_kind.h">
      <Filter>Header Files</Filter>
    </CustomBuild>
    <CustomBuild Include="C:\Users\Admin\source\repos\!OpenCode\Apotheosis\WebKit\Source\bmalloc\libpas\src\libpas\pas_segregated_page_config_kind_and_role.h">
      <Filter>Header Files</Filter>
    </CustomBuild>
    <CustomBuild Include="C:\Users\Admin\source\repos\!OpenCode\Apotheosis\WebKit\Source\bmalloc\libpas\src\libpas\pas_segregated_page_config_utils.h">
      <Filter>Header Files</Filter>
    </CustomBuild>
    <CustomBuild Include="C:\Users\Admin\source\repos\!OpenCode\Apotheosis\WebKit\Source\bmalloc\libpas\src\libpas\pas_segregated_page_config_utils_inlines.h">
      <Filter>Header Files</Filter>
    </CustomBuild>
    <CustomBuild Include="C:\Users\Admin\source\repos\!OpenCode\Apotheosis\WebKit\Source\bmalloc\libpas\src\libpas\pas_segregated_page_config_variant.h">
      <Filter>Header Files</Filter>
    </CustomBuild>
    <CustomBuild Include="C:\Users\Admin\source\repos\!OpenCode\Apotheosis\WebKit\Source\bmalloc\libpas\src\libpas\pas_segregated_page_emptiness_kind.h">
      <Filter>Header Files</Filter>
    </CustomBuild>
    <CustomBuild Include="C:\Users\Admin\source\repos\!OpenCode\Apotheosis\WebKit\Source\bmalloc\libpas\src\libpas\pas_segregated_page_inlines.h">
      <Filter>Header Files</Filter>
    </CustomBuild>
    <CustomBuild Include="C:\Users\Admin\source\repos\!OpenCode\Apotheosis\WebKit\Source\bmalloc\libpas\src\libpas\pas_segregated_page_role.h">
      <Filter>Header Files</Filter>
    </CustomBuild>
    <CustomBuild Include="C:\Users\Admin\source\repos\!OpenCode\Apotheosis\WebKit\Source\bmalloc\libpas\src\libpas\pas_segregated_partial_view.h">
      <Filter>Header Files</Filter>
    </CustomBuild>
    <CustomBuild Include="C:\Users\Admin\source\repos\!OpenCode\Apotheosis\WebKit\Source\bmalloc\libpas\src\libpas\pas_segregated_partial_view_inlines.h">
      <Filter>Header Files</Filter>
    </CustomBuild>
    <CustomBuild Include="C:\Users\Admin\source\repos\!OpenCode\Apotheosis\WebKit\Source\bmalloc\libpas\src\libpas\pas_segregated_shared_handle.h">
      <Filter>Header Files</Filter>
    </CustomBuild>
    <CustomBuild Include="C:\Users\Admin\source\repos\!OpenCode\Apotheosis\WebKit\Source\bmalloc\libpas\src\libpas\pas_segregated_shared_handle_inlines.h">
      <Filter>Header Files</Filter>
    </CustomBuild>
    <CustomBuild Include="C:\Users\Admin\source\repos\!OpenCode\Apotheosis\WebKit\Source\bmalloc\libpas\src\libpas\pas_segregated_shared_page_directory.h">
      <Filter>Header Files</Filter>
    </CustomBuild>
    <CustomBuild Include="C:\Users\Admin\source\repos\!OpenCode\Apotheosis\WebKit\Source\bmalloc\libpas\src\libpas\pas_segregated_shared_view.h">
      <Filter>Header Files</Filter>
    </CustomBuild>
    <CustomBuild Include="C:\Users\Admin\source\repos\!OpenCode\Apotheosis\WebKit\Source\bmalloc\libpas\src\libpas\pas_segregated_shared_view_inlines.h">
      <Filter>Header Files</Filter>
    </CustomBuild>
    <CustomBuild Include="C:\Users\Admin\source\repos\!OpenCode\Apotheosis\WebKit\Source\bmalloc\libpas\src\libpas\pas_segregated_size_directory.h">
      <Filter>Header Files</Filter>
    </CustomBuild>
    <CustomBuild Include="C:\Users\Admin\source\repos\!OpenCode\Apotheosis\WebKit\Source\bmalloc\libpas\src\libpas\pas_segregated_size_directory_creation_mode.h">
      <Filter>Header Files</Filter>
    </CustomBuild>
    <CustomBuild Include="C:\Users\Admin\source\repos\!OpenCode\Apotheosis\WebKit\Source\bmalloc\libpas\src\libpas\pas_segregated_size_directory_inlines.h">
      <Filter>Header Files</Filter>
    </CustomBuild>
    <CustomBuild Include="C:\Users\Admin\source\repos\!OpenCode\Apotheosis\WebKit\Source\bmalloc\libpas\src\libpas\pas_segregated_view.h">
      <Filter>Header Files</Filter>
    </CustomBuild>
    <CustomBuild Include="C:\Users\Admin\source\repos\!OpenCode\Apotheosis\WebKit\Source\bmalloc\libpas\src\libpas\pas_segregated_view_allocator_inlines.h">
      <Filter>Header Files</Filter>
    </CustomBuild>
    <CustomBuild Include="C:\Users\Admin\source\repos\!OpenCode\Apotheosis\WebKit\Source\bmalloc\libpas\src\libpas\pas_segregated_view_kind.h">
      <Filter>Header Files</Filter>
    </CustomBuild>
    <CustomBuild Include="C:\Users\Admin\source\repos\!OpenCode\Apotheosis\WebKit\Source\bmalloc\libpas\src\libpas\pas_shared_handle_or_page_boundary.h">
      <Filter>Header Files</Filter>
    </CustomBuild>
    <CustomBuild Include="C:\Users\Admin\source\repos\!OpenCode\Apotheosis\WebKit\Source\bmalloc\libpas\src\libpas\pas_shared_handle_or_page_boundary_inlines.h">
      <Filter>Header Files</Filter>
    </CustomBuild>
    <CustomBuild Include="C:\Users\Admin\source\repos\!OpenCode\Apotheosis\WebKit\Source\bmalloc\libpas\src\libpas\pas_shared_page_directory_by_size.h">
      <Filter>Header Files</Filter>
    </CustomBuild>
    <CustomBuild Include="C:\Users\Admin\source\repos\!OpenCode\Apotheosis\WebKit\Source\bmalloc\libpas\src\libpas\pas_simple_free_heap_declarations.def">
      <Filter>Source Files</Filter>
    </CustomBuild>
    <CustomBuild Include="C:\Users\Admin\source\repos\!OpenCode\Apotheosis\WebKit\Source\bmalloc\libpas\src\libpas\pas_simple_free_heap_definitions.def">
      <Filter>Source Files</Filter>
    </CustomBuild>
    <CustomBuild Include="C:\Users\Admin\source\repos\!OpenCode\Apotheosis\WebKit\Source\bmalloc\libpas\src\libpas\pas_simple_free_heap_helpers.h">
      <Filter>Header Files</Filter>
    </CustomBuild>
    <CustomBuild Include="C:\Users\Admin\source\repos\!OpenCode\Apotheosis\WebKit\Source\bmalloc\libpas\src\libpas\pas_simple_large_free_heap.h">
      <Filter>Header Files</Filter>
    </CustomBuild>
    <CustomBuild Include="C:\Users\Admin\source\repos\!OpenCode\Apotheosis\WebKit\Source\bmalloc\libpas\src\libpas\pas_simple_type.h">
      <Filter>Header Files</Filter>
    </CustomBuild>
    <CustomBuild Include="C:\Users\Admin\source\repos\!OpenCode\Apotheosis\WebKit\Source\bmalloc\libpas\src\libpas\pas_size_lookup_mode.h">
      <Filter>Header Files</Filter>
    </CustomBuild>
    <CustomBuild Include="C:\Users\Admin\source\repos\!OpenCode\Apotheosis\WebKit\Source\bmalloc\libpas\src\libpas\pas_slow_path_mode.h">
      <Filter>Header Files</Filter>
    </CustomBuild>
    <CustomBuild Include="C:\Users\Admin\source\repos\!OpenCode\Apotheosis\WebKit\Source\bmalloc\libpas\src\libpas\pas_slow_path_mode_prefix.h">
      <Filter>Header Files</Filter>
    </CustomBuild>
    <CustomBuild Include="C:\Users\Admin\source\repos\!OpenCode\Apotheosis\WebKit\Source\bmalloc\libpas\src\libpas\pas_small_large_map_entry.h">
      <Filter>Header Files</Filter>
    </CustomBuild>
    <CustomBuild Include="C:\Users\Admin\source\repos\!OpenCode\Apotheosis\WebKit\Source\bmalloc\libpas\src\libpas\pas_small_medium_bootstrap_free_heap.h">
      <Filter>Header Files</Filter>
    </CustomBuild>
    <CustomBuild Include="C:\Users\Admin\source\repos\!OpenCode\Apotheosis\WebKit\Source\bmalloc\libpas\src\libpas\pas_small_medium_bootstrap_heap_page_provider.h">
      <Filter>Header Files</Filter>
    </CustomBuild>
    <CustomBuild Include="C:\Users\Admin\source\repos\!OpenCode\Apotheosis\WebKit\Source\bmalloc\libpas\src\libpas\pas_snprintf.h">
      <Filter>Header Files</Filter>
    </CustomBuild>
    <CustomBuild Include="C:\Users\Admin\source\repos\!OpenCode\Apotheosis\WebKit\Source\bmalloc\libpas\src\libpas\pas_stats.h">
      <Filter>Header Files</Filter>
    </CustomBuild>
    <CustomBuild Include="C:\Users\Admin\source\repos\!OpenCode\Apotheosis\WebKit\Source\bmalloc\libpas\src\libpas\pas_status_reporter.h">
      <Filter>Header Files</Filter>
    </CustomBuild>
    <CustomBuild Include="C:\Users\Admin\source\repos\!OpenCode\Apotheosis\WebKit\Source\bmalloc\libpas\src\libpas\pas_stream.h">
      <Filter>Header Files</Filter>
    </CustomBuild>
    <CustomBuild Include="C:\Users\Admin\source\repos\!OpenCode\Apotheosis\WebKit\Source\bmalloc\libpas\src\libpas\pas_string_stream.h">
      <Filter>Header Files</Filter>
    </CustomBuild>
    <CustomBuild Include="C:\Users\Admin\source\repos\!OpenCode\Apotheosis\WebKit\Source\bmalloc\libpas\src\libpas\pas_system_heap.h">
      <Filter>Header Files</Filter>
    </CustomBuild>
    <CustomBuild Include="C:\Users\Admin\source\repos\!OpenCode\Apotheosis\WebKit\Source\bmalloc\libpas\src\libpas\pas_thread.h">
      <Filter>Header Files</Filter>
    </CustomBuild>
    <CustomBuild Include="C:\Users\Admin\source\repos\!OpenCode\Apotheosis\WebKit\Source\bmalloc\libpas\src\libpas\pas_thread_local_cache.h">
      <Filter>Header Files</Filter>
    </CustomBuild>
    <CustomBuild Include="C:\Users\Admin\source\repos\!OpenCode\Apotheosis\WebKit\Source\bmalloc\libpas\src\libpas\pas_thread_local_cache_layout.h">
      <Filter>Header Files</Filter>
    </CustomBuild>
    <CustomBuild Include="C:\Users\Admin\source\repos\!OpenCode\Apotheosis\WebKit\Source\bmalloc\libpas\src\libpas\pas_thread_local_cache_layout_entry.h">
      <Filter>Header Files</Filter>
    </CustomBuild>
    <CustomBuild Include="C:\Users\Admin\source\repos\!OpenCode\Apotheosis\WebKit\Source\bmalloc\libpas\src\libpas\pas_thread_local_cache_layout_node.h">
      <Filter>Header Files</Filter>
    </CustomBuild>
    <CustomBuild Include="C:\Users\Admin\source\repos\!OpenCode\Apotheosis\WebKit\Source\bmalloc\libpas\src\libpas\pas_thread_local_cache_layout_node_kind.h">
      <Filter>Header Files</Filter>
    </CustomBuild>
    <CustomBuild Include="C:\Users\Admin\source\repos\!OpenCode\Apotheosis\WebKit\Source\bmalloc\libpas\src\libpas\pas_thread_local_cache_node.h">
      <Filter>Header Files</Filter>
    </CustomBuild>
    <CustomBuild Include="C:\Users\Admin\source\repos\!OpenCode\Apotheosis\WebKit\Source\bmalloc\libpas\src\libpas\pas_thread_suspend_lock.h">
      <Filter>Header Files</Filter>
    </CustomBuild>
    <CustomBuild Include="C:\Users\Admin\source\repos\!OpenCode\Apotheosis\WebKit\Source\bmalloc\libpas\src\libpas\pas_tiny_large_map_entry.h">
      <Filter>Header Files</Filter>
    </CustomBuild>
    <CustomBuild Include="C:\Users\Admin\source\repos\!OpenCode\Apotheosis\WebKit\Source\bmalloc\libpas\src\libpas\pas_tree_direction.h">
      <Filter>Header Files</Filter>
    </CustomBuild>
    <CustomBuild Include="C:\Users\Admin\source\repos\!OpenCode\Apotheosis\WebKit\Source\bmalloc\libpas\src\libpas\pas_tri_state.h">
      <Filter>Header Files</Filter>
    </CustomBuild>
    <CustomBuild Include="C:\Users\Admin\source\repos\!OpenCode\Apotheosis\WebKit\Source\bmalloc\libpas\src\libpas\pas_try_allocate.h">
      <Filter>Header Files</Filter>
    </CustomBuild>
    <CustomBuild Include="C:\Users\Admin\source\repos\!OpenCode\Apotheosis\WebKit\Source\bmalloc\libpas\src\libpas\pas_try_allocate_array.h">
      <Filter>Header Files</Filter>
    </CustomBuild>
    <CustomBuild Include="C:\Users\Admin\source\repos\!OpenCode\Apotheosis\WebKit\Source\bmalloc\libpas\src\libpas\pas_try_allocate_common.h">
      <Filter>Header Files</Filter>
    </CustomBuild>
    <CustomBuild Include="C:\Users\Admin\source\repos\!OpenCode\Apotheosis\WebKit\Source\bmalloc\libpas\src\libpas\pas_try_allocate_intrinsic.h">
      <Filter>Header Files</Filter>
    </CustomBuild>
    <CustomBuild Include="C:\Users\Admin\source\repos\!OpenCode\Apotheosis\WebKit\Source\bmalloc\libpas\src\libpas\pas_try_allocate_primitive.h">
      <Filter>Header Files</Filter>
    </CustomBuild>
    <CustomBuild Include="C:\Users\Admin\source\repos\!OpenCode\Apotheosis\WebKit\Source\bmalloc\libpas\src\libpas\pas_try_reallocate.h">
      <Filter>Header Files</Filter>
    </CustomBuild>
    <CustomBuild Include="C:\Users\Admin\source\repos\!OpenCode\Apotheosis\WebKit\Source\bmalloc\libpas\src\libpas\pas_try_shrink.h">
      <Filter>Header Files</Filter>
    </CustomBuild>
    <CustomBuild Include="C:\Users\Admin\source\repos\!OpenCode\Apotheosis\WebKit\Source\bmalloc\libpas\src\libpas\pas_utility_heap.h">
      <Filter>Header Files</Filter>
    </CustomBuild>
    <CustomBuild Include="C:\Users\Admin\source\repos\!OpenCode\Apotheosis\WebKit\Source\bmalloc\libpas\src\libpas\pas_utility_heap_config.h">
      <Filter>Header Files</Filter>
    </CustomBuild>
    <CustomBuild Include="C:\Users\Admin\source\repos\!OpenCode\Apotheosis\WebKit\Source\bmalloc\libpas\src\libpas\pas_utility_heap_support.h">
      <Filter>Header Files</Filter>
    </CustomBuild>
    <CustomBuild Include="C:\Users\Admin\source\repos\!OpenCode\Apotheosis\WebKit\Source\bmalloc\libpas\src\libpas\pas_utils.h">
      <Filter>Header Files</Filter>
    </CustomBuild>
    <CustomBuild Include="C:\Users\Admin\source\repos\!OpenCode\Apotheosis\WebKit\Source\bmalloc\libpas\src\libpas\pas_utils_prefix.h">
      <Filter>Header Files</Filter>
    </CustomBuild>
    <CustomBuild Include="C:\Users\Admin\source\repos\!OpenCode\Apotheosis\WebKit\Source\bmalloc\libpas\src\libpas\pas_versioned_field.h">
      <Filter>Header Files</Filter>
    </CustomBuild>
    <CustomBuild Include="C:\Users\Admin\source\repos\!OpenCode\Apotheosis\WebKit\Source\bmalloc\libpas\src\libpas\pas_virtual_range.h">
      <Filter>Header Files</Filter>
    </CustomBuild>
    <CustomBuild Include="C:\Users\Admin\source\repos\!OpenCode\Apotheosis\WebKit\Source\bmalloc\libpas\src\libpas\pas_virtual_range_min_heap.h">
      <Filter>Header Files</Filter>
    </CustomBuild>
    <CustomBuild Include="C:\Users\Admin\source\repos\!OpenCode\Apotheosis\WebKit\Source\bmalloc\libpas\src\libpas\pas_zero_memory.h">
      <Filter>Header Files</Filter>
    </CustomBuild>
    <CustomBuild Include="C:\Users\Admin\source\repos\!OpenCode\Apotheosis\WebKit\Source\bmalloc\libpas\src\libpas\pas_zero_mode.h">
      <Filter>Header Files</Filter>
    </CustomBuild>
    <CustomBuild Include="C:\Users\Admin\source\repos\!OpenCode\Apotheosis\WebKit\Source\bmalloc\libpas\src\libpas\thingy_heap.h">
      <Filter>Header Files</Filter>
    </CustomBuild>
    <CustomBuild Include="C:\Users\Admin\source\repos\!OpenCode\Apotheosis\WebKit\Source\bmalloc\libpas\src\libpas\thingy_heap_config.h">
      <Filter>Header Files</Filter>
    </CustomBuild>
    <CustomBuild Include="C:\Users\Admin\source\repos\!OpenCode\Apotheosis\WebKit\Source\bmalloc\libpas\src\libpas\thingy_heap_prefix.h">
      <Filter>Header Files</Filter>
    </CustomBuild>
    <CustomBuild Include="C:\Users\Admin\source\repos\!OpenCode\Apotheosis\WebKit\Source\bmalloc\bmalloc\valgrind.h">
      <Filter>Header Files</Filter>
    </CustomBuild>
    <CustomBuild Include="C:\Users\Admin\source\repos\!OpenCode\Apotheosis\build-x64-gpu\CMakeFiles\834e4058501359afe93a829b3dd1e8fb\bmalloc_CopyHeaders.rule">
      <Filter>CMake Rules</Filter>
    </CustomBuild>
    <CustomBuild Include="C:\Users\Admin\source\repos\!OpenCode\Apotheosis\WebKit\Source\bmalloc\CMakeLists.txt" />
  </ItemGroup>
  <ItemGroup>
    <None Include="C:\Users\Admin\source\repos\!OpenCode\Apotheosis\build-x64-gpu\Source\bmalloc\CMakeFiles\bmalloc_CopyHeaders" />
  </ItemGroup>
  <ItemGroup>
    <Filter Include="CMake Rules">
      <UniqueIdentifier>{2661AD7A-8425-36E0-9A39-9B7D055CBE23}</UniqueIdentifier>
    </Filter>
    <Filter Include="Header Files">
      <UniqueIdentifier>{BF66F9E0-6FF8-3040-8768-4A92287CF160}</UniqueIdentifier>
    </Filter>
    <Filter Include="Source Files">
      <UniqueIdentifier>{98865446-B9C7-371B-AEAA-AFE46AD8BC02}</UniqueIdentifier>
    </Filter>
  </ItemGroup>
</Project>
