<?xml version="1.0" encoding="utf-8"?>
<Project ToolsVersion="17.0" xmlns="http://schemas.microsoft.com/developer/msbuild/2003">
  <ItemGroup>
    <ClCompile Include="C:\Users\Admin\source\repos\!OpenCode\Apotheosis\WebKit\Source\bmalloc\libpas\src\libpas\bmalloc_type.c">
      <Filter>Source Files</Filter>
    </ClCompile>
    <ClCompile Include="C:\Users\Admin\source\repos\!OpenCode\Apotheosis\WebKit\Source\bmalloc\libpas\src\libpas\hotbit_heap.c">
      <Filter>Source Files</Filter>
    </ClCompile>
    <ClCompile Include="C:\Users\Admin\source\repos\!OpenCode\Apotheosis\WebKit\Source\bmalloc\libpas\src\libpas\hotbit_heap_config.c">
      <Filter>Source Files</Filter>
    </ClCompile>
    <ClCompile Include="C:\Users\Admin\source\repos\!OpenCode\Apotheosis\WebKit\Source\bmalloc\libpas\src\libpas\iso_heap.c">
      <Filter>Source Files</Filter>
    </ClCompile>
    <ClCompile Include="C:\Users\Admin\source\repos\!OpenCode\Apotheosis\WebKit\Source\bmalloc\libpas\src\libpas\iso_heap_config.c">
      <Filter>Source Files</Filter>
    </ClCompile>
    <ClCompile Include="C:\Users\Admin\source\repos\!OpenCode\Apotheosis\WebKit\Source\bmalloc\libpas\src\libpas\iso_test_heap.c">
      <Filter>Source Files</Filter>
    </ClCompile>
    <ClCompile Include="C:\Users\Admin\source\repos\!OpenCode\Apotheosis\WebKit\Source\bmalloc\libpas\src\libpas\iso_test_heap_config.c">
      <Filter>Source Files</Filter>
    </ClCompile>
    <ClCompile Include="C:\Users\Admin\source\repos\!OpenCode\Apotheosis\WebKit\Source\bmalloc\libpas\src\libpas\jit_heap_config.c">
      <Filter>Source Files</Filter>
    </ClCompile>
    <ClCompile Include="C:\Users\Admin\source\repos\!OpenCode\Apotheosis\WebKit\Source\bmalloc\libpas\src\libpas\minalign32_heap.c">
      <Filter>Source Files</Filter>
    </ClCompile>
    <ClCompile Include="C:\Users\Admin\source\repos\!OpenCode\Apotheosis\WebKit\Source\bmalloc\libpas\src\libpas\minalign32_heap_config.c">
      <Filter>Source Files</Filter>
    </ClCompile>
    <ClCompile Include="C:\Users\Admin\source\repos\!OpenCode\Apotheosis\WebKit\Source\bmalloc\libpas\src\libpas\pagesize64k_heap.c">
      <Filter>Source Files</Filter>
    </ClCompile>
    <ClCompile Include="C:\Users\Admin\source\repos\!OpenCode\Apotheosis\WebKit\Source\bmalloc\libpas\src\libpas\pagesize64k_heap_config.c">
      <Filter>Source Files</Filter>
    </ClCompile>
    <ClCompile Include="C:\Users\Admin\source\repos\!OpenCode\Apotheosis\WebKit\Source\bmalloc\libpas\src\libpas\pas_alignment.c">
      <Filter>Source Files</Filter>
    </ClCompile>
    <ClCompile Include="C:\Users\Admin\source\repos\!OpenCode\Apotheosis\WebKit\Source\bmalloc\libpas\src\libpas\pas_all_heaps.c">
      <Filter>Source Files</Filter>
    </ClCompile>
    <ClCompile Include="C:\Users\Admin\source\repos\!OpenCode\Apotheosis\WebKit\Source\bmalloc\libpas\src\libpas\pas_all_shared_page_directories.c">
      <Filter>Source Files</Filter>
    </ClCompile>
    <ClCompile Include="C:\Users\Admin\source\repos\!OpenCode\Apotheosis\WebKit\Source\bmalloc\libpas\src\libpas\pas_allocation_callbacks.c">
      <Filter>Source Files</Filter>
    </ClCompile>
    <ClCompile Include="C:\Users\Admin\source\repos\!OpenCode\Apotheosis\WebKit\Source\bmalloc\libpas\src\libpas\pas_allocation_result.c">
      <Filter>Source Files</Filter>
    </ClCompile>
    <ClCompile Include="C:\Users\Admin\source\repos\!OpenCode\Apotheosis\WebKit\Source\bmalloc\libpas\src\libpas\pas_baseline_allocator.c">
      <Filter>Source Files</Filter>
    </ClCompile>
    <ClCompile Include="C:\Users\Admin\source\repos\!OpenCode\Apotheosis\WebKit\Source\bmalloc\libpas\src\libpas\pas_baseline_allocator_table.c">
      <Filter>Source Files</Filter>
    </ClCompile>
    <ClCompile Include="C:\Users\Admin\source\repos\!OpenCode\Apotheosis\WebKit\Source\bmalloc\libpas\src\libpas\pas_basic_heap_config_enumerator_data.c">
      <Filter>Source Files</Filter>
    </ClCompile>
    <ClCompile Include="C:\Users\Admin\source\repos\!OpenCode\Apotheosis\WebKit\Source\bmalloc\libpas\src\libpas\pas_bitfit_allocator.c">
      <Filter>Source Files</Filter>
    </ClCompile>
    <ClCompile Include="C:\Users\Admin\source\repos\!OpenCode\Apotheosis\WebKit\Source\bmalloc\libpas\src\libpas\pas_bitfit_directory.c">
      <Filter>Source Files</Filter>
    </ClCompile>
    <ClCompile Include="C:\Users\Admin\source\repos\!OpenCode\Apotheosis\WebKit\Source\bmalloc\libpas\src\libpas\pas_bitfit_heap.c">
      <Filter>Source Files</Filter>
    </ClCompile>
    <ClCompile Include="C:\Users\Admin\source\repos\!OpenCode\Apotheosis\WebKit\Source\bmalloc\libpas\src\libpas\pas_bitfit_page.c">
      <Filter>Source Files</Filter>
    </ClCompile>
    <ClCompile Include="C:\Users\Admin\source\repos\!OpenCode\Apotheosis\WebKit\Source\bmalloc\libpas\src\libpas\pas_bitfit_size_class.c">
      <Filter>Source Files</Filter>
    </ClCompile>
    <ClCompile Include="C:\Users\Admin\source\repos\!OpenCode\Apotheosis\WebKit\Source\bmalloc\libpas\src\libpas\pas_bitfit_view.c">
      <Filter>Source Files</Filter>
    </ClCompile>
    <ClCompile Include="C:\Users\Admin\source\repos\!OpenCode\Apotheosis\WebKit\Source\bmalloc\libpas\src\libpas\pas_bootstrap_free_heap.c">
      <Filter>Source Files</Filter>
    </ClCompile>
    <ClCompile Include="C:\Users\Admin\source\repos\!OpenCode\Apotheosis\WebKit\Source\bmalloc\libpas\src\libpas\pas_bootstrap_heap_page_provider.c">
      <Filter>Source Files</Filter>
    </ClCompile>
    <ClCompile Include="C:\Users\Admin\source\repos\!OpenCode\Apotheosis\WebKit\Source\bmalloc\libpas\src\libpas\pas_coalign.c">
      <Filter>Source Files</Filter>
    </ClCompile>
    <ClCompile Include="C:\Users\Admin\source\repos\!OpenCode\Apotheosis\WebKit\Source\bmalloc\libpas\src\libpas\pas_commit_span.c">
      <Filter>Source Files</Filter>
    </ClCompile>
    <ClCompile Include="C:\Users\Admin\source\repos\!OpenCode\Apotheosis\WebKit\Source\bmalloc\libpas\src\libpas\pas_committed_pages_vector.c">
      <Filter>Source Files</Filter>
    </ClCompile>
    <ClCompile Include="C:\Users\Admin\source\repos\!OpenCode\Apotheosis\WebKit\Source\bmalloc\libpas\src\libpas\pas_compact_bootstrap_free_heap.c">
      <Filter>Source Files</Filter>
    </ClCompile>
    <ClCompile Include="C:\Users\Admin\source\repos\!OpenCode\Apotheosis\WebKit\Source\bmalloc\libpas\src\libpas\pas_compact_expendable_memory.c">
      <Filter>Source Files</Filter>
    </ClCompile>
    <ClCompile Include="C:\Users\Admin\source\repos\!OpenCode\Apotheosis\WebKit\Source\bmalloc\libpas\src\libpas\pas_compact_heap_reservation.c">
      <Filter>Source Files</Filter>
    </ClCompile>
    <ClCompile Include="C:\Users\Admin\source\repos\!OpenCode\Apotheosis\WebKit\Source\bmalloc\libpas\src\libpas\pas_compact_large_utility_free_heap.c">
      <Filter>Source Files</Filter>
    </ClCompile>
    <ClCompile Include="C:\Users\Admin\source\repos\!OpenCode\Apotheosis\WebKit\Source\bmalloc\libpas\src\libpas\pas_compute_summary_object_callbacks.c">
      <Filter>Source Files</Filter>
    </ClCompile>
    <ClCompile Include="C:\Users\Admin\source\repos\!OpenCode\Apotheosis\WebKit\Source\bmalloc\libpas\src\libpas\pas_create_basic_heap_page_caches_with_reserved_memory.c">
      <Filter>Source Files</Filter>
    </ClCompile>
    <ClCompile Include="C:\Users\Admin\source\repos\!OpenCode\Apotheosis\WebKit\Source\bmalloc\libpas\src\libpas\pas_deallocate.c">
      <Filter>Source Files</Filter>
    </ClCompile>
    <ClCompile Include="C:\Users\Admin\source\repos\!OpenCode\Apotheosis\WebKit\Source\bmalloc\libpas\src\libpas\pas_debug_spectrum.c">
      <Filter>Source Files</Filter>
    </ClCompile>
    <ClCompile Include="C:\Users\Admin\source\repos\!OpenCode\Apotheosis\WebKit\Source\bmalloc\libpas\src\libpas\pas_deferred_decommit_log.c">
      <Filter>Source Files</Filter>
    </ClCompile>
    <ClCompile Include="C:\Users\Admin\source\repos\!OpenCode\Apotheosis\WebKit\Source\bmalloc\libpas\src\libpas\pas_designated_intrinsic_heap.c">
      <Filter>Source Files</Filter>
    </ClCompile>
    <ClCompile Include="C:\Users\Admin\source\repos\!OpenCode\Apotheosis\WebKit\Source\bmalloc\libpas\src\libpas\pas_dyld_state.c">
      <Filter>Source Files</Filter>
    </ClCompile>
    <ClCompile Include="C:\Users\Admin\source\repos\!OpenCode\Apotheosis\WebKit\Source\bmalloc\libpas\src\libpas\pas_dynamic_primitive_heap_map.c">
      <Filter>Source Files</Filter>
    </ClCompile>
    <ClCompile Include="C:\Users\Admin\source\repos\!OpenCode\Apotheosis\WebKit\Source\bmalloc\libpas\src\libpas\pas_ensure_heap_forced_into_reserved_memory.c">
      <Filter>Source Files</Filter>
    </ClCompile>
    <ClCompile Include="C:\Users\Admin\source\repos\!OpenCode\Apotheosis\WebKit\Source\bmalloc\libpas\src\libpas\pas_ensure_heap_with_page_caches.c">
      <Filter>Source Files</Filter>
    </ClCompile>
    <ClCompile Include="C:\Users\Admin\source\repos\!OpenCode\Apotheosis\WebKit\Source\bmalloc\libpas\src\libpas\pas_enumerable_page_malloc.c">
      <Filter>Source Files</Filter>
    </ClCompile>
    <ClCompile Include="C:\Users\Admin\source\repos\!OpenCode\Apotheosis\WebKit\Source\bmalloc\libpas\src\libpas\pas_enumerable_range_list.c">
      <Filter>Source Files</Filter>
    </ClCompile>
    <ClCompile Include="C:\Users\Admin\source\repos\!OpenCode\Apotheosis\WebKit\Source\bmalloc\libpas\src\libpas\pas_enumerate_bitfit_heaps.c">
      <Filter>Source Files</Filter>
    </ClCompile>
    <ClCompile Include="C:\Users\Admin\source\repos\!OpenCode\Apotheosis\WebKit\Source\bmalloc\libpas\src\libpas\pas_enumerate_initially_unaccounted_pages.c">
      <Filter>Source Files</Filter>
    </ClCompile>
    <ClCompile Include="C:\Users\Admin\source\repos\!OpenCode\Apotheosis\WebKit\Source\bmalloc\libpas\src\libpas\pas_enumerate_large_heaps.c">
      <Filter>Source Files</Filter>
    </ClCompile>
    <ClCompile Include="C:\Users\Admin\source\repos\!OpenCode\Apotheosis\WebKit\Source\bmalloc\libpas\src\libpas\pas_enumerate_segregated_heaps.c">
      <Filter>Source Files</Filter>
    </ClCompile>
    <ClCompile Include="C:\Users\Admin\source\repos\!OpenCode\Apotheosis\WebKit\Source\bmalloc\libpas\src\libpas\pas_enumerate_unaccounted_pages_as_meta.c">
      <Filter>Source Files</Filter>
    </ClCompile>
    <ClCompile Include="C:\Users\Admin\source\repos\!OpenCode\Apotheosis\WebKit\Source\bmalloc\libpas\src\libpas\pas_enumerator.c">
      <Filter>Source Files</Filter>
    </ClCompile>
    <ClCompile Include="C:\Users\Admin\source\repos\!OpenCode\Apotheosis\WebKit\Source\bmalloc\libpas\src\libpas\pas_enumerator_region.c">
      <Filter>Source Files</Filter>
    </ClCompile>
    <ClCompile Include="C:\Users\Admin\source\repos\!OpenCode\Apotheosis\WebKit\Source\bmalloc\libpas\src\libpas\pas_epoch.c">
      <Filter>Source Files</Filter>
    </ClCompile>
    <ClCompile Include="C:\Users\Admin\source\repos\!OpenCode\Apotheosis\WebKit\Source\bmalloc\libpas\src\libpas\pas_exclusive_view_template_memo_table.c">
      <Filter>Source Files</Filter>
    </ClCompile>
    <ClCompile Include="C:\Users\Admin\source\repos\!OpenCode\Apotheosis\WebKit\Source\bmalloc\libpas\src\libpas\pas_expendable_memory.c">
      <Filter>Source Files</Filter>
    </ClCompile>
    <ClCompile Include="C:\Users\Admin\source\repos\!OpenCode\Apotheosis\WebKit\Source\bmalloc\libpas\src\libpas\pas_extended_gcd.c">
      <Filter>Source Files</Filter>
    </ClCompile>
    <ClCompile Include="C:\Users\Admin\source\repos\!OpenCode\Apotheosis\WebKit\Source\bmalloc\libpas\src\libpas\pas_fast_large_free_heap.c">
      <Filter>Source Files</Filter>
    </ClCompile>
    <ClCompile Include="C:\Users\Admin\source\repos\!OpenCode\Apotheosis\WebKit\Source\bmalloc\libpas\src\libpas\pas_fast_megapage_cache.c">
      <Filter>Source Files</Filter>
    </ClCompile>
    <ClCompile Include="C:\Users\Admin\source\repos\!OpenCode\Apotheosis\WebKit\Source\bmalloc\libpas\src\libpas\pas_fast_megapage_table.c">
      <Filter>Source Files</Filter>
    </ClCompile>
    <ClCompile Include="C:\Users\Admin\source\repos\!OpenCode\Apotheosis\WebKit\Source\bmalloc\libpas\src\libpas\pas_fd_stream.c">
      <Filter>Source Files</Filter>
    </ClCompile>
    <ClCompile Include="C:\Users\Admin\source\repos\!OpenCode\Apotheosis\WebKit\Source\bmalloc\libpas\src\libpas\pas_free_granules.c">
      <Filter>Source Files</Filter>
    </ClCompile>
    <ClCompile Include="C:\Users\Admin\source\repos\!OpenCode\Apotheosis\WebKit\Source\bmalloc\libpas\src\libpas\pas_heap.c">
      <Filter>Source Files</Filter>
    </ClCompile>
    <ClCompile Include="C:\Users\Admin\source\repos\!OpenCode\Apotheosis\WebKit\Source\bmalloc\libpas\src\libpas\pas_heap_config.c">
      <Filter>Source Files</Filter>
    </ClCompile>
    <ClCompile Include="C:\Users\Admin\source\repos\!OpenCode\Apotheosis\WebKit\Source\bmalloc\libpas\src\libpas\pas_heap_config_utils.c">
      <Filter>Source Files</Filter>
    </ClCompile>
    <ClCompile Include="C:\Users\Admin\source\repos\!OpenCode\Apotheosis\WebKit\Source\bmalloc\libpas\src\libpas\pas_heap_for_config.c">
      <Filter>Source Files</Filter>
    </ClCompile>
    <ClCompile Include="C:\Users\Admin\source\repos\!OpenCode\Apotheosis\WebKit\Source\bmalloc\libpas\src\libpas\pas_heap_lock.c">
      <Filter>Source Files</Filter>
    </ClCompile>
    <ClCompile Include="C:\Users\Admin\source\repos\!OpenCode\Apotheosis\WebKit\Source\bmalloc\libpas\src\libpas\pas_heap_ref.c">
      <Filter>Source Files</Filter>
    </ClCompile>
    <ClCompile Include="C:\Users\Admin\source\repos\!OpenCode\Apotheosis\WebKit\Source\bmalloc\libpas\src\libpas\pas_heap_runtime_config.c">
      <Filter>Source Files</Filter>
    </ClCompile>
    <ClCompile Include="C:\Users\Admin\source\repos\!OpenCode\Apotheosis\WebKit\Source\bmalloc\libpas\src\libpas\pas_heap_summary.c">
      <Filter>Source Files</Filter>
    </ClCompile>
    <ClCompile Include="C:\Users\Admin\source\repos\!OpenCode\Apotheosis\WebKit\Source\bmalloc\libpas\src\libpas\pas_heap_table.c">
      <Filter>Source Files</Filter>
    </ClCompile>
    <ClCompile Include="C:\Users\Admin\source\repos\!OpenCode\Apotheosis\WebKit\Source\bmalloc\libpas\src\libpas\pas_immortal_heap.c">
      <Filter>Source Files</Filter>
    </ClCompile>
    <ClCompile Include="C:\Users\Admin\source\repos\!OpenCode\Apotheosis\WebKit\Source\bmalloc\libpas\src\libpas\pas_large_expendable_memory.c">
      <Filter>Source Files</Filter>
    </ClCompile>
    <ClCompile Include="C:\Users\Admin\source\repos\!OpenCode\Apotheosis\WebKit\Source\bmalloc\libpas\src\libpas\pas_large_free_heap_deferred_commit_log.c">
      <Filter>Source Files</Filter>
    </ClCompile>
    <ClCompile Include="C:\Users\Admin\source\repos\!OpenCode\Apotheosis\WebKit\Source\bmalloc\libpas\src\libpas\pas_large_free_heap_helpers.c">
      <Filter>Source Files</Filter>
    </ClCompile>
    <ClCompile Include="C:\Users\Admin\source\repos\!OpenCode\Apotheosis\WebKit\Source\bmalloc\libpas\src\libpas\pas_large_heap.c">
      <Filter>Source Files</Filter>
    </ClCompile>
    <ClCompile Include="C:\Users\Admin\source\repos\!OpenCode\Apotheosis\WebKit\Source\bmalloc\libpas\src\libpas\pas_large_heap_physical_page_sharing_cache.c">
      <Filter>Source Files</Filter>
    </ClCompile>
    <ClCompile Include="C:\Users\Admin\source\repos\!OpenCode\Apotheosis\WebKit\Source\bmalloc\libpas\src\libpas\pas_large_map.c">
      <Filter>Source Files</Filter>
    </ClCompile>
    <ClCompile Include="C:\Users\Admin\source\repos\!OpenCode\Apotheosis\WebKit\Source\bmalloc\libpas\src\libpas\pas_large_sharing_pool.c">
      <Filter>Source Files</Filter>
    </ClCompile>
    <ClCompile Include="C:\Users\Admin\source\repos\!OpenCode\Apotheosis\WebKit\Source\bmalloc\libpas\src\libpas\pas_large_utility_free_heap.c">
      <Filter>Source Files</Filter>
    </ClCompile>
    <ClCompile Include="C:\Users\Admin\source\repos\!OpenCode\Apotheosis\WebKit\Source\bmalloc\libpas\src\libpas\pas_lenient_compact_unsigned_ptr.c">
      <Filter>Source Files</Filter>
    </ClCompile>
    <ClCompile Include="C:\Users\Admin\source\repos\!OpenCode\Apotheosis\WebKit\Source\bmalloc\libpas\src\libpas\pas_local_allocator.c">
      <Filter>Source Files</Filter>
    </ClCompile>
    <ClCompile Include="C:\Users\Admin\source\repos\!OpenCode\Apotheosis\WebKit\Source\bmalloc\libpas\src\libpas\pas_local_allocator_scavenger_data.c">
      <Filter>Source Files</Filter>
    </ClCompile>
    <ClCompile Include="C:\Users\Admin\source\repos\!OpenCode\Apotheosis\WebKit\Source\bmalloc\libpas\src\libpas\pas_local_view_cache.c">
      <Filter>Source Files</Filter>
    </ClCompile>
    <ClCompile Include="C:\Users\Admin\source\repos\!OpenCode\Apotheosis\WebKit\Source\bmalloc\libpas\src\libpas\pas_lock.c">
      <Filter>Source Files</Filter>
    </ClCompile>
    <ClCompile Include="C:\Users\Admin\source\repos\!OpenCode\Apotheosis\WebKit\Source\bmalloc\libpas\src\libpas\pas_lock_free_read_ptr_ptr_hashtable.c">
      <Filter>Source Files</Filter>
    </ClCompile>
    <ClCompile Include="C:\Users\Admin\source\repos\!OpenCode\Apotheosis\WebKit\Source\bmalloc\libpas\src\libpas\pas_log.c">
      <Filter>Source Files</Filter>
    </ClCompile>
    <ClCompile Include="C:\Users\Admin\source\repos\!OpenCode\Apotheosis\WebKit\Source\bmalloc\libpas\src\libpas\pas_malloc_stack_logging.c">
      <Filter>Source Files</Filter>
    </ClCompile>
    <ClCompile Include="C:\Users\Admin\source\repos\!OpenCode\Apotheosis\WebKit\Source\bmalloc\libpas\src\libpas\pas_mar_registry.c">
      <Filter>Source Files</Filter>
    </ClCompile>
    <ClCompile Include="C:\Users\Admin\source\repos\!OpenCode\Apotheosis\WebKit\Source\bmalloc\libpas\src\libpas\pas_mar_report_crash.c">
      <Filter>Source Files</Filter>
    </ClCompile>
    <ClCompile Include="C:\Users\Admin\source\repos\!OpenCode\Apotheosis\WebKit\Source\bmalloc\libpas\src\libpas\pas_medium_megapage_cache.c">
      <Filter>Source Files</Filter>
    </ClCompile>
    <ClCompile Include="C:\Users\Admin\source\repos\!OpenCode\Apotheosis\WebKit\Source\bmalloc\libpas\src\libpas\pas_megapage_cache.c">
      <Filter>Source Files</Filter>
    </ClCompile>
    <ClCompile Include="C:\Users\Admin\source\repos\!OpenCode\Apotheosis\WebKit\Source\bmalloc\libpas\src\libpas\pas_monotonic_time.c">
      <Filter>Source Files</Filter>
    </ClCompile>
    <ClCompile Include="C:\Users\Admin\source\repos\!OpenCode\Apotheosis\WebKit\Source\bmalloc\libpas\src\libpas\pas_mte.c">
      <Filter>Source Files</Filter>
    </ClCompile>
    <ClCompile Include="C:\Users\Admin\source\repos\!OpenCode\Apotheosis\WebKit\Source\bmalloc\libpas\src\libpas\pas_mte_config.c">
      <Filter>Source Files</Filter>
    </ClCompile>
    <ClCompile Include="C:\Users\Admin\source\repos\!OpenCode\Apotheosis\WebKit\Source\bmalloc\libpas\src\libpas\pas_page_base.c">
      <Filter>Source Files</Filter>
    </ClCompile>
    <ClCompile Include="C:\Users\Admin\source\repos\!OpenCode\Apotheosis\WebKit\Source\bmalloc\libpas\src\libpas\pas_page_base_config.c">
      <Filter>Source Files</Filter>
    </ClCompile>
    <ClCompile Include="C:\Users\Admin\source\repos\!OpenCode\Apotheosis\WebKit\Source\bmalloc\libpas\src\libpas\pas_page_header_table.c">
      <Filter>Source Files</Filter>
    </ClCompile>
    <ClCompile Include="C:\Users\Admin\source\repos\!OpenCode\Apotheosis\WebKit\Source\bmalloc\libpas\src\libpas\pas_page_malloc.c">
      <Filter>Source Files</Filter>
    </ClCompile>
    <ClCompile Include="C:\Users\Admin\source\repos\!OpenCode\Apotheosis\WebKit\Source\bmalloc\libpas\src\libpas\pas_page_sharing_participant.c">
      <Filter>Source Files</Filter>
    </ClCompile>
    <ClCompile Include="C:\Users\Admin\source\repos\!OpenCode\Apotheosis\WebKit\Source\bmalloc\libpas\src\libpas\pas_page_sharing_pool.c">
      <Filter>Source Files</Filter>
    </ClCompile>
    <ClCompile Include="C:\Users\Admin\source\repos\!OpenCode\Apotheosis\WebKit\Source\bmalloc\libpas\src\libpas\pas_payload_reservation_page_list.c">
      <Filter>Source Files</Filter>
    </ClCompile>
    <ClCompile Include="C:\Users\Admin\source\repos\!OpenCode\Apotheosis\WebKit\Source\bmalloc\libpas\src\libpas\pas_physical_memory_transaction.c">
      <Filter>Source Files</Filter>
    </ClCompile>
    <ClCompile Include="C:\Users\Admin\source\repos\!OpenCode\Apotheosis\WebKit\Source\bmalloc\libpas\src\libpas\pas_primitive_heap_ref.c">
      <Filter>Source Files</Filter>
    </ClCompile>
    <ClCompile Include="C:\Users\Admin\source\repos\!OpenCode\Apotheosis\WebKit\Source\bmalloc\libpas\src\libpas\pas_probabilistic_guard_malloc_allocator.c">
      <Filter>Source Files</Filter>
    </ClCompile>
    <ClCompile Include="C:\Users\Admin\source\repos\!OpenCode\Apotheosis\WebKit\Source\bmalloc\libpas\src\libpas\pas_ptr_worklist.c">
      <Filter>Source Files</Filter>
    </ClCompile>
    <ClCompile Include="C:\Users\Admin\source\repos\!OpenCode\Apotheosis\WebKit\Source\bmalloc\libpas\src\libpas\pas_race_test_hooks.c">
      <Filter>Source Files</Filter>
    </ClCompile>
    <ClCompile Include="C:\Users\Admin\source\repos\!OpenCode\Apotheosis\WebKit\Source\bmalloc\libpas\src\libpas\pas_random.c">
      <Filter>Source Files</Filter>
    </ClCompile>
    <ClCompile Include="C:\Users\Admin\source\repos\!OpenCode\Apotheosis\WebKit\Source\bmalloc\libpas\src\libpas\pas_red_black_tree.c">
      <Filter>Source Files</Filter>
    </ClCompile>
    <ClCompile Include="C:\Users\Admin\source\repos\!OpenCode\Apotheosis\WebKit\Source\bmalloc\libpas\src\libpas\pas_redundant_local_allocator_node.c">
      <Filter>Source Files</Filter>
    </ClCompile>
    <ClCompile Include="C:\Users\Admin\source\repos\!OpenCode\Apotheosis\WebKit\Source\bmalloc\libpas\src\libpas\pas_report_crash.c">
      <Filter>Source Files</Filter>
    </ClCompile>
    <ClCompile Include="C:\Users\Admin\source\repos\!OpenCode\Apotheosis\WebKit\Source\bmalloc\libpas\src\libpas\pas_reserved_memory_provider.c">
      <Filter>Source Files</Filter>
    </ClCompile>
    <ClCompile Include="C:\Users\Admin\source\repos\!OpenCode\Apotheosis\WebKit\Source\bmalloc\libpas\src\libpas\pas_root.c">
      <Filter>Source Files</Filter>
    </ClCompile>
    <ClCompile Include="C:\Users\Admin\source\repos\!OpenCode\Apotheosis\WebKit\Source\bmalloc\libpas\src\libpas\pas_scavenger.c">
      <Filter>Source Files</Filter>
    </ClCompile>
    <ClCompile Include="C:\Users\Admin\source\repos\!OpenCode\Apotheosis\WebKit\Source\bmalloc\libpas\src\libpas\pas_segregated_directory.c">
      <Filter>Source Files</Filter>
    </ClCompile>
    <ClCompile Include="C:\Users\Admin\source\repos\!OpenCode\Apotheosis\WebKit\Source\bmalloc\libpas\src\libpas\pas_segregated_exclusive_view.c">
      <Filter>Source Files</Filter>
    </ClCompile>
    <ClCompile Include="C:\Users\Admin\source\repos\!OpenCode\Apotheosis\WebKit\Source\bmalloc\libpas\src\libpas\pas_segregated_heap.c">
      <Filter>Source Files</Filter>
    </ClCompile>
    <ClCompile Include="C:\Users\Admin\source\repos\!OpenCode\Apotheosis\WebKit\Source\bmalloc\libpas\src\libpas\pas_segregated_page.c">
      <Filter>Source Files</Filter>
    </ClCompile>
    <ClCompile Include="C:\Users\Admin\source\repos\!OpenCode\Apotheosis\WebKit\Source\bmalloc\libpas\src\libpas\pas_segregated_page_config.c">
      <Filter>Source Files</Filter>
    </ClCompile>
    <ClCompile Include="C:\Users\Admin\source\repos\!OpenCode\Apotheosis\WebKit\Source\bmalloc\libpas\src\libpas\pas_segregated_page_config_kind_and_role.c">
      <Filter>Source Files</Filter>
    </ClCompile>
    <ClCompile Include="C:\Users\Admin\source\repos\!OpenCode\Apotheosis\WebKit\Source\bmalloc\libpas\src\libpas\pas_segregated_partial_view.c">
      <Filter>Source Files</Filter>
    </ClCompile>
    <ClCompile Include="C:\Users\Admin\source\repos\!OpenCode\Apotheosis\WebKit\Source\bmalloc\libpas\src\libpas\pas_segregated_shared_handle.c">
      <Filter>Source Files</Filter>
    </ClCompile>
    <ClCompile Include="C:\Users\Admin\source\repos\!OpenCode\Apotheosis\WebKit\Source\bmalloc\libpas\src\libpas\pas_segregated_shared_page_directory.c">
      <Filter>Source Files</Filter>
    </ClCompile>
    <ClCompile Include="C:\Users\Admin\source\repos\!OpenCode\Apotheosis\WebKit\Source\bmalloc\libpas\src\libpas\pas_segregated_shared_view.c">
      <Filter>Source Files</Filter>
    </ClCompile>
    <ClCompile Include="C:\Users\Admin\source\repos\!OpenCode\Apotheosis\WebKit\Source\bmalloc\libpas\src\libpas\pas_segregated_size_directory.c">
      <Filter>Source Files</Filter>
    </ClCompile>
    <ClCompile Include="C:\Users\Admin\source\repos\!OpenCode\Apotheosis\WebKit\Source\bmalloc\libpas\src\libpas\pas_segregated_view.c">
      <Filter>Source Files</Filter>
    </ClCompile>
    <ClCompile Include="C:\Users\Admin\source\repos\!OpenCode\Apotheosis\WebKit\Source\bmalloc\libpas\src\libpas\pas_shared_page_directory_by_size.c">
      <Filter>Source Files</Filter>
    </ClCompile>
    <ClCompile Include="C:\Users\Admin\source\repos\!OpenCode\Apotheosis\WebKit\Source\bmalloc\libpas\src\libpas\pas_simple_free_heap_helpers.c">
      <Filter>Source Files</Filter>
    </ClCompile>
    <ClCompile Include="C:\Users\Admin\source\repos\!OpenCode\Apotheosis\WebKit\Source\bmalloc\libpas\src\libpas\pas_simple_large_free_heap.c">
      <Filter>Source Files</Filter>
    </ClCompile>
    <ClCompile Include="C:\Users\Admin\source\repos\!OpenCode\Apotheosis\WebKit\Source\bmalloc\libpas\src\libpas\pas_simple_type.c">
      <Filter>Source Files</Filter>
    </ClCompile>
    <ClCompile Include="C:\Users\Admin\source\repos\!OpenCode\Apotheosis\WebKit\Source\bmalloc\libpas\src\libpas\pas_small_medium_bootstrap_free_heap.c">
      <Filter>Source Files</Filter>
    </ClCompile>
    <ClCompile Include="C:\Users\Admin\source\repos\!OpenCode\Apotheosis\WebKit\Source\bmalloc\libpas\src\libpas\pas_small_medium_bootstrap_heap_page_provider.c">
      <Filter>Source Files</Filter>
    </ClCompile>
    <ClCompile Include="C:\Users\Admin\source\repos\!OpenCode\Apotheosis\WebKit\Source\bmalloc\libpas\src\libpas\pas_stats.c">
      <Filter>Source Files</Filter>
    </ClCompile>
    <ClCompile Include="C:\Users\Admin\source\repos\!OpenCode\Apotheosis\WebKit\Source\bmalloc\libpas\src\libpas\pas_status_reporter.c">
      <Filter>Source Files</Filter>
    </ClCompile>
    <ClCompile Include="C:\Users\Admin\source\repos\!OpenCode\Apotheosis\WebKit\Source\bmalloc\libpas\src\libpas\pas_stream.c">
      <Filter>Source Files</Filter>
    </ClCompile>
    <ClCompile Include="C:\Users\Admin\source\repos\!OpenCode\Apotheosis\WebKit\Source\bmalloc\libpas\src\libpas\pas_string_stream.c">
      <Filter>Source Files</Filter>
    </ClCompile>
    <ClCompile Include="C:\Users\Admin\source\repos\!OpenCode\Apotheosis\WebKit\Source\bmalloc\libpas\src\libpas\pas_thread.c">
      <Filter>Source Files</Filter>
    </ClCompile>
    <ClCompile Include="C:\Users\Admin\source\repos\!OpenCode\Apotheosis\WebKit\Source\bmalloc\libpas\src\libpas\pas_thread_local_cache.c">
      <Filter>Source Files</Filter>
    </ClCompile>
    <ClCompile Include="C:\Users\Admin\source\repos\!OpenCode\Apotheosis\WebKit\Source\bmalloc\libpas\src\libpas\pas_thread_local_cache_layout.c">
      <Filter>Source Files</Filter>
    </ClCompile>
    <ClCompile Include="C:\Users\Admin\source\repos\!OpenCode\Apotheosis\WebKit\Source\bmalloc\libpas\src\libpas\pas_thread_local_cache_layout_node.c">
      <Filter>Source Files</Filter>
    </ClCompile>
    <ClCompile Include="C:\Users\Admin\source\repos\!OpenCode\Apotheosis\WebKit\Source\bmalloc\libpas\src\libpas\pas_thread_local_cache_node.c">
      <Filter>Source Files</Filter>
    </ClCompile>
    <ClCompile Include="C:\Users\Admin\source\repos\!OpenCode\Apotheosis\WebKit\Source\bmalloc\libpas\src\libpas\pas_thread_suspend_lock.c">
      <Filter>Source Files</Filter>
    </ClCompile>
    <ClCompile Include="C:\Users\Admin\source\repos\!OpenCode\Apotheosis\WebKit\Source\bmalloc\libpas\src\libpas\pas_utility_heap.c">
      <Filter>Source Files</Filter>
    </ClCompile>
    <ClCompile Include="C:\Users\Admin\source\repos\!OpenCode\Apotheosis\WebKit\Source\bmalloc\libpas\src\libpas\pas_utility_heap_config.c">
      <Filter>Source Files</Filter>
    </ClCompile>
    <ClCompile Include="C:\Users\Admin\source\repos\!OpenCode\Apotheosis\WebKit\Source\bmalloc\libpas\src\libpas\pas_utils.c">
      <Filter>Source Files</Filter>
    </ClCompile>
    <ClCompile Include="C:\Users\Admin\source\repos\!OpenCode\Apotheosis\WebKit\Source\bmalloc\libpas\src\libpas\pas_versioned_field.c">
      <Filter>Source Files</Filter>
    </ClCompile>
    <ClCompile Include="C:\Users\Admin\source\repos\!OpenCode\Apotheosis\WebKit\Source\bmalloc\libpas\src\libpas\pas_virtual_range.c">
      <Filter>Source Files</Filter>
    </ClCompile>
    <ClCompile Include="C:\Users\Admin\source\repos\!OpenCode\Apotheosis\WebKit\Source\bmalloc\libpas\src\libpas\thingy_heap.c">
      <Filter>Source Files</Filter>
    </ClCompile>
    <ClCompile Include="C:\Users\Admin\source\repos\!OpenCode\Apotheosis\WebKit\Source\bmalloc\libpas\src\libpas\thingy_heap_config.c">
      <Filter>Source Files</Filter>
    </ClCompile>
  </ItemGroup>
  <ItemGroup>
    <CustomBuild Include="C:\Users\Admin\source\repos\!OpenCode\Apotheosis\WebKit\Source\bmalloc\CMakeLists.txt" />
  </ItemGroup>
  <ItemGroup>
    <Filter Include="Source Files">
      <UniqueIdentifier>{98865446-B9C7-371B-AEAA-AFE46AD8BC02}</UniqueIdentifier>
    </Filter>
  </ItemGroup>
</Project>
