<?xml version="1.0" encoding="utf-8"?>
<Project ToolsVersion="17.0" xmlns="http://schemas.microsoft.com/developer/msbuild/2003">
  <ItemGroup>
    <CustomBuild Include="C:\Users\Admin\source\repos\!OpenCode\Apotheosis\build-x64-gpu\CMakeFiles\a205bccea8a22ba83cf1f973f7a7670e\PACKAGE_force.rule">
      <Filter>CMake Rules</Filter>
    </CustomBuild>
  </ItemGroup>
  <ItemGroup>
    <Filter Include="CMake Rules">
      <UniqueIdentifier>{2661AD7A-8425-36E0-9A39-9B7D055CBE23}</UniqueIdentifier>
    </Filter>
  </ItemGroup>
</Project>
